Microsoft Visual Studio Solution File, Format Version 8.00
#
# VC71WorkspaceCreator.pm,v 1.4 2004/03/15 16:04:13 elliott_c Exp
#
# This file was generated by MPC.  Any changes made directly to
# this file will be lost the next time it is generated.
#
# MPC Command:
# bin/mwc.pl -include /tmp/ACE_wrappers_stage-3315/ACE_wrappers/MPC/config -include /tmp/ACE_wrappers_stage-3315/ACE_wrappers/MPC/templates -type vc71 -static -name_modifier *_Static -apply_project -exclude TAO/CIAO,TAO/TAOACE.mwc -recurse -hierarchy -relative ACE_ROOT=/tmp/ACE_wrappers_stage-3315/ACE_wrappers
Project("{8BC9CEB8-8B4A-11D0-8D11-00A0C91BC942}") = "Proactor_Cancel_Static", "Proactor_Cancel_Static.vcproj", "{088C4C44-FECA-1BAD-4285-FEF4A75207AC}"
	ProjectSection(ProjectDependencies) = postProject
	EndProjectSection
EndProject
Project("{8BC9CEB8-8B4A-11D0-8D11-00A0C91BC942}") = "Proactor_End_Event_Loops_Static", "Proactor_End_Event_Loops_Static.vcproj", "{EEF6FEDD-FECA-1BAD-4285-FEF4A75207AC}"
	ProjectSection(ProjectDependencies) = postProject
	EndProjectSection
EndProject
Project("{8BC9CEB8-8B4A-11D0-8D11-00A0C91BC942}") = "Proactor_Multiple_Loops_Static", "Proactor_Multiple_Loops_Static.vcproj", "{A12C02EB-FECA-1BAD-4285-FEF4A75207AC}"
	ProjectSection(ProjectDependencies) = postProject
	EndProjectSection
EndProject
Project("{8BC9CEB8-8B4A-11D0-8D11-00A0C91BC942}") = "Proactor_Post_Completions_Static", "Proactor_Post_Completions_Static.vcproj", "{38EB45D1-FECA-1BAD-4285-FEF4A75207AC}"
	ProjectSection(ProjectDependencies) = postProject
	EndProjectSection
EndProject
Project("{8BC9CEB8-8B4A-11D0-8D11-00A0C91BC942}") = "Proactor_Proactor_Static", "Proactor_Proactor_Static.vcproj", "{B39DB1DF-FECA-1BAD-4285-FEF4A75207AC}"
	ProjectSection(ProjectDependencies) = postProject
	EndProjectSection
EndProject
Project("{8BC9CEB8-8B4A-11D0-8D11-00A0C91BC942}") = "Proactor_Timeout_Static", "Proactor_Timeout_Static.vcproj", "{BA763ECF-FECA-1BAD-4285-FEF4A75207AC}"
	ProjectSection(ProjectDependencies) = postProject
	EndProjectSection
EndProject
Project("{8BC9CEB8-8B4A-11D0-8D11-00A0C91BC942}") = "Proactor_Udp_Proactor_Static", "Proactor_Udp_Proactor_Static.vcproj", "{B0FCE88D-FECA-1BAD-4285-FEF4A75207AC}"
	ProjectSection(ProjectDependencies) = postProject
	EndProjectSection
EndProject
Global
	GlobalSection(SolutionConfiguration) = preSolution
		Debug = Debug
		Release = Release
	EndGlobalSection
	GlobalSection(ProjectConfiguration) = postSolution
		{088C4C44-FECA-1BAD-4285-FEF4A75207AC}.Debug.ActiveCfg = Debug|Win32
		{088C4C44-FECA-1BAD-4285-FEF4A75207AC}.Debug.Build.0 = Debug|Win32
		{088C4C44-FECA-1BAD-4285-FEF4A75207AC}.Release.ActiveCfg = Release|Win32
		{088C4C44-FECA-1BAD-4285-FEF4A75207AC}.Release.Build.0 = Release|Win32
		{EEF6FEDD-FECA-1BAD-4285-FEF4A75207AC}.Debug.ActiveCfg = Debug|Win32
		{EEF6FEDD-FECA-1BAD-4285-FEF4A75207AC}.Debug.Build.0 = Debug|Win32
		{EEF6FEDD-FECA-1BAD-4285-FEF4A75207AC}.Release.ActiveCfg = Release|Win32
		{EEF6FEDD-FECA-1BAD-4285-FEF4A75207AC}.Release.Build.0 = Release|Win32
		{A12C02EB-FECA-1BAD-4285-FEF4A75207AC}.Debug.ActiveCfg = Debug|Win32
		{A12C02EB-FECA-1BAD-4285-FEF4A75207AC}.Debug.Build.0 = Debug|Win32
		{A12C02EB-FECA-1BAD-4285-FEF4A75207AC}.Release.ActiveCfg = Release|Win32
		{A12C02EB-FECA-1BAD-4285-FEF4A75207AC}.Release.Build.0 = Release|Win32
		{38EB45D1-FECA-1BAD-4285-FEF4A75207AC}.Debug.ActiveCfg = Debug|Win32
		{38EB45D1-FECA-1BAD-4285-FEF4A75207AC}.Debug.Build.0 = Debug|Win32
		{38EB45D1-FECA-1BAD-4285-FEF4A75207AC}.Release.ActiveCfg = Release|Win32
		{38EB45D1-FECA-1BAD-4285-FEF4A75207AC}.Release.Build.0 = Release|Win32
		{B39DB1DF-FECA-1BAD-4285-FEF4A75207AC}.Debug.ActiveCfg = Debug|Win32
		{B39DB1DF-FECA-1BAD-4285-FEF4A75207AC}.Debug.Build.0 = Debug|Win32
		{B39DB1DF-FECA-1BAD-4285-FEF4A75207AC}.Release.ActiveCfg = Release|Win32
		{B39DB1DF-FECA-1BAD-4285-FEF4A75207AC}.Release.Build.0 = Release|Win32
		{BA763ECF-FECA-1BAD-4285-FEF4A75207AC}.Debug.ActiveCfg = Debug|Win32
		{BA763ECF-FECA-1BAD-4285-FEF4A75207AC}.Debug.Build.0 = Debug|Win32
		{BA763ECF-FECA-1BAD-4285-FEF4A75207AC}.Release.ActiveCfg = Release|Win32
		{BA763ECF-FECA-1BAD-4285-FEF4A75207AC}.Release.Build.0 = Release|Win32
		{B0FCE88D-FECA-1BAD-4285-FEF4A75207AC}.Debug.ActiveCfg = Debug|Win32
		{B0FCE88D-FECA-1BAD-4285-FEF4A75207AC}.Debug.Build.0 = Debug|Win32
		{B0FCE88D-FECA-1BAD-4285-FEF4A75207AC}.Release.ActiveCfg = Release|Win32
		{B0FCE88D-FECA-1BAD-4285-FEF4A75207AC}.Release.Build.0 = Release|Win32
	EndGlobalSection
	GlobalSection(ExtensibilityGlobals) = postSolution
	EndGlobalSection
	GlobalSection(ExtensibilityAddIns) = postSolution
	EndGlobalSection
EndGlobal
