Microsoft Visual Studio Solution File, Format Version 8.00
#
# VC71WorkspaceCreator.pm,v 1.4 2004/03/15 16:04:13 elliott_c Exp
#
# This file was generated by MPC.  Any changes made directly to
# this file will be lost the next time it is generated.
#
# MPC Command:
# bin/mwc.pl -include /tmp/ACE_wrappers_stage-3315/ACE_wrappers/MPC/config -include /tmp/ACE_wrappers_stage-3315/ACE_wrappers/MPC/templates -type vc71 -static -name_modifier *_Static -apply_project -exclude TAO/CIAO,TAO/TAOACE.mwc -recurse -hierarchy -relative ACE_ROOT=/tmp/ACE_wrappers_stage-3315/ACE_wrappers
Project("{8BC9CEB8-8B4A-11D0-8D11-00A0C91BC942}") = "Sock_Sap_CPP_Inclient_Static", "Sock_Sap_CPP_Inclient_Static.vcproj", "{390E06B6-FECA-1BAD-8565-D33D2FA5BE4F}"
	ProjectSection(ProjectDependencies) = postProject
	EndProjectSection
EndProject
Project("{8BC9CEB8-8B4A-11D0-8D11-00A0C91BC942}") = "Sock_Sap_CPP_Inserver_Static", "Sock_Sap_CPP_Inserver_Static.vcproj", "{8F0F0E15-FECA-1BAD-8565-D33D2FA5BE4F}"
	ProjectSection(ProjectDependencies) = postProject
	EndProjectSection
EndProject
Project("{8BC9CEB8-8B4A-11D0-8D11-00A0C91BC942}") = "Sock_Sap_CPP_Memclient_Static", "Sock_Sap_CPP_Memclient_Static.vcproj", "{96FBE74D-FECA-1BAD-8565-D33D2FA5BE4F}"
	ProjectSection(ProjectDependencies) = postProject
	EndProjectSection
EndProject
Project("{8BC9CEB8-8B4A-11D0-8D11-00A0C91BC942}") = "Sock_Sap_CPP_Memserver_Static", "Sock_Sap_CPP_Memserver_Static.vcproj", "{20FAEFEE-FECA-1BAD-8565-D33D2FA5BE4F}"
	ProjectSection(ProjectDependencies) = postProject
	EndProjectSection
EndProject
Project("{8BC9CEB8-8B4A-11D0-8D11-00A0C91BC942}") = "Sock_Sap_CPP_Unserver_Static", "Sock_Sap_CPP_Unserver_Static.vcproj", "{8ECF0E15-FECA-1BAD-8565-D33D2FA5BE4F}"
	ProjectSection(ProjectDependencies) = postProject
	EndProjectSection
EndProject
Project("{8BC9CEB8-8B4A-11D0-8D11-00A0C91BC942}") = "Sock_Sap_C_Inclient_Static", "Sock_Sap_C_Inclient_Static.vcproj", "{76B25E48-FECA-1BAD-8565-D33D2FA5BE4F}"
	ProjectSection(ProjectDependencies) = postProject
	EndProjectSection
EndProject
Project("{8BC9CEB8-8B4A-11D0-8D11-00A0C91BC942}") = "Sock_Sap_C_Inserver_Static", "Sock_Sap_C_Inserver_Static.vcproj", "{C0B356EB-FECA-1BAD-8565-D33D2FA5BE4F}"
	ProjectSection(ProjectDependencies) = postProject
	EndProjectSection
EndProject
Project("{8BC9CEB8-8B4A-11D0-8D11-00A0C91BC942}") = "Sock_Sap_FD_Unclient_Static", "Sock_Sap_FD_Unclient_Static.vcproj", "{CC3D68AD-FECA-1BAD-8565-D33D2FA5BE4F}"
	ProjectSection(ProjectDependencies) = postProject
	EndProjectSection
EndProject
Global
	GlobalSection(SolutionConfiguration) = preSolution
		Debug = Debug
		Release = Release
	EndGlobalSection
	GlobalSection(ProjectConfiguration) = postSolution
		{390E06B6-FECA-1BAD-8565-D33D2FA5BE4F}.Debug.ActiveCfg = Debug|Win32
		{390E06B6-FECA-1BAD-8565-D33D2FA5BE4F}.Debug.Build.0 = Debug|Win32
		{390E06B6-FECA-1BAD-8565-D33D2FA5BE4F}.Release.ActiveCfg = Release|Win32
		{390E06B6-FECA-1BAD-8565-D33D2FA5BE4F}.Release.Build.0 = Release|Win32
		{8F0F0E15-FECA-1BAD-8565-D33D2FA5BE4F}.Debug.ActiveCfg = Debug|Win32
		{8F0F0E15-FECA-1BAD-8565-D33D2FA5BE4F}.Debug.Build.0 = Debug|Win32
		{8F0F0E15-FECA-1BAD-8565-D33D2FA5BE4F}.Release.ActiveCfg = Release|Win32
		{8F0F0E15-FECA-1BAD-8565-D33D2FA5BE4F}.Release.Build.0 = Release|Win32
		{96FBE74D-FECA-1BAD-8565-D33D2FA5BE4F}.Debug.ActiveCfg = Debug|Win32
		{96FBE74D-FECA-1BAD-8565-D33D2FA5BE4F}.Debug.Build.0 = Debug|Win32
		{96FBE74D-FECA-1BAD-8565-D33D2FA5BE4F}.Release.ActiveCfg = Release|Win32
		{96FBE74D-FECA-1BAD-8565-D33D2FA5BE4F}.Release.Build.0 = Release|Win32
		{20FAEFEE-FECA-1BAD-8565-D33D2FA5BE4F}.Debug.ActiveCfg = Debug|Win32
		{20FAEFEE-FECA-1BAD-8565-D33D2FA5BE4F}.Debug.Build.0 = Debug|Win32
		{20FAEFEE-FECA-1BAD-8565-D33D2FA5BE4F}.Release.ActiveCfg = Release|Win32
		{20FAEFEE-FECA-1BAD-8565-D33D2FA5BE4F}.Release.Build.0 = Release|Win32
		{8ECF0E15-FECA-1BAD-8565-D33D2FA5BE4F}.Debug.ActiveCfg = Debug|Win32
		{8ECF0E15-FECA-1BAD-8565-D33D2FA5BE4F}.Debug.Build.0 = Debug|Win32
		{8ECF0E15-FECA-1BAD-8565-D33D2FA5BE4F}.Release.ActiveCfg = Release|Win32
		{8ECF0E15-FECA-1BAD-8565-D33D2FA5BE4F}.Release.Build.0 = Release|Win32
		{76B25E48-FECA-1BAD-8565-D33D2FA5BE4F}.Debug.ActiveCfg = Debug|Win32
		{76B25E48-FECA-1BAD-8565-D33D2FA5BE4F}.Debug.Build.0 = Debug|Win32
		{76B25E48-FECA-1BAD-8565-D33D2FA5BE4F}.Release.ActiveCfg = Release|Win32
		{76B25E48-FECA-1BAD-8565-D33D2FA5BE4F}.Release.Build.0 = Release|Win32
		{C0B356EB-FECA-1BAD-8565-D33D2FA5BE4F}.Debug.ActiveCfg = Debug|Win32
		{C0B356EB-FECA-1BAD-8565-D33D2FA5BE4F}.Debug.Build.0 = Debug|Win32
		{C0B356EB-FECA-1BAD-8565-D33D2FA5BE4F}.Release.ActiveCfg = Release|Win32
		{C0B356EB-FECA-1BAD-8565-D33D2FA5BE4F}.Release.Build.0 = Release|Win32
		{CC3D68AD-FECA-1BAD-8565-D33D2FA5BE4F}.Debug.ActiveCfg = Debug|Win32
		{CC3D68AD-FECA-1BAD-8565-D33D2FA5BE4F}.Debug.Build.0 = Debug|Win32
		{CC3D68AD-FECA-1BAD-8565-D33D2FA5BE4F}.Release.ActiveCfg = Release|Win32
		{CC3D68AD-FECA-1BAD-8565-D33D2FA5BE4F}.Release.Build.0 = Release|Win32
	EndGlobalSection
	GlobalSection(ExtensibilityGlobals) = postSolution
	EndGlobalSection
	GlobalSection(ExtensibilityAddIns) = postSolution
	EndGlobalSection
EndGlobal
