Microsoft Visual Studio Solution File, Format Version 8.00
#
# VC71WorkspaceCreator.pm,v 1.4 2004/03/15 16:04:13 elliott_c Exp
#
# This file was generated by MPC.  Any changes made directly to
# this file will be lost the next time it is generated.
#
# MPC Command:
# bin/mwc.pl -include /tmp/ACE_wrappers_stage-3315/ACE_wrappers/MPC/config -include /tmp/ACE_wrappers_stage-3315/ACE_wrappers/MPC/templates -type vc71 -static -name_modifier *_Static -apply_project -exclude TAO/CIAO,TAO/TAOACE.mwc -recurse -hierarchy -relative ACE_ROOT=/tmp/ACE_wrappers_stage-3315/ACE_wrappers
Project("{8BC9CEB8-8B4A-11D0-8D11-00A0C91BC942}") = "Threads_Auto_Event_Static", "Threads_Auto_Event_Static.vcproj", "{C5C993D8-FECA-1BAD-3731-D8974BFF21E1}"
	ProjectSection(ProjectDependencies) = postProject
	EndProjectSection
EndProject
Project("{8BC9CEB8-8B4A-11D0-8D11-00A0C91BC942}") = "Threads_Barrier1_Static", "Threads_Barrier1_Static.vcproj", "{63C94534-FECA-1BAD-3731-D8974BFF21E1}"
	ProjectSection(ProjectDependencies) = postProject
	EndProjectSection
EndProject
Project("{8BC9CEB8-8B4A-11D0-8D11-00A0C91BC942}") = "Threads_Barrier2_Static", "Threads_Barrier2_Static.vcproj", "{60C94534-FECA-1BAD-3731-D8974BFF21E1}"
	ProjectSection(ProjectDependencies) = postProject
	EndProjectSection
EndProject
Project("{8BC9CEB8-8B4A-11D0-8D11-00A0C91BC942}") = "Threads_Cancel_Static", "Threads_Cancel_Static.vcproj", "{53CE2A73-FECA-1BAD-3731-D8974BFF21E1}"
	ProjectSection(ProjectDependencies) = postProject
	EndProjectSection
EndProject
Project("{8BC9CEB8-8B4A-11D0-8D11-00A0C91BC942}") = "Threads_Future1_Static", "Threads_Future1_Static.vcproj", "{4B4385A6-FECA-1BAD-3731-D8974BFF21E1}"
	ProjectSection(ProjectDependencies) = postProject
	EndProjectSection
EndProject
Project("{8BC9CEB8-8B4A-11D0-8D11-00A0C91BC942}") = "Threads_Future2_Static", "Threads_Future2_Static.vcproj", "{484385A6-FECA-1BAD-3731-D8974BFF21E1}"
	ProjectSection(ProjectDependencies) = postProject
	EndProjectSection
EndProject
Project("{8BC9CEB8-8B4A-11D0-8D11-00A0C91BC942}") = "Threads_Manual_Event_Static", "Threads_Manual_Event_Static.vcproj", "{58AA8E2E-FECA-1BAD-3731-D8974BFF21E1}"
	ProjectSection(ProjectDependencies) = postProject
	EndProjectSection
EndProject
Project("{8BC9CEB8-8B4A-11D0-8D11-00A0C91BC942}") = "Threads_Process_Mutex_Static", "Threads_Process_Mutex_Static.vcproj", "{51D01D2A-FECA-1BAD-3731-D8974BFF21E1}"
	ProjectSection(ProjectDependencies) = postProject
	EndProjectSection
EndProject
Project("{8BC9CEB8-8B4A-11D0-8D11-00A0C91BC942}") = "Threads_Process_Semaphore_Static", "Threads_Process_Semaphore_Static.vcproj", "{0926512D-FECA-1BAD-3731-D8974BFF21E1}"
	ProjectSection(ProjectDependencies) = postProject
	EndProjectSection
EndProject
Project("{8BC9CEB8-8B4A-11D0-8D11-00A0C91BC942}") = "Threads_Reader_Writer_Static", "Threads_Reader_Writer_Static.vcproj", "{2BECA094-FECA-1BAD-3731-D8974BFF21E1}"
	ProjectSection(ProjectDependencies) = postProject
	EndProjectSection
EndProject
Project("{8BC9CEB8-8B4A-11D0-8D11-00A0C91BC942}") = "Threads_Recursive_Mutex_Static", "Threads_Recursive_Mutex_Static.vcproj", "{5C562885-FECA-1BAD-3731-D8974BFF21E1}"
	ProjectSection(ProjectDependencies) = postProject
	EndProjectSection
EndProject
Project("{8BC9CEB8-8B4A-11D0-8D11-00A0C91BC942}") = "Threads_Task_Five_Static", "Threads_Task_Five_Static.vcproj", "{E9318E8D-FECA-1BAD-3731-D8974BFF21E1}"
	ProjectSection(ProjectDependencies) = postProject
	EndProjectSection
EndProject
Project("{8BC9CEB8-8B4A-11D0-8D11-00A0C91BC942}") = "Threads_Task_Four_Static", "Threads_Task_Four_Static.vcproj", "{CE318E8B-FECA-1BAD-3731-D8974BFF21E1}"
	ProjectSection(ProjectDependencies) = postProject
	EndProjectSection
EndProject
Project("{8BC9CEB8-8B4A-11D0-8D11-00A0C91BC942}") = "Threads_Task_One_Static", "Threads_Task_One_Static.vcproj", "{F6A94F7F-FECA-1BAD-3731-D8974BFF21E1}"
	ProjectSection(ProjectDependencies) = postProject
	EndProjectSection
EndProject
Project("{8BC9CEB8-8B4A-11D0-8D11-00A0C91BC942}") = "Threads_Task_Three_Static", "Threads_Task_Three_Static.vcproj", "{20BD832E-FECA-1BAD-3731-D8974BFF21E1}"
	ProjectSection(ProjectDependencies) = postProject
	EndProjectSection
EndProject
Project("{8BC9CEB8-8B4A-11D0-8D11-00A0C91BC942}") = "Threads_Task_Two_Static", "Threads_Task_Two_Static.vcproj", "{6CA94F65-FECA-1BAD-3731-D8974BFF21E1}"
	ProjectSection(ProjectDependencies) = postProject
	EndProjectSection
EndProject
Project("{8BC9CEB8-8B4A-11D0-8D11-00A0C91BC942}") = "Threads_Thread_Manager_Static", "Threads_Thread_Manager_Static.vcproj", "{3C742AC4-FECA-1BAD-3731-D8974BFF21E1}"
	ProjectSection(ProjectDependencies) = postProject
	EndProjectSection
EndProject
Project("{8BC9CEB8-8B4A-11D0-8D11-00A0C91BC942}") = "Threads_Thread_Pool_Static", "Threads_Thread_Pool_Static.vcproj", "{80A07E2C-FECA-1BAD-3731-D8974BFF21E1}"
	ProjectSection(ProjectDependencies) = postProject
	EndProjectSection
EndProject
Project("{8BC9CEB8-8B4A-11D0-8D11-00A0C91BC942}") = "Threads_Thread_Specific_Static", "Threads_Thread_Specific_Static.vcproj", "{C3166745-FECA-1BAD-3731-D8974BFF21E1}"
	ProjectSection(ProjectDependencies) = postProject
	EndProjectSection
EndProject
Project("{8BC9CEB8-8B4A-11D0-8D11-00A0C91BC942}") = "Threads_Token_Static", "Threads_Token_Static.vcproj", "{1596A2DC-FECA-1BAD-3731-D8974BFF21E1}"
	ProjectSection(ProjectDependencies) = postProject
	EndProjectSection
EndProject
Project("{8BC9CEB8-8B4A-11D0-8D11-00A0C91BC942}") = "Threads_Tss1_Static", "Threads_Tss1_Static.vcproj", "{5ED33DAE-FECA-1BAD-3731-D8974BFF21E1}"
	ProjectSection(ProjectDependencies) = postProject
	EndProjectSection
EndProject
Project("{8BC9CEB8-8B4A-11D0-8D11-00A0C91BC942}") = "Threads_Tss2_Static", "Threads_Tss2_Static.vcproj", "{5DD33DAE-FECA-1BAD-3731-D8974BFF21E1}"
	ProjectSection(ProjectDependencies) = postProject
	EndProjectSection
EndProject
Global
	GlobalSection(SolutionConfiguration) = preSolution
		Debug = Debug
		Release = Release
	EndGlobalSection
	GlobalSection(ProjectConfiguration) = postSolution
		{C5C993D8-FECA-1BAD-3731-D8974BFF21E1}.Debug.ActiveCfg = Debug|Win32
		{C5C993D8-FECA-1BAD-3731-D8974BFF21E1}.Debug.Build.0 = Debug|Win32
		{C5C993D8-FECA-1BAD-3731-D8974BFF21E1}.Release.ActiveCfg = Release|Win32
		{C5C993D8-FECA-1BAD-3731-D8974BFF21E1}.Release.Build.0 = Release|Win32
		{63C94534-FECA-1BAD-3731-D8974BFF21E1}.Debug.ActiveCfg = Debug|Win32
		{63C94534-FECA-1BAD-3731-D8974BFF21E1}.Debug.Build.0 = Debug|Win32
		{63C94534-FECA-1BAD-3731-D8974BFF21E1}.Release.ActiveCfg = Release|Win32
		{63C94534-FECA-1BAD-3731-D8974BFF21E1}.Release.Build.0 = Release|Win32
		{60C94534-FECA-1BAD-3731-D8974BFF21E1}.Debug.ActiveCfg = Debug|Win32
		{60C94534-FECA-1BAD-3731-D8974BFF21E1}.Debug.Build.0 = Debug|Win32
		{60C94534-FECA-1BAD-3731-D8974BFF21E1}.Release.ActiveCfg = Release|Win32
		{60C94534-FECA-1BAD-3731-D8974BFF21E1}.Release.Build.0 = Release|Win32
		{53CE2A73-FECA-1BAD-3731-D8974BFF21E1}.Debug.ActiveCfg = Debug|Win32
		{53CE2A73-FECA-1BAD-3731-D8974BFF21E1}.Debug.Build.0 = Debug|Win32
		{53CE2A73-FECA-1BAD-3731-D8974BFF21E1}.Release.ActiveCfg = Release|Win32
		{53CE2A73-FECA-1BAD-3731-D8974BFF21E1}.Release.Build.0 = Release|Win32
		{4B4385A6-FECA-1BAD-3731-D8974BFF21E1}.Debug.ActiveCfg = Debug|Win32
		{4B4385A6-FECA-1BAD-3731-D8974BFF21E1}.Debug.Build.0 = Debug|Win32
		{4B4385A6-FECA-1BAD-3731-D8974BFF21E1}.Release.ActiveCfg = Release|Win32
		{4B4385A6-FECA-1BAD-3731-D8974BFF21E1}.Release.Build.0 = Release|Win32
		{484385A6-FECA-1BAD-3731-D8974BFF21E1}.Debug.ActiveCfg = Debug|Win32
		{484385A6-FECA-1BAD-3731-D8974BFF21E1}.Debug.Build.0 = Debug|Win32
		{484385A6-FECA-1BAD-3731-D8974BFF21E1}.Release.ActiveCfg = Release|Win32
		{484385A6-FECA-1BAD-3731-D8974BFF21E1}.Release.Build.0 = Release|Win32
		{58AA8E2E-FECA-1BAD-3731-D8974BFF21E1}.Debug.ActiveCfg = Debug|Win32
		{58AA8E2E-FECA-1BAD-3731-D8974BFF21E1}.Debug.Build.0 = Debug|Win32
		{58AA8E2E-FECA-1BAD-3731-D8974BFF21E1}.Release.ActiveCfg = Release|Win32
		{58AA8E2E-FECA-1BAD-3731-D8974BFF21E1}.Release.Build.0 = Release|Win32
		{51D01D2A-FECA-1BAD-3731-D8974BFF21E1}.Debug.ActiveCfg = Debug|Win32
		{51D01D2A-FECA-1BAD-3731-D8974BFF21E1}.Debug.Build.0 = Debug|Win32
		{51D01D2A-FECA-1BAD-3731-D8974BFF21E1}.Release.ActiveCfg = Release|Win32
		{51D01D2A-FECA-1BAD-3731-D8974BFF21E1}.Release.Build.0 = Release|Win32
		{0926512D-FECA-1BAD-3731-D8974BFF21E1}.Debug.ActiveCfg = Debug|Win32
		{0926512D-FECA-1BAD-3731-D8974BFF21E1}.Debug.Build.0 = Debug|Win32
		{0926512D-FECA-1BAD-3731-D8974BFF21E1}.Release.ActiveCfg = Release|Win32
		{0926512D-FECA-1BAD-3731-D8974BFF21E1}.Release.Build.0 = Release|Win32
		{2BECA094-FECA-1BAD-3731-D8974BFF21E1}.Debug.ActiveCfg = Debug|Win32
		{2BECA094-FECA-1BAD-3731-D8974BFF21E1}.Debug.Build.0 = Debug|Win32
		{2BECA094-FECA-1BAD-3731-D8974BFF21E1}.Release.ActiveCfg = Release|Win32
		{2BECA094-FECA-1BAD-3731-D8974BFF21E1}.Release.Build.0 = Release|Win32
		{5C562885-FECA-1BAD-3731-D8974BFF21E1}.Debug.ActiveCfg = Debug|Win32
		{5C562885-FECA-1BAD-3731-D8974BFF21E1}.Debug.Build.0 = Debug|Win32
		{5C562885-FECA-1BAD-3731-D8974BFF21E1}.Release.ActiveCfg = Release|Win32
		{5C562885-FECA-1BAD-3731-D8974BFF21E1}.Release.Build.0 = Release|Win32
		{E9318E8D-FECA-1BAD-3731-D8974BFF21E1}.Debug.ActiveCfg = Debug|Win32
		{E9318E8D-FECA-1BAD-3731-D8974BFF21E1}.Debug.Build.0 = Debug|Win32
		{E9318E8D-FECA-1BAD-3731-D8974BFF21E1}.Release.ActiveCfg = Release|Win32
		{E9318E8D-FECA-1BAD-3731-D8974BFF21E1}.Release.Build.0 = Release|Win32
		{CE318E8B-FECA-1BAD-3731-D8974BFF21E1}.Debug.ActiveCfg = Debug|Win32
		{CE318E8B-FECA-1BAD-3731-D8974BFF21E1}.Debug.Build.0 = Debug|Win32
		{CE318E8B-FECA-1BAD-3731-D8974BFF21E1}.Release.ActiveCfg = Release|Win32
		{CE318E8B-FECA-1BAD-3731-D8974BFF21E1}.Release.Build.0 = Release|Win32
		{F6A94F7F-FECA-1BAD-3731-D8974BFF21E1}.Debug.ActiveCfg = Debug|Win32
		{F6A94F7F-FECA-1BAD-3731-D8974BFF21E1}.Debug.Build.0 = Debug|Win32
		{F6A94F7F-FECA-1BAD-3731-D8974BFF21E1}.Release.ActiveCfg = Release|Win32
		{F6A94F7F-FECA-1BAD-3731-D8974BFF21E1}.Release.Build.0 = Release|Win32
		{20BD832E-FECA-1BAD-3731-D8974BFF21E1}.Debug.ActiveCfg = Debug|Win32
		{20BD832E-FECA-1BAD-3731-D8974BFF21E1}.Debug.Build.0 = Debug|Win32
		{20BD832E-FECA-1BAD-3731-D8974BFF21E1}.Release.ActiveCfg = Release|Win32
		{20BD832E-FECA-1BAD-3731-D8974BFF21E1}.Release.Build.0 = Release|Win32
		{6CA94F65-FECA-1BAD-3731-D8974BFF21E1}.Debug.ActiveCfg = Debug|Win32
		{6CA94F65-FECA-1BAD-3731-D8974BFF21E1}.Debug.Build.0 = Debug|Win32
		{6CA94F65-FECA-1BAD-3731-D8974BFF21E1}.Release.ActiveCfg = Release|Win32
		{6CA94F65-FECA-1BAD-3731-D8974BFF21E1}.Release.Build.0 = Release|Win32
		{3C742AC4-FECA-1BAD-3731-D8974BFF21E1}.Debug.ActiveCfg = Debug|Win32
		{3C742AC4-FECA-1BAD-3731-D8974BFF21E1}.Debug.Build.0 = Debug|Win32
		{3C742AC4-FECA-1BAD-3731-D8974BFF21E1}.Release.ActiveCfg = Release|Win32
		{3C742AC4-FECA-1BAD-3731-D8974BFF21E1}.Release.Build.0 = Release|Win32
		{80A07E2C-FECA-1BAD-3731-D8974BFF21E1}.Debug.ActiveCfg = Debug|Win32
		{80A07E2C-FECA-1BAD-3731-D8974BFF21E1}.Debug.Build.0 = Debug|Win32
		{80A07E2C-FECA-1BAD-3731-D8974BFF21E1}.Release.ActiveCfg = Release|Win32
		{80A07E2C-FECA-1BAD-3731-D8974BFF21E1}.Release.Build.0 = Release|Win32
		{C3166745-FECA-1BAD-3731-D8974BFF21E1}.Debug.ActiveCfg = Debug|Win32
		{C3166745-FECA-1BAD-3731-D8974BFF21E1}.Debug.Build.0 = Debug|Win32
		{C3166745-FECA-1BAD-3731-D8974BFF21E1}.Release.ActiveCfg = Release|Win32
		{C3166745-FECA-1BAD-3731-D8974BFF21E1}.Release.Build.0 = Release|Win32
		{1596A2DC-FECA-1BAD-3731-D8974BFF21E1}.Debug.ActiveCfg = Debug|Win32
		{1596A2DC-FECA-1BAD-3731-D8974BFF21E1}.Debug.Build.0 = Debug|Win32
		{1596A2DC-FECA-1BAD-3731-D8974BFF21E1}.Release.ActiveCfg = Release|Win32
		{1596A2DC-FECA-1BAD-3731-D8974BFF21E1}.Release.Build.0 = Release|Win32
		{5ED33DAE-FECA-1BAD-3731-D8974BFF21E1}.Debug.ActiveCfg = Debug|Win32
		{5ED33DAE-FECA-1BAD-3731-D8974BFF21E1}.Debug.Build.0 = Debug|Win32
		{5ED33DAE-FECA-1BAD-3731-D8974BFF21E1}.Release.ActiveCfg = Release|Win32
		{5ED33DAE-FECA-1BAD-3731-D8974BFF21E1}.Release.Build.0 = Release|Win32
		{5DD33DAE-FECA-1BAD-3731-D8974BFF21E1}.Debug.ActiveCfg = Debug|Win32
		{5DD33DAE-FECA-1BAD-3731-D8974BFF21E1}.Debug.Build.0 = Debug|Win32
		{5DD33DAE-FECA-1BAD-3731-D8974BFF21E1}.Release.ActiveCfg = Release|Win32
		{5DD33DAE-FECA-1BAD-3731-D8974BFF21E1}.Release.Build.0 = Release|Win32
	EndGlobalSection
	GlobalSection(ExtensibilityGlobals) = postSolution
	EndGlobalSection
	GlobalSection(ExtensibilityAddIns) = postSolution
	EndGlobalSection
EndGlobal
