Microsoft Visual Studio Solution File, Format Version 8.00
#
# VC71WorkspaceCreator.pm,v 1.4 2004/03/15 16:04:13 elliott_c Exp
#
# This file was generated by MPC.  Any changes made directly to
# this file will be lost the next time it is generated.
#
# MPC Command:
# bin/mwc.pl -include /tmp/ACE_wrappers_stage-3315/ACE_wrappers/MPC/config -include /tmp/ACE_wrappers_stage-3315/ACE_wrappers/MPC/templates -type vc71 -recurse -hierarchy -relative ACE_ROOT=/tmp/ACE_wrappers_stage-3315/ACE_wrappers -exclude TAO/TAOACE.mwc,TAO/CIAO/CIAOTAO.mwc
Project("{8BC9CEB8-8B4A-11D0-8D11-00A0C91BC942}") = "Threads_Auto_Event", "Threads_Auto_Event.vcproj", "{BF986247-FECA-1BAD-3731-D8974BFF21E1}"
	ProjectSection(ProjectDependencies) = postProject
	EndProjectSection
EndProject
Project("{8BC9CEB8-8B4A-11D0-8D11-00A0C91BC942}") = "Threads_Barrier1", "Threads_Barrier1.vcproj", "{DF950C8D-FECA-1BAD-3731-D8974BFF21E1}"
	ProjectSection(ProjectDependencies) = postProject
	EndProjectSection
EndProject
Project("{8BC9CEB8-8B4A-11D0-8D11-00A0C91BC942}") = "Threads_Barrier2", "Threads_Barrier2.vcproj", "{EF950C8D-FECA-1BAD-3731-D8974BFF21E1}"
	ProjectSection(ProjectDependencies) = postProject
	EndProjectSection
EndProject
Project("{8BC9CEB8-8B4A-11D0-8D11-00A0C91BC942}") = "Threads_Cancel", "Threads_Cancel.vcproj", "{DFE3F8FE-FECA-1BAD-3731-D8974BFF21E1}"
	ProjectSection(ProjectDependencies) = postProject
	EndProjectSection
EndProject
Project("{8BC9CEB8-8B4A-11D0-8D11-00A0C91BC942}") = "Threads_Future1", "Threads_Future1.vcproj", "{573905AF-FECA-1BAD-3731-D8974BFF21E1}"
	ProjectSection(ProjectDependencies) = postProject
	EndProjectSection
EndProject
Project("{8BC9CEB8-8B4A-11D0-8D11-00A0C91BC942}") = "Threads_Future2", "Threads_Future2.vcproj", "{673905AF-FECA-1BAD-3731-D8974BFF21E1}"
	ProjectSection(ProjectDependencies) = postProject
	EndProjectSection
EndProject
Project("{8BC9CEB8-8B4A-11D0-8D11-00A0C91BC942}") = "Threads_Manual_Event", "Threads_Manual_Event.vcproj", "{69A9BD2E-FECA-1BAD-3731-D8974BFF21E1}"
	ProjectSection(ProjectDependencies) = postProject
	EndProjectSection
EndProject
Project("{8BC9CEB8-8B4A-11D0-8D11-00A0C91BC942}") = "Threads_Process_Mutex", "Threads_Process_Mutex.vcproj", "{FE008D6E-FECA-1BAD-3731-D8974BFF21E1}"
	ProjectSection(ProjectDependencies) = postProject
	EndProjectSection
EndProject
Project("{8BC9CEB8-8B4A-11D0-8D11-00A0C91BC942}") = "Threads_Process_Semaphore", "Threads_Process_Semaphore.vcproj", "{71644D1B-FECA-1BAD-3731-D8974BFF21E1}"
	ProjectSection(ProjectDependencies) = postProject
	EndProjectSection
EndProject
Project("{8BC9CEB8-8B4A-11D0-8D11-00A0C91BC942}") = "Threads_Reader_Writer", "Threads_Reader_Writer.vcproj", "{5DCB5689-FECA-1BAD-3731-D8974BFF21E1}"
	ProjectSection(ProjectDependencies) = postProject
	EndProjectSection
EndProject
Project("{8BC9CEB8-8B4A-11D0-8D11-00A0C91BC942}") = "Threads_Recursive_Mutex", "Threads_Recursive_Mutex.vcproj", "{2663D79E-FECA-1BAD-3731-D8974BFF21E1}"
	ProjectSection(ProjectDependencies) = postProject
	EndProjectSection
EndProject
Project("{8BC9CEB8-8B4A-11D0-8D11-00A0C91BC942}") = "Threads_Task_Five", "Threads_Task_Five.vcproj", "{7019B715-FECA-1BAD-3731-D8974BFF21E1}"
	ProjectSection(ProjectDependencies) = postProject
	EndProjectSection
EndProject
Project("{8BC9CEB8-8B4A-11D0-8D11-00A0C91BC942}") = "Threads_Task_Four", "Threads_Task_Four.vcproj", "{0019B777-FECA-1BAD-3731-D8974BFF21E1}"
	ProjectSection(ProjectDependencies) = postProject
	EndProjectSection
EndProject
Project("{8BC9CEB8-8B4A-11D0-8D11-00A0C91BC942}") = "Threads_Task_One", "Threads_Task_One.vcproj", "{8995A834-FECA-1BAD-3731-D8974BFF21E1}"
	ProjectSection(ProjectDependencies) = postProject
	EndProjectSection
EndProject
Project("{8BC9CEB8-8B4A-11D0-8D11-00A0C91BC942}") = "Threads_Task_Three", "Threads_Task_Three.vcproj", "{E8D96D29-FECA-1BAD-3731-D8974BFF21E1}"
	ProjectSection(ProjectDependencies) = postProject
	EndProjectSection
EndProject
Project("{8BC9CEB8-8B4A-11D0-8D11-00A0C91BC942}") = "Threads_Task_Two", "Threads_Task_Two.vcproj", "{2995A99D-FECA-1BAD-3731-D8974BFF21E1}"
	ProjectSection(ProjectDependencies) = postProject
	EndProjectSection
EndProject
Project("{8BC9CEB8-8B4A-11D0-8D11-00A0C91BC942}") = "Threads_Thread_Manager", "Threads_Thread_Manager.vcproj", "{2443F388-FECA-1BAD-3731-D8974BFF21E1}"
	ProjectSection(ProjectDependencies) = postProject
	EndProjectSection
EndProject
Project("{8BC9CEB8-8B4A-11D0-8D11-00A0C91BC942}") = "Threads_Thread_Pool", "Threads_Thread_Pool.vcproj", "{E906BD03-FECA-1BAD-3731-D8974BFF21E1}"
	ProjectSection(ProjectDependencies) = postProject
	EndProjectSection
EndProject
Project("{8BC9CEB8-8B4A-11D0-8D11-00A0C91BC942}") = "Threads_Thread_Specific", "Threads_Thread_Specific.vcproj", "{D2672B97-FECA-1BAD-3731-D8974BFF21E1}"
	ProjectSection(ProjectDependencies) = postProject
	EndProjectSection
EndProject
Project("{8BC9CEB8-8B4A-11D0-8D11-00A0C91BC942}") = "Threads_Token", "Threads_Token.vcproj", "{BA6B720A-FECA-1BAD-3731-D8974BFF21E1}"
	ProjectSection(ProjectDependencies) = postProject
	EndProjectSection
EndProject
Project("{8BC9CEB8-8B4A-11D0-8D11-00A0C91BC942}") = "Threads_Tss1", "Threads_Tss1.vcproj", "{0E32852E-FECA-1BAD-3731-D8974BFF21E1}"
	ProjectSection(ProjectDependencies) = postProject
	EndProjectSection
EndProject
Project("{8BC9CEB8-8B4A-11D0-8D11-00A0C91BC942}") = "Threads_Tss2", "Threads_Tss2.vcproj", "{3E32852E-FECA-1BAD-3731-D8974BFF21E1}"
	ProjectSection(ProjectDependencies) = postProject
	EndProjectSection
EndProject
Global
	GlobalSection(SolutionConfiguration) = preSolution
		Debug = Debug
		Release = Release
	EndGlobalSection
	GlobalSection(ProjectConfiguration) = postSolution
		{BF986247-FECA-1BAD-3731-D8974BFF21E1}.Debug.ActiveCfg = Debug|Win32
		{BF986247-FECA-1BAD-3731-D8974BFF21E1}.Debug.Build.0 = Debug|Win32
		{BF986247-FECA-1BAD-3731-D8974BFF21E1}.Release.ActiveCfg = Release|Win32
		{BF986247-FECA-1BAD-3731-D8974BFF21E1}.Release.Build.0 = Release|Win32
		{DF950C8D-FECA-1BAD-3731-D8974BFF21E1}.Debug.ActiveCfg = Debug|Win32
		{DF950C8D-FECA-1BAD-3731-D8974BFF21E1}.Debug.Build.0 = Debug|Win32
		{DF950C8D-FECA-1BAD-3731-D8974BFF21E1}.Release.ActiveCfg = Release|Win32
		{DF950C8D-FECA-1BAD-3731-D8974BFF21E1}.Release.Build.0 = Release|Win32
		{EF950C8D-FECA-1BAD-3731-D8974BFF21E1}.Debug.ActiveCfg = Debug|Win32
		{EF950C8D-FECA-1BAD-3731-D8974BFF21E1}.Debug.Build.0 = Debug|Win32
		{EF950C8D-FECA-1BAD-3731-D8974BFF21E1}.Release.ActiveCfg = Release|Win32
		{EF950C8D-FECA-1BAD-3731-D8974BFF21E1}.Release.Build.0 = Release|Win32
		{DFE3F8FE-FECA-1BAD-3731-D8974BFF21E1}.Debug.ActiveCfg = Debug|Win32
		{DFE3F8FE-FECA-1BAD-3731-D8974BFF21E1}.Debug.Build.0 = Debug|Win32
		{DFE3F8FE-FECA-1BAD-3731-D8974BFF21E1}.Release.ActiveCfg = Release|Win32
		{DFE3F8FE-FECA-1BAD-3731-D8974BFF21E1}.Release.Build.0 = Release|Win32
		{573905AF-FECA-1BAD-3731-D8974BFF21E1}.Debug.ActiveCfg = Debug|Win32
		{573905AF-FECA-1BAD-3731-D8974BFF21E1}.Debug.Build.0 = Debug|Win32
		{573905AF-FECA-1BAD-3731-D8974BFF21E1}.Release.ActiveCfg = Release|Win32
		{573905AF-FECA-1BAD-3731-D8974BFF21E1}.Release.Build.0 = Release|Win32
		{673905AF-FECA-1BAD-3731-D8974BFF21E1}.Debug.ActiveCfg = Debug|Win32
		{673905AF-FECA-1BAD-3731-D8974BFF21E1}.Debug.Build.0 = Debug|Win32
		{673905AF-FECA-1BAD-3731-D8974BFF21E1}.Release.ActiveCfg = Release|Win32
		{673905AF-FECA-1BAD-3731-D8974BFF21E1}.Release.Build.0 = Release|Win32
		{69A9BD2E-FECA-1BAD-3731-D8974BFF21E1}.Debug.ActiveCfg = Debug|Win32
		{69A9BD2E-FECA-1BAD-3731-D8974BFF21E1}.Debug.Build.0 = Debug|Win32
		{69A9BD2E-FECA-1BAD-3731-D8974BFF21E1}.Release.ActiveCfg = Release|Win32
		{69A9BD2E-FECA-1BAD-3731-D8974BFF21E1}.Release.Build.0 = Release|Win32
		{FE008D6E-FECA-1BAD-3731-D8974BFF21E1}.Debug.ActiveCfg = Debug|Win32
		{FE008D6E-FECA-1BAD-3731-D8974BFF21E1}.Debug.Build.0 = Debug|Win32
		{FE008D6E-FECA-1BAD-3731-D8974BFF21E1}.Release.ActiveCfg = Release|Win32
		{FE008D6E-FECA-1BAD-3731-D8974BFF21E1}.Release.Build.0 = Release|Win32
		{71644D1B-FECA-1BAD-3731-D8974BFF21E1}.Debug.ActiveCfg = Debug|Win32
		{71644D1B-FECA-1BAD-3731-D8974BFF21E1}.Debug.Build.0 = Debug|Win32
		{71644D1B-FECA-1BAD-3731-D8974BFF21E1}.Release.ActiveCfg = Release|Win32
		{71644D1B-FECA-1BAD-3731-D8974BFF21E1}.Release.Build.0 = Release|Win32
		{5DCB5689-FECA-1BAD-3731-D8974BFF21E1}.Debug.ActiveCfg = Debug|Win32
		{5DCB5689-FECA-1BAD-3731-D8974BFF21E1}.Debug.Build.0 = Debug|Win32
		{5DCB5689-FECA-1BAD-3731-D8974BFF21E1}.Release.ActiveCfg = Release|Win32
		{5DCB5689-FECA-1BAD-3731-D8974BFF21E1}.Release.Build.0 = Release|Win32
		{2663D79E-FECA-1BAD-3731-D8974BFF21E1}.Debug.ActiveCfg = Debug|Win32
		{2663D79E-FECA-1BAD-3731-D8974BFF21E1}.Debug.Build.0 = Debug|Win32
		{2663D79E-FECA-1BAD-3731-D8974BFF21E1}.Release.ActiveCfg = Release|Win32
		{2663D79E-FECA-1BAD-3731-D8974BFF21E1}.Release.Build.0 = Release|Win32
		{7019B715-FECA-1BAD-3731-D8974BFF21E1}.Debug.ActiveCfg = Debug|Win32
		{7019B715-FECA-1BAD-3731-D8974BFF21E1}.Debug.Build.0 = Debug|Win32
		{7019B715-FECA-1BAD-3731-D8974BFF21E1}.Release.ActiveCfg = Release|Win32
		{7019B715-FECA-1BAD-3731-D8974BFF21E1}.Release.Build.0 = Release|Win32
		{0019B777-FECA-1BAD-3731-D8974BFF21E1}.Debug.ActiveCfg = Debug|Win32
		{0019B777-FECA-1BAD-3731-D8974BFF21E1}.Debug.Build.0 = Debug|Win32
		{0019B777-FECA-1BAD-3731-D8974BFF21E1}.Release.ActiveCfg = Release|Win32
		{0019B777-FECA-1BAD-3731-D8974BFF21E1}.Release.Build.0 = Release|Win32
		{8995A834-FECA-1BAD-3731-D8974BFF21E1}.Debug.ActiveCfg = Debug|Win32
		{8995A834-FECA-1BAD-3731-D8974BFF21E1}.Debug.Build.0 = Debug|Win32
		{8995A834-FECA-1BAD-3731-D8974BFF21E1}.Release.ActiveCfg = Release|Win32
		{8995A834-FECA-1BAD-3731-D8974BFF21E1}.Release.Build.0 = Release|Win32
		{E8D96D29-FECA-1BAD-3731-D8974BFF21E1}.Debug.ActiveCfg = Debug|Win32
		{E8D96D29-FECA-1BAD-3731-D8974BFF21E1}.Debug.Build.0 = Debug|Win32
		{E8D96D29-FECA-1BAD-3731-D8974BFF21E1}.Release.ActiveCfg = Release|Win32
		{E8D96D29-FECA-1BAD-3731-D8974BFF21E1}.Release.Build.0 = Release|Win32
		{2995A99D-FECA-1BAD-3731-D8974BFF21E1}.Debug.ActiveCfg = Debug|Win32
		{2995A99D-FECA-1BAD-3731-D8974BFF21E1}.Debug.Build.0 = Debug|Win32
		{2995A99D-FECA-1BAD-3731-D8974BFF21E1}.Release.ActiveCfg = Release|Win32
		{2995A99D-FECA-1BAD-3731-D8974BFF21E1}.Release.Build.0 = Release|Win32
		{2443F388-FECA-1BAD-3731-D8974BFF21E1}.Debug.ActiveCfg = Debug|Win32
		{2443F388-FECA-1BAD-3731-D8974BFF21E1}.Debug.Build.0 = Debug|Win32
		{2443F388-FECA-1BAD-3731-D8974BFF21E1}.Release.ActiveCfg = Release|Win32
		{2443F388-FECA-1BAD-3731-D8974BFF21E1}.Release.Build.0 = Release|Win32
		{E906BD03-FECA-1BAD-3731-D8974BFF21E1}.Debug.ActiveCfg = Debug|Win32
		{E906BD03-FECA-1BAD-3731-D8974BFF21E1}.Debug.Build.0 = Debug|Win32
		{E906BD03-FECA-1BAD-3731-D8974BFF21E1}.Release.ActiveCfg = Release|Win32
		{E906BD03-FECA-1BAD-3731-D8974BFF21E1}.Release.Build.0 = Release|Win32
		{D2672B97-FECA-1BAD-3731-D8974BFF21E1}.Debug.ActiveCfg = Debug|Win32
		{D2672B97-FECA-1BAD-3731-D8974BFF21E1}.Debug.Build.0 = Debug|Win32
		{D2672B97-FECA-1BAD-3731-D8974BFF21E1}.Release.ActiveCfg = Release|Win32
		{D2672B97-FECA-1BAD-3731-D8974BFF21E1}.Release.Build.0 = Release|Win32
		{BA6B720A-FECA-1BAD-3731-D8974BFF21E1}.Debug.ActiveCfg = Debug|Win32
		{BA6B720A-FECA-1BAD-3731-D8974BFF21E1}.Debug.Build.0 = Debug|Win32
		{BA6B720A-FECA-1BAD-3731-D8974BFF21E1}.Release.ActiveCfg = Release|Win32
		{BA6B720A-FECA-1BAD-3731-D8974BFF21E1}.Release.Build.0 = Release|Win32
		{0E32852E-FECA-1BAD-3731-D8974BFF21E1}.Debug.ActiveCfg = Debug|Win32
		{0E32852E-FECA-1BAD-3731-D8974BFF21E1}.Debug.Build.0 = Debug|Win32
		{0E32852E-FECA-1BAD-3731-D8974BFF21E1}.Release.ActiveCfg = Release|Win32
		{0E32852E-FECA-1BAD-3731-D8974BFF21E1}.Release.Build.0 = Release|Win32
		{3E32852E-FECA-1BAD-3731-D8974BFF21E1}.Debug.ActiveCfg = Debug|Win32
		{3E32852E-FECA-1BAD-3731-D8974BFF21E1}.Debug.Build.0 = Debug|Win32
		{3E32852E-FECA-1BAD-3731-D8974BFF21E1}.Release.ActiveCfg = Release|Win32
		{3E32852E-FECA-1BAD-3731-D8974BFF21E1}.Release.Build.0 = Release|Win32
	EndGlobalSection
	GlobalSection(ExtensibilityGlobals) = postSolution
	EndGlobalSection
	GlobalSection(ExtensibilityAddIns) = postSolution
	EndGlobalSection
EndGlobal
