Microsoft Visual Studio Solution File, Format Version 8.00
Project("{8BC9CEB8-8B4A-11D0-8D11-00A0C91BC942}") = "DsRenderer", "src\DsRenderer.vcproj", "{312B6BA0-F12F-42E7-AD1E-751678327DFB}"
	ProjectSection(ProjectDependencies) = postProject
	EndProjectSection
EndProject
Project("{8BC9CEB8-8B4A-11D0-8D11-00A0C91BC942}") = "DsVideoLib", "src\DsVideoLib.vcproj", "{BFA16123-9EB6-4641-A33F-9FFD7511AD5D}"
	ProjectSection(ProjectDependencies) = postProject
	EndProjectSection
EndProject
Project("{8BC9CEB8-8B4A-11D0-8D11-00A0C91BC942}") = "IEEE1394_id", "tools\IEEE1394_id.vcproj", "{BC55969A-78AA-4C47-AB02-CA04409C6EF8}"
	ProjectSection(ProjectDependencies) = postProject
	EndProjectSection
EndProject
Project("{8BC9CEB8-8B4A-11D0-8D11-00A0C91BC942}") = "glutCallbackSample", "samples\glutCallbackSample.vcproj", "{826D36FB-3301-4A56-A8D4-343D84D2941E}"
	ProjectSection(ProjectDependencies) = postProject
		{BFA16123-9EB6-4641-A33F-9FFD7511AD5D} = {BFA16123-9EB6-4641-A33F-9FFD7511AD5D}
		{312B6BA0-F12F-42E7-AD1E-751678327DFB} = {312B6BA0-F12F-42E7-AD1E-751678327DFB}
	EndProjectSection
EndProject
Project("{8BC9CEB8-8B4A-11D0-8D11-00A0C91BC942}") = "OpenGLTextureSample", "samples\OpenGLTextureSample.vcproj", "{037A24D3-669D-4F6C-926C-D6B00A872774}"
	ProjectSection(ProjectDependencies) = postProject
		{BFA16123-9EB6-4641-A33F-9FFD7511AD5D} = {BFA16123-9EB6-4641-A33F-9FFD7511AD5D}
		{312B6BA0-F12F-42E7-AD1E-751678327DFB} = {312B6BA0-F12F-42E7-AD1E-751678327DFB}
	EndProjectSection
EndProject
Project("{8BC9CEB8-8B4A-11D0-8D11-00A0C91BC942}") = "glutBufferSample", "samples\glutBufferSample.vcproj", "{826D36FB-3301-4A56-A8D4-343D84D2941E}"
	ProjectSection(ProjectDependencies) = postProject
		{BFA16123-9EB6-4641-A33F-9FFD7511AD5D} = {BFA16123-9EB6-4641-A33F-9FFD7511AD5D}
		{312B6BA0-F12F-42E7-AD1E-751678327DFB} = {312B6BA0-F12F-42E7-AD1E-751678327DFB}
	EndProjectSection
EndProject
Project("{8BC9CEB8-8B4A-11D0-8D11-00A0C91BC942}") = "glutStereoBufferSample", "samples\glutStereoBufferSample.vcproj", "{826D36FB-3301-4A56-A8D4-343D84D2941E}"
	ProjectSection(ProjectDependencies) = postProject
		{BFA16123-9EB6-4641-A33F-9FFD7511AD5D} = {BFA16123-9EB6-4641-A33F-9FFD7511AD5D}
		{312B6BA0-F12F-42E7-AD1E-751678327DFB} = {312B6BA0-F12F-42E7-AD1E-751678327DFB}
	EndProjectSection
EndProject
Global
	GlobalSection(SolutionConfiguration) = preSolution
		Debug = Debug
		Debug (intel) = Debug (intel)
		Release = Release
		Release (Intel) = Release (Intel)
	EndGlobalSection
	GlobalSection(ProjectConfiguration) = postSolution
		{312B6BA0-F12F-42E7-AD1E-751678327DFB}.Debug.ActiveCfg = Debug|Win32
		{312B6BA0-F12F-42E7-AD1E-751678327DFB}.Debug.Build.0 = Debug|Win32
		{312B6BA0-F12F-42E7-AD1E-751678327DFB}.Debug (intel).ActiveCfg = Debug (intel)|Win32
		{312B6BA0-F12F-42E7-AD1E-751678327DFB}.Debug (intel).Build.0 = Debug (intel)|Win32
		{312B6BA0-F12F-42E7-AD1E-751678327DFB}.Release.ActiveCfg = Release|Win32
		{312B6BA0-F12F-42E7-AD1E-751678327DFB}.Release.Build.0 = Release|Win32
		{312B6BA0-F12F-42E7-AD1E-751678327DFB}.Release (Intel).ActiveCfg = Release (Intel)|Win32
		{312B6BA0-F12F-42E7-AD1E-751678327DFB}.Release (Intel).Build.0 = Release (Intel)|Win32
		{BFA16123-9EB6-4641-A33F-9FFD7511AD5D}.Debug.ActiveCfg = Debug|Win32
		{BFA16123-9EB6-4641-A33F-9FFD7511AD5D}.Debug.Build.0 = Debug|Win32
		{BFA16123-9EB6-4641-A33F-9FFD7511AD5D}.Debug (intel).ActiveCfg = Debug (intel)|Win32
		{BFA16123-9EB6-4641-A33F-9FFD7511AD5D}.Debug (intel).Build.0 = Debug (intel)|Win32
		{BFA16123-9EB6-4641-A33F-9FFD7511AD5D}.Release.ActiveCfg = Release|Win32
		{BFA16123-9EB6-4641-A33F-9FFD7511AD5D}.Release.Build.0 = Release|Win32
		{BFA16123-9EB6-4641-A33F-9FFD7511AD5D}.Release (Intel).ActiveCfg = Release (Intel)|Win32
		{BFA16123-9EB6-4641-A33F-9FFD7511AD5D}.Release (Intel).Build.0 = Release (Intel)|Win32
		{BC55969A-78AA-4C47-AB02-CA04409C6EF8}.Debug.ActiveCfg = Debug|Win32
		{BC55969A-78AA-4C47-AB02-CA04409C6EF8}.Debug.Build.0 = Debug|Win32
		{BC55969A-78AA-4C47-AB02-CA04409C6EF8}.Debug (intel).ActiveCfg = Debug (intel)|Win32
		{BC55969A-78AA-4C47-AB02-CA04409C6EF8}.Debug (intel).Build.0 = Debug (intel)|Win32
		{BC55969A-78AA-4C47-AB02-CA04409C6EF8}.Release.ActiveCfg = Release|Win32
		{BC55969A-78AA-4C47-AB02-CA04409C6EF8}.Release.Build.0 = Release|Win32
		{BC55969A-78AA-4C47-AB02-CA04409C6EF8}.Release (Intel).ActiveCfg = Release (Intel)|Win32
		{BC55969A-78AA-4C47-AB02-CA04409C6EF8}.Release (Intel).Build.0 = Release (Intel)|Win32
		{826D36FB-3301-4A56-A8D4-343D84D2941E}.Debug.ActiveCfg = Debug|Win32
		{826D36FB-3301-4A56-A8D4-343D84D2941E}.Debug.Build.0 = Debug|Win32
		{826D36FB-3301-4A56-A8D4-343D84D2941E}.Debug (intel).ActiveCfg = Debug (intel)|Win32
		{826D36FB-3301-4A56-A8D4-343D84D2941E}.Debug (intel).Build.0 = Debug (intel)|Win32
		{826D36FB-3301-4A56-A8D4-343D84D2941E}.Release.ActiveCfg = Release|Win32
		{826D36FB-3301-4A56-A8D4-343D84D2941E}.Release.Build.0 = Release|Win32
		{826D36FB-3301-4A56-A8D4-343D84D2941E}.Release (Intel).ActiveCfg = Release (Intel)|Win32
		{826D36FB-3301-4A56-A8D4-343D84D2941E}.Release (Intel).Build.0 = Release (Intel)|Win32
		{037A24D3-669D-4F6C-926C-D6B00A872774}.Debug.ActiveCfg = Debug|Win32
		{037A24D3-669D-4F6C-926C-D6B00A872774}.Debug.Build.0 = Debug|Win32
		{037A24D3-669D-4F6C-926C-D6B00A872774}.Debug (intel).ActiveCfg = Debug (intel)|Win32
		{037A24D3-669D-4F6C-926C-D6B00A872774}.Debug (intel).Build.0 = Debug (intel)|Win32
		{037A24D3-669D-4F6C-926C-D6B00A872774}.Release.ActiveCfg = Release|Win32
		{037A24D3-669D-4F6C-926C-D6B00A872774}.Release.Build.0 = Release|Win32
		{037A24D3-669D-4F6C-926C-D6B00A872774}.Release (Intel).ActiveCfg = Release (Intel)|Win32
		{037A24D3-669D-4F6C-926C-D6B00A872774}.Release (Intel).Build.0 = Release (Intel)|Win32
		{826D36FB-3301-4A56-A8D4-343D84D2941E}.Debug.ActiveCfg = Debug|Win32
		{826D36FB-3301-4A56-A8D4-343D84D2941E}.Debug.Build.0 = Debug|Win32
		{826D36FB-3301-4A56-A8D4-343D84D2941E}.Debug (intel).ActiveCfg = Debug (intel)|Win32
		{826D36FB-3301-4A56-A8D4-343D84D2941E}.Debug (intel).Build.0 = Debug (intel)|Win32
		{826D36FB-3301-4A56-A8D4-343D84D2941E}.Release.ActiveCfg = Release|Win32
		{826D36FB-3301-4A56-A8D4-343D84D2941E}.Release.Build.0 = Release|Win32
		{826D36FB-3301-4A56-A8D4-343D84D2941E}.Release (Intel).ActiveCfg = Release (Intel)|Win32
		{826D36FB-3301-4A56-A8D4-343D84D2941E}.Release (Intel).Build.0 = Release (Intel)|Win32
		{826D36FB-3301-4A56-A8D4-343D84D2941E}.Debug.ActiveCfg = Debug|Win32
		{826D36FB-3301-4A56-A8D4-343D84D2941E}.Debug.Build.0 = Debug|Win32
		{826D36FB-3301-4A56-A8D4-343D84D2941E}.Debug (intel).ActiveCfg = Debug (intel)|Win32
		{826D36FB-3301-4A56-A8D4-343D84D2941E}.Debug (intel).Build.0 = Debug (intel)|Win32
		{826D36FB-3301-4A56-A8D4-343D84D2941E}.Release.ActiveCfg = Release|Win32
		{826D36FB-3301-4A56-A8D4-343D84D2941E}.Release.Build.0 = Release|Win32
		{826D36FB-3301-4A56-A8D4-343D84D2941E}.Release (Intel).ActiveCfg = Release (Intel)|Win32
		{826D36FB-3301-4A56-A8D4-343D84D2941E}.Release (Intel).Build.0 = Release (Intel)|Win32
	EndGlobalSection
	GlobalSection(ExtensibilityGlobals) = postSolution
	EndGlobalSection
	GlobalSection(ExtensibilityAddIns) = postSolution
	EndGlobalSection
	GlobalSection(DevPartner) = postSolution
	EndGlobalSection
	GlobalSection(DevPartner) = postSolution
	EndGlobalSection
	GlobalSection(DevPartner) = postSolution
	EndGlobalSection
	GlobalSection(DevPartner) = postSolution
	EndGlobalSection
	GlobalSection(DevPartner) = postSolution
	EndGlobalSection
	GlobalSection(DevPartner) = postSolution
	EndGlobalSection
	GlobalSection(DevPartner) = postSolution
	EndGlobalSection
	GlobalSection(DevPartner) = postSolution
	EndGlobalSection
EndGlobal
