Microsoft Visual Studio Solution File, Format Version 8.00
#
# VC71WorkspaceCreator.pm,v 1.4 2004/03/15 16:04:13 elliott_c Exp
#
# This file was generated by MPC.  Any changes made directly to
# this file will be lost the next time it is generated.
#
# MPC Command:
# bin/mwc.pl -include /tmp/ACE_wrappers_stage-3315/ACE_wrappers/MPC/config -include /tmp/ACE_wrappers_stage-3315/ACE_wrappers/MPC/templates -type vc71 -recurse -hierarchy -relative ACE_ROOT=/tmp/ACE_wrappers_stage-3315/ACE_wrappers -exclude TAO/TAOACE.mwc,TAO/CIAO/CIAOTAO.mwc
Project("{8BC9CEB8-8B4A-11D0-8D11-00A0C91BC942}") = "direct_logging", "clients\Logger\direct_logging.vcproj", "{40CF8156-FECA-1BAD-1120-8ECAF1B6A7C9}"
	ProjectSection(ProjectDependencies) = postProject
		{1F86409E-FECA-1BAD-6AF0-8A63578EAEA6} = {1F86409E-FECA-1BAD-6AF0-8A63578EAEA6}
	EndProjectSection
EndProject
Project("{8BC9CEB8-8B4A-11D0-8D11-00A0C91BC942}") = "indirect_logging", "clients\Logger\indirect_logging.vcproj", "{2F2F8156-FECA-1BAD-1120-8ECAF1B6A7C9}"
	ProjectSection(ProjectDependencies) = postProject
		{1F86409E-FECA-1BAD-6AF0-8A63578EAEA6} = {1F86409E-FECA-1BAD-6AF0-8A63578EAEA6}
	EndProjectSection
EndProject
Project("{8BC9CEB8-8B4A-11D0-8D11-00A0C91BC942}") = "Netsvcs_Client_Test", "clients\Naming\Client\Netsvcs_Client_Test.vcproj", "{AE91B966-FECA-1BAD-F396-8E39E4437302}"
	ProjectSection(ProjectDependencies) = postProject
		{C4F8A8B1-FECA-1BAD-F396-8E39E4437302} = {C4F8A8B1-FECA-1BAD-F396-8E39E4437302}
	EndProjectSection
EndProject
Project("{8BC9CEB8-8B4A-11D0-8D11-00A0C91BC942}") = "Netsvsc_Client_Test_Lib", "clients\Naming\Client\Netsvsc_Client_Test_Lib.vcproj", "{C4F8A8B1-FECA-1BAD-F396-8E39E4437302}"
	ProjectSection(ProjectDependencies) = postProject
	EndProjectSection
EndProject
Project("{8BC9CEB8-8B4A-11D0-8D11-00A0C91BC942}") = "Netsvcs_Dump_Restore", "clients\Naming\Dump_Restore\Netsvcs_Dump_Restore.vcproj", "{6300CD07-FECA-1BAD-1BE2-2E4332C00260}"
	ProjectSection(ProjectDependencies) = postProject
		{B0996531-FECA-1BAD-1BE2-2E4332C00260} = {B0996531-FECA-1BAD-1BE2-2E4332C00260}
	EndProjectSection
EndProject
Project("{8BC9CEB8-8B4A-11D0-8D11-00A0C91BC942}") = "Netsvcs_Dump_Restore_Lib", "clients\Naming\Dump_Restore\Netsvcs_Dump_Restore_Lib.vcproj", "{B0996531-FECA-1BAD-1BE2-2E4332C00260}"
	ProjectSection(ProjectDependencies) = postProject
	EndProjectSection
EndProject
Project("{8BC9CEB8-8B4A-11D0-8D11-00A0C91BC942}") = "netsvcs", "lib\netsvcs.vcproj", "{1F86409E-FECA-1BAD-6AF0-8A63578EAEA6}"
	ProjectSection(ProjectDependencies) = postProject
	EndProjectSection
EndProject
Project("{8BC9CEB8-8B4A-11D0-8D11-00A0C91BC942}") = "Netsvcs_server", "servers\Netsvcs_server.vcproj", "{4FC972D8-FECA-1BAD-0251-FF46B17155DD}"
	ProjectSection(ProjectDependencies) = postProject
		{1F86409E-FECA-1BAD-6AF0-8A63578EAEA6} = {1F86409E-FECA-1BAD-6AF0-8A63578EAEA6}
	EndProjectSection
EndProject
Global
	GlobalSection(SolutionConfiguration) = preSolution
		Debug = Debug
		Release = Release
	EndGlobalSection
	GlobalSection(ProjectConfiguration) = postSolution
		{40CF8156-FECA-1BAD-1120-8ECAF1B6A7C9}.Debug.ActiveCfg = Debug|Win32
		{40CF8156-FECA-1BAD-1120-8ECAF1B6A7C9}.Debug.Build.0 = Debug|Win32
		{40CF8156-FECA-1BAD-1120-8ECAF1B6A7C9}.Release.ActiveCfg = Release|Win32
		{40CF8156-FECA-1BAD-1120-8ECAF1B6A7C9}.Release.Build.0 = Release|Win32
		{2F2F8156-FECA-1BAD-1120-8ECAF1B6A7C9}.Debug.ActiveCfg = Debug|Win32
		{2F2F8156-FECA-1BAD-1120-8ECAF1B6A7C9}.Debug.Build.0 = Debug|Win32
		{2F2F8156-FECA-1BAD-1120-8ECAF1B6A7C9}.Release.ActiveCfg = Release|Win32
		{2F2F8156-FECA-1BAD-1120-8ECAF1B6A7C9}.Release.Build.0 = Release|Win32
		{AE91B966-FECA-1BAD-F396-8E39E4437302}.Debug.ActiveCfg = Debug|Win32
		{AE91B966-FECA-1BAD-F396-8E39E4437302}.Debug.Build.0 = Debug|Win32
		{AE91B966-FECA-1BAD-F396-8E39E4437302}.Release.ActiveCfg = Release|Win32
		{AE91B966-FECA-1BAD-F396-8E39E4437302}.Release.Build.0 = Release|Win32
		{C4F8A8B1-FECA-1BAD-F396-8E39E4437302}.Debug.ActiveCfg = Debug|Win32
		{C4F8A8B1-FECA-1BAD-F396-8E39E4437302}.Debug.Build.0 = Debug|Win32
		{C4F8A8B1-FECA-1BAD-F396-8E39E4437302}.Release.ActiveCfg = Release|Win32
		{C4F8A8B1-FECA-1BAD-F396-8E39E4437302}.Release.Build.0 = Release|Win32
		{6300CD07-FECA-1BAD-1BE2-2E4332C00260}.Debug.ActiveCfg = Debug|Win32
		{6300CD07-FECA-1BAD-1BE2-2E4332C00260}.Debug.Build.0 = Debug|Win32
		{6300CD07-FECA-1BAD-1BE2-2E4332C00260}.Release.ActiveCfg = Release|Win32
		{6300CD07-FECA-1BAD-1BE2-2E4332C00260}.Release.Build.0 = Release|Win32
		{B0996531-FECA-1BAD-1BE2-2E4332C00260}.Debug.ActiveCfg = Debug|Win32
		{B0996531-FECA-1BAD-1BE2-2E4332C00260}.Debug.Build.0 = Debug|Win32
		{B0996531-FECA-1BAD-1BE2-2E4332C00260}.Release.ActiveCfg = Release|Win32
		{B0996531-FECA-1BAD-1BE2-2E4332C00260}.Release.Build.0 = Release|Win32
		{1F86409E-FECA-1BAD-6AF0-8A63578EAEA6}.Debug.ActiveCfg = Debug|Win32
		{1F86409E-FECA-1BAD-6AF0-8A63578EAEA6}.Debug.Build.0 = Debug|Win32
		{1F86409E-FECA-1BAD-6AF0-8A63578EAEA6}.Release.ActiveCfg = Release|Win32
		{1F86409E-FECA-1BAD-6AF0-8A63578EAEA6}.Release.Build.0 = Release|Win32
		{4FC972D8-FECA-1BAD-0251-FF46B17155DD}.Debug.ActiveCfg = Debug|Win32
		{4FC972D8-FECA-1BAD-0251-FF46B17155DD}.Debug.Build.0 = Debug|Win32
		{4FC972D8-FECA-1BAD-0251-FF46B17155DD}.Release.ActiveCfg = Release|Win32
		{4FC972D8-FECA-1BAD-0251-FF46B17155DD}.Release.Build.0 = Release|Win32
	EndGlobalSection
	GlobalSection(ExtensibilityGlobals) = postSolution
	EndGlobalSection
	GlobalSection(ExtensibilityAddIns) = postSolution
	EndGlobalSection
EndGlobal
