Microsoft Visual Studio Solution File, Format Version 8.00
#
# VC71WorkspaceCreator.pm,v 1.4 2004/03/15 16:04:13 elliott_c Exp
#
# This file was generated by MPC.  Any changes made directly to
# this file will be lost the next time it is generated.
#
# MPC Command:
# bin/mwc.pl -include /tmp/ACE_wrappers_stage-3315/ACE_wrappers/MPC/config -include /tmp/ACE_wrappers_stage-3315/ACE_wrappers/MPC/templates -type vc71 -static -name_modifier *_Static -apply_project -exclude TAO/CIAO,TAO/TAOACE.mwc -recurse -hierarchy -relative ACE_ROOT=/tmp/ACE_wrappers_stage-3315/ACE_wrappers
Project("{8BC9CEB8-8B4A-11D0-8D11-00A0C91BC942}") = "ACEXML_XML_Svc_Conf_Parser_Static", "apps\svcconf\ACEXML_XML_Svc_Conf_Parser_Static.vcproj", "{6832ABFD-FECA-1BAD-5984-FE665A2327F0}"
	ProjectSection(ProjectDependencies) = postProject
	EndProjectSection
EndProject
Project("{8BC9CEB8-8B4A-11D0-8D11-00A0C91BC942}") = "ACEXML_Static", "common\ACEXML_Static.vcproj", "{80A405B9-FECA-1BAD-BB9C-8C3A2640BC40}"
	ProjectSection(ProjectDependencies) = postProject
	EndProjectSection
EndProject
Project("{8BC9CEB8-8B4A-11D0-8D11-00A0C91BC942}") = "SAXPrint_Static", "examples\SAXPrint\SAXPrint_Static.vcproj", "{8DD485FA-FECA-1BAD-4F93-FEB4030C0FED}"
	ProjectSection(ProjectDependencies) = postProject
	EndProjectSection
EndProject
Project("{8BC9CEB8-8B4A-11D0-8D11-00A0C91BC942}") = "ACEXML_Parser_Static", "parser\parser\ACEXML_Parser_Static.vcproj", "{F73A7190-FECA-1BAD-5520-8D05EA11A00D}"
	ProjectSection(ProjectDependencies) = postProject
	EndProjectSection
EndProject
Project("{8BC9CEB8-8B4A-11D0-8D11-00A0C91BC942}") = "ContentHandler_Test_Static", "tests\ContentHandler_Test_Static.vcproj", "{4321B835-FECA-1BAD-2431-8A11E273B44E}"
	ProjectSection(ProjectDependencies) = postProject
	EndProjectSection
EndProject
Project("{8BC9CEB8-8B4A-11D0-8D11-00A0C91BC942}") = "HttpCharStream_Test_Static", "tests\HttpCharStream_Test_Static.vcproj", "{5FD23EAC-FECA-1BAD-2431-8A11E273B44E}"
	ProjectSection(ProjectDependencies) = postProject
	EndProjectSection
EndProject
Project("{8BC9CEB8-8B4A-11D0-8D11-00A0C91BC942}") = "NamespaceSupport_Test_Static", "tests\NamespaceSupport_Test_Static.vcproj", "{0A4250AE-FECA-1BAD-2431-8A11E273B44E}"
	ProjectSection(ProjectDependencies) = postProject
	EndProjectSection
EndProject
Project("{8BC9CEB8-8B4A-11D0-8D11-00A0C91BC942}") = "Transcoder_Test_Static", "tests\Transcoder_Test_Static.vcproj", "{01D16F02-FECA-1BAD-2431-8A11E273B44E}"
	ProjectSection(ProjectDependencies) = postProject
	EndProjectSection
EndProject
Global
	GlobalSection(SolutionConfiguration) = preSolution
		Debug = Debug
		Release = Release
	EndGlobalSection
	GlobalSection(ProjectConfiguration) = postSolution
		{6832ABFD-FECA-1BAD-5984-FE665A2327F0}.Debug.ActiveCfg = Debug|Win32
		{6832ABFD-FECA-1BAD-5984-FE665A2327F0}.Debug.Build.0 = Debug|Win32
		{6832ABFD-FECA-1BAD-5984-FE665A2327F0}.Release.ActiveCfg = Release|Win32
		{6832ABFD-FECA-1BAD-5984-FE665A2327F0}.Release.Build.0 = Release|Win32
		{80A405B9-FECA-1BAD-BB9C-8C3A2640BC40}.Debug.ActiveCfg = Debug|Win32
		{80A405B9-FECA-1BAD-BB9C-8C3A2640BC40}.Debug.Build.0 = Debug|Win32
		{80A405B9-FECA-1BAD-BB9C-8C3A2640BC40}.Release.ActiveCfg = Release|Win32
		{80A405B9-FECA-1BAD-BB9C-8C3A2640BC40}.Release.Build.0 = Release|Win32
		{8DD485FA-FECA-1BAD-4F93-FEB4030C0FED}.Debug.ActiveCfg = Debug|Win32
		{8DD485FA-FECA-1BAD-4F93-FEB4030C0FED}.Debug.Build.0 = Debug|Win32
		{8DD485FA-FECA-1BAD-4F93-FEB4030C0FED}.Release.ActiveCfg = Release|Win32
		{8DD485FA-FECA-1BAD-4F93-FEB4030C0FED}.Release.Build.0 = Release|Win32
		{F73A7190-FECA-1BAD-5520-8D05EA11A00D}.Debug.ActiveCfg = Debug|Win32
		{F73A7190-FECA-1BAD-5520-8D05EA11A00D}.Debug.Build.0 = Debug|Win32
		{F73A7190-FECA-1BAD-5520-8D05EA11A00D}.Release.ActiveCfg = Release|Win32
		{F73A7190-FECA-1BAD-5520-8D05EA11A00D}.Release.Build.0 = Release|Win32
		{4321B835-FECA-1BAD-2431-8A11E273B44E}.Debug.ActiveCfg = Debug|Win32
		{4321B835-FECA-1BAD-2431-8A11E273B44E}.Debug.Build.0 = Debug|Win32
		{4321B835-FECA-1BAD-2431-8A11E273B44E}.Release.ActiveCfg = Release|Win32
		{4321B835-FECA-1BAD-2431-8A11E273B44E}.Release.Build.0 = Release|Win32
		{5FD23EAC-FECA-1BAD-2431-8A11E273B44E}.Debug.ActiveCfg = Debug|Win32
		{5FD23EAC-FECA-1BAD-2431-8A11E273B44E}.Debug.Build.0 = Debug|Win32
		{5FD23EAC-FECA-1BAD-2431-8A11E273B44E}.Release.ActiveCfg = Release|Win32
		{5FD23EAC-FECA-1BAD-2431-8A11E273B44E}.Release.Build.0 = Release|Win32
		{0A4250AE-FECA-1BAD-2431-8A11E273B44E}.Debug.ActiveCfg = Debug|Win32
		{0A4250AE-FECA-1BAD-2431-8A11E273B44E}.Debug.Build.0 = Debug|Win32
		{0A4250AE-FECA-1BAD-2431-8A11E273B44E}.Release.ActiveCfg = Release|Win32
		{0A4250AE-FECA-1BAD-2431-8A11E273B44E}.Release.Build.0 = Release|Win32
		{01D16F02-FECA-1BAD-2431-8A11E273B44E}.Debug.ActiveCfg = Debug|Win32
		{01D16F02-FECA-1BAD-2431-8A11E273B44E}.Debug.Build.0 = Debug|Win32
		{01D16F02-FECA-1BAD-2431-8A11E273B44E}.Release.ActiveCfg = Release|Win32
		{01D16F02-FECA-1BAD-2431-8A11E273B44E}.Release.Build.0 = Release|Win32
	EndGlobalSection
	GlobalSection(ExtensibilityGlobals) = postSolution
	EndGlobalSection
	GlobalSection(ExtensibilityAddIns) = postSolution
	EndGlobalSection
EndGlobal
