Microsoft Visual Studio Solution File, Format Version 8.00
#
# VC71WorkspaceCreator.pm,v 1.4 2004/03/15 16:04:13 elliott_c Exp
#
# This file was generated by MPC.  Any changes made directly to
# this file will be lost the next time it is generated.
#
# MPC Command:
# bin/mwc.pl -include /tmp/ACE_wrappers_stage-3315/ACE_wrappers/MPC/config -include /tmp/ACE_wrappers_stage-3315/ACE_wrappers/MPC/templates -type vc71 -static -name_modifier *_Static -apply_project -exclude TAO/CIAO,TAO/TAOACE.mwc -recurse -hierarchy -relative ACE_ROOT=/tmp/ACE_wrappers_stage-3315/ACE_wrappers
Project("{8BC9CEB8-8B4A-11D0-8D11-00A0C91BC942}") = "C++NPv2_CLD_Static", "C++NPv2_CLD_Static.vcproj", "{07170543-FECA-1BAD-B750-CBFC5894A180}"
	ProjectSection(ProjectDependencies) = postProject
	EndProjectSection
EndProject
Project("{8BC9CEB8-8B4A-11D0-8D11-00A0C91BC942}") = "C++NPv2_Configurable_Log_Server_Static", "C++NPv2_Configurable_Log_Server_Static.vcproj", "{C2394D56-FECA-1BAD-B750-CBFC5894A180}"
	ProjectSection(ProjectDependencies) = postProject
	EndProjectSection
EndProject
Project("{8BC9CEB8-8B4A-11D0-8D11-00A0C91BC942}") = "C++NPv2_Display_Logfile_Static", "C++NPv2_Display_Logfile_Static.vcproj", "{82E9B867-FECA-1BAD-B750-CBFC5894A180}"
	ProjectSection(ProjectDependencies) = postProject
	EndProjectSection
EndProject
Project("{8BC9CEB8-8B4A-11D0-8D11-00A0C91BC942}") = "C++NPv2_Reactor_Log_Server_Static", "C++NPv2_Reactor_Log_Server_Static.vcproj", "{CD055DE0-FECA-1BAD-B750-CBFC5894A180}"
	ProjectSection(ProjectDependencies) = postProject
	EndProjectSection
EndProject
Project("{8BC9CEB8-8B4A-11D0-8D11-00A0C91BC942}") = "C++NPv2_SLD_Static", "C++NPv2_SLD_Static.vcproj", "{07170553-FECA-1BAD-B750-CBFC5894A180}"
	ProjectSection(ProjectDependencies) = postProject
	EndProjectSection
EndProject
Project("{8BC9CEB8-8B4A-11D0-8D11-00A0C91BC942}") = "C++NPv2_SLDex_Static", "C++NPv2_SLDex_Static.vcproj", "{83F7B4A8-FECA-1BAD-B750-CBFC5894A180}"
	ProjectSection(ProjectDependencies) = postProject
	EndProjectSection
EndProject
Project("{8BC9CEB8-8B4A-11D0-8D11-00A0C91BC942}") = "C++NPv2_SR_Configurable_Log_Server_Static", "C++NPv2_SR_Configurable_Log_Server_Static.vcproj", "{EB83A79F-FECA-1BAD-B750-CBFC5894A180}"
	ProjectSection(ProjectDependencies) = postProject
	EndProjectSection
EndProject
Project("{8BC9CEB8-8B4A-11D0-8D11-00A0C91BC942}") = "C++NPv2_Select_Reactor_Log_Server_Static", "C++NPv2_Select_Reactor_Log_Server_Static.vcproj", "{305BABD3-FECA-1BAD-B750-CBFC5894A180}"
	ProjectSection(ProjectDependencies) = postProject
	EndProjectSection
EndProject
Project("{8BC9CEB8-8B4A-11D0-8D11-00A0C91BC942}") = "C++NPv2_TPLS_Static", "C++NPv2_TPLS_Static.vcproj", "{74D52CB8-FECA-1BAD-B750-CBFC5894A180}"
	ProjectSection(ProjectDependencies) = postProject
	EndProjectSection
EndProject
Project("{8BC9CEB8-8B4A-11D0-8D11-00A0C91BC942}") = "C++NPv2_TP_Reactor_Log_Server_Static", "C++NPv2_TP_Reactor_Log_Server_Static.vcproj", "{63A9C85B-FECA-1BAD-B750-CBFC5894A180}"
	ProjectSection(ProjectDependencies) = postProject
	EndProjectSection
EndProject
Project("{8BC9CEB8-8B4A-11D0-8D11-00A0C91BC942}") = "C++NPv2_WFMO_Reactor_Log_Server_Static", "C++NPv2_WFMO_Reactor_Log_Server_Static.vcproj", "{831C9E83-FECA-1BAD-B750-CBFC5894A180}"
	ProjectSection(ProjectDependencies) = postProject
	EndProjectSection
EndProject
Global
	GlobalSection(SolutionConfiguration) = preSolution
		Debug = Debug
		Release = Release
	EndGlobalSection
	GlobalSection(ProjectConfiguration) = postSolution
		{07170543-FECA-1BAD-B750-CBFC5894A180}.Debug.ActiveCfg = Debug|Win32
		{07170543-FECA-1BAD-B750-CBFC5894A180}.Debug.Build.0 = Debug|Win32
		{07170543-FECA-1BAD-B750-CBFC5894A180}.Release.ActiveCfg = Release|Win32
		{07170543-FECA-1BAD-B750-CBFC5894A180}.Release.Build.0 = Release|Win32
		{C2394D56-FECA-1BAD-B750-CBFC5894A180}.Debug.ActiveCfg = Debug|Win32
		{C2394D56-FECA-1BAD-B750-CBFC5894A180}.Debug.Build.0 = Debug|Win32
		{C2394D56-FECA-1BAD-B750-CBFC5894A180}.Release.ActiveCfg = Release|Win32
		{C2394D56-FECA-1BAD-B750-CBFC5894A180}.Release.Build.0 = Release|Win32
		{82E9B867-FECA-1BAD-B750-CBFC5894A180}.Debug.ActiveCfg = Debug|Win32
		{82E9B867-FECA-1BAD-B750-CBFC5894A180}.Debug.Build.0 = Debug|Win32
		{82E9B867-FECA-1BAD-B750-CBFC5894A180}.Release.ActiveCfg = Release|Win32
		{82E9B867-FECA-1BAD-B750-CBFC5894A180}.Release.Build.0 = Release|Win32
		{CD055DE0-FECA-1BAD-B750-CBFC5894A180}.Debug.ActiveCfg = Debug|Win32
		{CD055DE0-FECA-1BAD-B750-CBFC5894A180}.Debug.Build.0 = Debug|Win32
		{CD055DE0-FECA-1BAD-B750-CBFC5894A180}.Release.ActiveCfg = Release|Win32
		{CD055DE0-FECA-1BAD-B750-CBFC5894A180}.Release.Build.0 = Release|Win32
		{07170553-FECA-1BAD-B750-CBFC5894A180}.Debug.ActiveCfg = Debug|Win32
		{07170553-FECA-1BAD-B750-CBFC5894A180}.Debug.Build.0 = Debug|Win32
		{07170553-FECA-1BAD-B750-CBFC5894A180}.Release.ActiveCfg = Release|Win32
		{07170553-FECA-1BAD-B750-CBFC5894A180}.Release.Build.0 = Release|Win32
		{83F7B4A8-FECA-1BAD-B750-CBFC5894A180}.Debug.ActiveCfg = Debug|Win32
		{83F7B4A8-FECA-1BAD-B750-CBFC5894A180}.Debug.Build.0 = Debug|Win32
		{83F7B4A8-FECA-1BAD-B750-CBFC5894A180}.Release.ActiveCfg = Release|Win32
		{83F7B4A8-FECA-1BAD-B750-CBFC5894A180}.Release.Build.0 = Release|Win32
		{EB83A79F-FECA-1BAD-B750-CBFC5894A180}.Debug.ActiveCfg = Debug|Win32
		{EB83A79F-FECA-1BAD-B750-CBFC5894A180}.Debug.Build.0 = Debug|Win32
		{EB83A79F-FECA-1BAD-B750-CBFC5894A180}.Release.ActiveCfg = Release|Win32
		{EB83A79F-FECA-1BAD-B750-CBFC5894A180}.Release.Build.0 = Release|Win32
		{305BABD3-FECA-1BAD-B750-CBFC5894A180}.Debug.ActiveCfg = Debug|Win32
		{305BABD3-FECA-1BAD-B750-CBFC5894A180}.Debug.Build.0 = Debug|Win32
		{305BABD3-FECA-1BAD-B750-CBFC5894A180}.Release.ActiveCfg = Release|Win32
		{305BABD3-FECA-1BAD-B750-CBFC5894A180}.Release.Build.0 = Release|Win32
		{74D52CB8-FECA-1BAD-B750-CBFC5894A180}.Debug.ActiveCfg = Debug|Win32
		{74D52CB8-FECA-1BAD-B750-CBFC5894A180}.Debug.Build.0 = Debug|Win32
		{74D52CB8-FECA-1BAD-B750-CBFC5894A180}.Release.ActiveCfg = Release|Win32
		{74D52CB8-FECA-1BAD-B750-CBFC5894A180}.Release.Build.0 = Release|Win32
		{63A9C85B-FECA-1BAD-B750-CBFC5894A180}.Debug.ActiveCfg = Debug|Win32
		{63A9C85B-FECA-1BAD-B750-CBFC5894A180}.Debug.Build.0 = Debug|Win32
		{63A9C85B-FECA-1BAD-B750-CBFC5894A180}.Release.ActiveCfg = Release|Win32
		{63A9C85B-FECA-1BAD-B750-CBFC5894A180}.Release.Build.0 = Release|Win32
		{831C9E83-FECA-1BAD-B750-CBFC5894A180}.Debug.ActiveCfg = Debug|Win32
		{831C9E83-FECA-1BAD-B750-CBFC5894A180}.Debug.Build.0 = Debug|Win32
		{831C9E83-FECA-1BAD-B750-CBFC5894A180}.Release.ActiveCfg = Release|Win32
		{831C9E83-FECA-1BAD-B750-CBFC5894A180}.Release.Build.0 = Release|Win32
	EndGlobalSection
	GlobalSection(ExtensibilityGlobals) = postSolution
	EndGlobalSection
	GlobalSection(ExtensibilityAddIns) = postSolution
	EndGlobalSection
EndGlobal
