Microsoft Visual Studio Solution File, Format Version 8.00
#
# VC71WorkspaceCreator.pm,v 1.4 2004/03/15 16:04:13 elliott_c Exp
#
# This file was generated by MPC.  Any changes made directly to
# this file will be lost the next time it is generated.
#
# MPC Command:
# bin/mwc.pl -include /tmp/ACE_wrappers_stage-3315/ACE_wrappers/MPC/config -include /tmp/ACE_wrappers_stage-3315/ACE_wrappers/MPC/templates -type vc71 -recurse -hierarchy -relative ACE_ROOT=/tmp/ACE_wrappers_stage-3315/ACE_wrappers -exclude TAO/TAOACE.mwc,TAO/CIAO/CIAOTAO.mwc
Project("{8BC9CEB8-8B4A-11D0-8D11-00A0C91BC942}") = "atm_sap_client", "ATM_SAP\atm_sap_client.vcproj", "{0CF7F326-FECA-1BAD-8562-EC4BE14516D0}"
	ProjectSection(ProjectDependencies) = postProject
	EndProjectSection
EndProject
Project("{8BC9CEB8-8B4A-11D0-8D11-00A0C91BC942}") = "atm_sap_server", "ATM_SAP\atm_sap_server.vcproj", "{6CE7791D-FECA-1BAD-8562-EC4BE14516D0}"
	ProjectSection(ProjectDependencies) = postProject
	EndProjectSection
EndProject
Project("{8BC9CEB8-8B4A-11D0-8D11-00A0C91BC942}") = "dev_sap_reader", "DEV_SAP\reader\dev_sap_reader.vcproj", "{6CE2603D-FECA-1BAD-4A76-D4022617934F}"
	ProjectSection(ProjectDependencies) = postProject
	EndProjectSection
EndProject
Project("{8BC9CEB8-8B4A-11D0-8D11-00A0C91BC942}") = "dev_sap_writer", "DEV_SAP\writer\dev_sap_writer.vcproj", "{6CE6193D-FECA-1BAD-DA76-D4452650034F}"
	ProjectSection(ProjectDependencies) = postProject
	EndProjectSection
EndProject
Project("{8BC9CEB8-8B4A-11D0-8D11-00A0C91BC942}") = "Fifo_Sap_Msg_Client", "FIFO_SAP\Fifo_Sap_Msg_Client.vcproj", "{3114BA16-FECA-1BAD-8564-856979F1BE4E}"
	ProjectSection(ProjectDependencies) = postProject
	EndProjectSection
EndProject
Project("{8BC9CEB8-8B4A-11D0-8D11-00A0C91BC942}") = "Fifo_Sap_Msg_Server", "FIFO_SAP\Fifo_Sap_Msg_Server.vcproj", "{5104302D-FECA-1BAD-8564-856979F1BE4E}"
	ProjectSection(ProjectDependencies) = postProject
	EndProjectSection
EndProject
Project("{8BC9CEB8-8B4A-11D0-8D11-00A0C91BC942}") = "fifo_sap_client", "FIFO_SAP\fifo_sap_client.vcproj", "{0A9ED126-FECA-1BAD-8564-856979F1BE4E}"
	ProjectSection(ProjectDependencies) = postProject
	EndProjectSection
EndProject
Project("{8BC9CEB8-8B4A-11D0-8D11-00A0C91BC942}") = "fifo_sap_server", "FIFO_SAP\fifo_sap_server.vcproj", "{6A8E5B1D-FECA-1BAD-8564-856979F1BE4E}"
	ProjectSection(ProjectDependencies) = postProject
	EndProjectSection
EndProject
Project("{8BC9CEB8-8B4A-11D0-8D11-00A0C91BC942}") = "fifo_sap_test", "FIFO_SAP\fifo_sap_test.vcproj", "{EC67F9B4-FECA-1BAD-8564-856979F1BE4E}"
	ProjectSection(ProjectDependencies) = postProject
	EndProjectSection
EndProject
Project("{8BC9CEB8-8B4A-11D0-8D11-00A0C91BC942}") = "file_sap_client", "FILE_SAP\file_sap_client.vcproj", "{0A9E7B26-FECA-1BAD-FBC0-B3C3795BBE4E}"
	ProjectSection(ProjectDependencies) = postProject
	EndProjectSection
EndProject
Project("{8BC9CEB8-8B4A-11D0-8D11-00A0C91BC942}") = "Sock_Sap_CPP_Inclient", "SOCK_SAP\Sock_Sap_CPP_Inclient.vcproj", "{73E134A8-FECA-1BAD-8565-D33D2FA5BE4F}"
	ProjectSection(ProjectDependencies) = postProject
	EndProjectSection
EndProject
Project("{8BC9CEB8-8B4A-11D0-8D11-00A0C91BC942}") = "Sock_Sap_CPP_Inserver", "SOCK_SAP\Sock_Sap_CPP_Inserver.vcproj", "{13F1BE93-FECA-1BAD-8565-D33D2FA5BE4F}"
	ProjectSection(ProjectDependencies) = postProject
	EndProjectSection
EndProject
Project("{8BC9CEB8-8B4A-11D0-8D11-00A0C91BC942}") = "Sock_Sap_CPP_Memclient", "SOCK_SAP\Sock_Sap_CPP_Memclient.vcproj", "{8CBF2B12-FECA-1BAD-8565-D33D2FA5BE4F}"
	ProjectSection(ProjectDependencies) = postProject
	EndProjectSection
EndProject
Project("{8BC9CEB8-8B4A-11D0-8D11-00A0C91BC942}") = "Sock_Sap_CPP_Memserver", "SOCK_SAP\Sock_Sap_CPP_Memserver.vcproj", "{ECAFA129-FECA-1BAD-8565-D33D2FA5BE4F}"
	ProjectSection(ProjectDependencies) = postProject
	EndProjectSection
EndProject
Project("{8BC9CEB8-8B4A-11D0-8D11-00A0C91BC942}") = "Sock_Sap_CPP_Unserver", "SOCK_SAP\Sock_Sap_CPP_Unserver.vcproj", "{0FF1BE93-FECA-1BAD-8565-D33D2FA5BE4F}"
	ProjectSection(ProjectDependencies) = postProject
	EndProjectSection
EndProject
Project("{8BC9CEB8-8B4A-11D0-8D11-00A0C91BC942}") = "Sock_Sap_C_Inclient", "SOCK_SAP\Sock_Sap_C_Inclient.vcproj", "{8824BB4C-FECA-1BAD-8565-D33D2FA5BE4F}"
	ProjectSection(ProjectDependencies) = postProject
	EndProjectSection
EndProject
Project("{8BC9CEB8-8B4A-11D0-8D11-00A0C91BC942}") = "Sock_Sap_C_Inserver", "SOCK_SAP\Sock_Sap_C_Inserver.vcproj", "{E8343177-FECA-1BAD-8565-D33D2FA5BE4F}"
	ProjectSection(ProjectDependencies) = postProject
	EndProjectSection
EndProject
Project("{8BC9CEB8-8B4A-11D0-8D11-00A0C91BC942}") = "Sock_Sap_FD_Unclient", "SOCK_SAP\Sock_Sap_FD_Unclient.vcproj", "{20D7D517-FECA-1BAD-8565-D33D2FA5BE4F}"
	ProjectSection(ProjectDependencies) = postProject
	EndProjectSection
EndProject
Project("{8BC9CEB8-8B4A-11D0-8D11-00A0C91BC942}") = "SPIPE_SAP_Client", "SPIPE_SAP\SPIPE_SAP_Client.vcproj", "{7AFD9B04-FECA-1BAD-A714-C62301F137B3}"
	ProjectSection(ProjectDependencies) = postProject
	EndProjectSection
EndProject
Project("{8BC9CEB8-8B4A-11D0-8D11-00A0C91BC942}") = "SPIPE_SAP_Consumer_Msg", "SPIPE_SAP\SPIPE_SAP_Consumer_Msg.vcproj", "{BDA5F6E6-FECA-1BAD-A714-C62301F137B3}"
	ProjectSection(ProjectDependencies) = postProject
	EndProjectSection
EndProject
Project("{8BC9CEB8-8B4A-11D0-8D11-00A0C91BC942}") = "SPIPE_SAP_Consumer_Read", "SPIPE_SAP\SPIPE_SAP_Consumer_Read.vcproj", "{231C4D33-FECA-1BAD-A714-C62301F137B3}"
	ProjectSection(ProjectDependencies) = postProject
	EndProjectSection
EndProject
Project("{8BC9CEB8-8B4A-11D0-8D11-00A0C91BC942}") = "SPIPE_SAP_NPClient", "SPIPE_SAP\SPIPE_SAP_NPClient.vcproj", "{9E017CB0-FECA-1BAD-A714-C62301F137B3}"
	ProjectSection(ProjectDependencies) = postProject
	EndProjectSection
EndProject
Project("{8BC9CEB8-8B4A-11D0-8D11-00A0C91BC942}") = "SPIPE_SAP_NPServer", "SPIPE_SAP\SPIPE_SAP_NPServer.vcproj", "{FE11F68B-FECA-1BAD-A714-C62301F137B3}"
	ProjectSection(ProjectDependencies) = postProject
	EndProjectSection
EndProject
Project("{8BC9CEB8-8B4A-11D0-8D11-00A0C91BC942}") = "SPIPE_SAP_Producer_Msg", "SPIPE_SAP\SPIPE_SAP_Producer_Msg.vcproj", "{CD45E436-FECA-1BAD-A714-C62301F137B3}"
	ProjectSection(ProjectDependencies) = postProject
	EndProjectSection
EndProject
Project("{8BC9CEB8-8B4A-11D0-8D11-00A0C91BC942}") = "SPIPE_SAP_Producer_Read", "SPIPE_SAP\SPIPE_SAP_Producer_Read.vcproj", "{2D1D6034-FECA-1BAD-A714-C62301F137B3}"
	ProjectSection(ProjectDependencies) = postProject
	EndProjectSection
EndProject
Project("{8BC9CEB8-8B4A-11D0-8D11-00A0C91BC942}") = "SPIPE_SAP_Server", "SPIPE_SAP\SPIPE_SAP_Server.vcproj", "{1AED113F-FECA-1BAD-A714-C62301F137B3}"
	ProjectSection(ProjectDependencies) = postProject
	EndProjectSection
EndProject
Project("{8BC9CEB8-8B4A-11D0-8D11-00A0C91BC942}") = "TLI_SAP_ATM_Client", "TLI_SAP\TLI_SAP_ATM_Client.vcproj", "{ED169E47-FECA-1BAD-A742-DAEFF5C116D0}"
	ProjectSection(ProjectDependencies) = postProject
	EndProjectSection
EndProject
Project("{8BC9CEB8-8B4A-11D0-8D11-00A0C91BC942}") = "TLI_SAP_ATM_Server", "TLI_SAP\TLI_SAP_ATM_Server.vcproj", "{8D06147C-FECA-1BAD-A742-DAEFF5C116D0}"
	ProjectSection(ProjectDependencies) = postProject
	EndProjectSection
EndProject
Project("{8BC9CEB8-8B4A-11D0-8D11-00A0C91BC942}") = "TLI_SAP_CPP_Client", "TLI_SAP\TLI_SAP_CPP_Client.vcproj", "{B0169E45-FECA-1BAD-A742-DAEFF5C116D0}"
	ProjectSection(ProjectDependencies) = postProject
	EndProjectSection
EndProject
Project("{8BC9CEB8-8B4A-11D0-8D11-00A0C91BC942}") = "TLI_SAP_CPP_Server", "TLI_SAP\TLI_SAP_CPP_Server.vcproj", "{D006147E-FECA-1BAD-A742-DAEFF5C116D0}"
	ProjectSection(ProjectDependencies) = postProject
	EndProjectSection
EndProject
Project("{8BC9CEB8-8B4A-11D0-8D11-00A0C91BC942}") = "TLI_SAP_Db_Client", "TLI_SAP\TLI_SAP_Db_Client.vcproj", "{467BAFFD-FECA-1BAD-A742-DAEFF5C116D0}"
	ProjectSection(ProjectDependencies) = postProject
	EndProjectSection
EndProject
Project("{8BC9CEB8-8B4A-11D0-8D11-00A0C91BC942}") = "TLI_SAP_Db_Server", "TLI_SAP\TLI_SAP_Db_Server.vcproj", "{266B25C6-FECA-1BAD-A742-DAEFF5C116D0}"
	ProjectSection(ProjectDependencies) = postProject
	EndProjectSection
EndProject
Project("{8BC9CEB8-8B4A-11D0-8D11-00A0C91BC942}") = "TLI_SAP_Ftp_Client", "TLI_SAP\TLI_SAP_Ftp_Client.vcproj", "{D0169E42-FECA-1BAD-A742-DAEFF5C116D0}"
	ProjectSection(ProjectDependencies) = postProject
	EndProjectSection
EndProject
Project("{8BC9CEB8-8B4A-11D0-8D11-00A0C91BC942}") = "TLI_SAP_Ftp_Server", "TLI_SAP\TLI_SAP_Ftp_Server.vcproj", "{B0061479-FECA-1BAD-A742-DAEFF5C116D0}"
	ProjectSection(ProjectDependencies) = postProject
	EndProjectSection
EndProject
Project("{8BC9CEB8-8B4A-11D0-8D11-00A0C91BC942}") = "UPIPE_SAP_Ex1", "UPIPE_SAP\UPIPE_SAP_Ex1.vcproj", "{33752B75-FECA-1BAD-A712-C62301F137B5}"
	ProjectSection(ProjectDependencies) = postProject
	EndProjectSection
EndProject
Project("{8BC9CEB8-8B4A-11D0-8D11-00A0C91BC942}") = "UPIPE_SAP_Ex2", "UPIPE_SAP\UPIPE_SAP_Ex2.vcproj", "{03752B75-FECA-1BAD-A712-C62301F137B5}"
	ProjectSection(ProjectDependencies) = postProject
	EndProjectSection
EndProject
Project("{8BC9CEB8-8B4A-11D0-8D11-00A0C91BC942}") = "UPIPE_SAP_Ex3", "UPIPE_SAP\UPIPE_SAP_Ex3.vcproj", "{13752B75-FECA-1BAD-A712-C62301F137B5}"
	ProjectSection(ProjectDependencies) = postProject
	EndProjectSection
EndProject
Global
	GlobalSection(SolutionConfiguration) = preSolution
		Debug = Debug
		Release = Release
	EndGlobalSection
	GlobalSection(ProjectConfiguration) = postSolution
		{0CF7F326-FECA-1BAD-8562-EC4BE14516D0}.Debug.ActiveCfg = Debug|Win32
		{0CF7F326-FECA-1BAD-8562-EC4BE14516D0}.Debug.Build.0 = Debug|Win32
		{0CF7F326-FECA-1BAD-8562-EC4BE14516D0}.Release.ActiveCfg = Release|Win32
		{0CF7F326-FECA-1BAD-8562-EC4BE14516D0}.Release.Build.0 = Release|Win32
		{6CE7791D-FECA-1BAD-8562-EC4BE14516D0}.Debug.ActiveCfg = Debug|Win32
		{6CE7791D-FECA-1BAD-8562-EC4BE14516D0}.Debug.Build.0 = Debug|Win32
		{6CE7791D-FECA-1BAD-8562-EC4BE14516D0}.Release.ActiveCfg = Release|Win32
		{6CE7791D-FECA-1BAD-8562-EC4BE14516D0}.Release.Build.0 = Release|Win32
		{6CE2603D-FECA-1BAD-4A76-D4022617934F}.Debug.ActiveCfg = Debug|Win32
		{6CE2603D-FECA-1BAD-4A76-D4022617934F}.Debug.Build.0 = Debug|Win32
		{6CE2603D-FECA-1BAD-4A76-D4022617934F}.Release.ActiveCfg = Release|Win32
		{6CE2603D-FECA-1BAD-4A76-D4022617934F}.Release.Build.0 = Release|Win32
		{6CE6193D-FECA-1BAD-DA76-D4452650034F}.Debug.ActiveCfg = Debug|Win32
		{6CE6193D-FECA-1BAD-DA76-D4452650034F}.Debug.Build.0 = Debug|Win32
		{6CE6193D-FECA-1BAD-DA76-D4452650034F}.Release.ActiveCfg = Release|Win32
		{6CE6193D-FECA-1BAD-DA76-D4452650034F}.Release.Build.0 = Release|Win32
		{3114BA16-FECA-1BAD-8564-856979F1BE4E}.Debug.ActiveCfg = Debug|Win32
		{3114BA16-FECA-1BAD-8564-856979F1BE4E}.Debug.Build.0 = Debug|Win32
		{3114BA16-FECA-1BAD-8564-856979F1BE4E}.Release.ActiveCfg = Release|Win32
		{3114BA16-FECA-1BAD-8564-856979F1BE4E}.Release.Build.0 = Release|Win32
		{5104302D-FECA-1BAD-8564-856979F1BE4E}.Debug.ActiveCfg = Debug|Win32
		{5104302D-FECA-1BAD-8564-856979F1BE4E}.Debug.Build.0 = Debug|Win32
		{5104302D-FECA-1BAD-8564-856979F1BE4E}.Release.ActiveCfg = Release|Win32
		{5104302D-FECA-1BAD-8564-856979F1BE4E}.Release.Build.0 = Release|Win32
		{0A9ED126-FECA-1BAD-8564-856979F1BE4E}.Debug.ActiveCfg = Debug|Win32
		{0A9ED126-FECA-1BAD-8564-856979F1BE4E}.Debug.Build.0 = Debug|Win32
		{0A9ED126-FECA-1BAD-8564-856979F1BE4E}.Release.ActiveCfg = Release|Win32
		{0A9ED126-FECA-1BAD-8564-856979F1BE4E}.Release.Build.0 = Release|Win32
		{6A8E5B1D-FECA-1BAD-8564-856979F1BE4E}.Debug.ActiveCfg = Debug|Win32
		{6A8E5B1D-FECA-1BAD-8564-856979F1BE4E}.Debug.Build.0 = Debug|Win32
		{6A8E5B1D-FECA-1BAD-8564-856979F1BE4E}.Release.ActiveCfg = Release|Win32
		{6A8E5B1D-FECA-1BAD-8564-856979F1BE4E}.Release.Build.0 = Release|Win32
		{EC67F9B4-FECA-1BAD-8564-856979F1BE4E}.Debug.ActiveCfg = Debug|Win32
		{EC67F9B4-FECA-1BAD-8564-856979F1BE4E}.Debug.Build.0 = Debug|Win32
		{EC67F9B4-FECA-1BAD-8564-856979F1BE4E}.Release.ActiveCfg = Release|Win32
		{EC67F9B4-FECA-1BAD-8564-856979F1BE4E}.Release.Build.0 = Release|Win32
		{0A9E7B26-FECA-1BAD-FBC0-B3C3795BBE4E}.Debug.ActiveCfg = Debug|Win32
		{0A9E7B26-FECA-1BAD-FBC0-B3C3795BBE4E}.Debug.Build.0 = Debug|Win32
		{0A9E7B26-FECA-1BAD-FBC0-B3C3795BBE4E}.Release.ActiveCfg = Release|Win32
		{0A9E7B26-FECA-1BAD-FBC0-B3C3795BBE4E}.Release.Build.0 = Release|Win32
		{73E134A8-FECA-1BAD-8565-D33D2FA5BE4F}.Debug.ActiveCfg = Debug|Win32
		{73E134A8-FECA-1BAD-8565-D33D2FA5BE4F}.Debug.Build.0 = Debug|Win32
		{73E134A8-FECA-1BAD-8565-D33D2FA5BE4F}.Release.ActiveCfg = Release|Win32
		{73E134A8-FECA-1BAD-8565-D33D2FA5BE4F}.Release.Build.0 = Release|Win32
		{13F1BE93-FECA-1BAD-8565-D33D2FA5BE4F}.Debug.ActiveCfg = Debug|Win32
		{13F1BE93-FECA-1BAD-8565-D33D2FA5BE4F}.Debug.Build.0 = Debug|Win32
		{13F1BE93-FECA-1BAD-8565-D33D2FA5BE4F}.Release.ActiveCfg = Release|Win32
		{13F1BE93-FECA-1BAD-8565-D33D2FA5BE4F}.Release.Build.0 = Release|Win32
		{8CBF2B12-FECA-1BAD-8565-D33D2FA5BE4F}.Debug.ActiveCfg = Debug|Win32
		{8CBF2B12-FECA-1BAD-8565-D33D2FA5BE4F}.Debug.Build.0 = Debug|Win32
		{8CBF2B12-FECA-1BAD-8565-D33D2FA5BE4F}.Release.ActiveCfg = Release|Win32
		{8CBF2B12-FECA-1BAD-8565-D33D2FA5BE4F}.Release.Build.0 = Release|Win32
		{ECAFA129-FECA-1BAD-8565-D33D2FA5BE4F}.Debug.ActiveCfg = Debug|Win32
		{ECAFA129-FECA-1BAD-8565-D33D2FA5BE4F}.Debug.Build.0 = Debug|Win32
		{ECAFA129-FECA-1BAD-8565-D33D2FA5BE4F}.Release.ActiveCfg = Release|Win32
		{ECAFA129-FECA-1BAD-8565-D33D2FA5BE4F}.Release.Build.0 = Release|Win32
		{0FF1BE93-FECA-1BAD-8565-D33D2FA5BE4F}.Debug.ActiveCfg = Debug|Win32
		{0FF1BE93-FECA-1BAD-8565-D33D2FA5BE4F}.Debug.Build.0 = Debug|Win32
		{0FF1BE93-FECA-1BAD-8565-D33D2FA5BE4F}.Release.ActiveCfg = Release|Win32
		{0FF1BE93-FECA-1BAD-8565-D33D2FA5BE4F}.Release.Build.0 = Release|Win32
		{8824BB4C-FECA-1BAD-8565-D33D2FA5BE4F}.Debug.ActiveCfg = Debug|Win32
		{8824BB4C-FECA-1BAD-8565-D33D2FA5BE4F}.Debug.Build.0 = Debug|Win32
		{8824BB4C-FECA-1BAD-8565-D33D2FA5BE4F}.Release.ActiveCfg = Release|Win32
		{8824BB4C-FECA-1BAD-8565-D33D2FA5BE4F}.Release.Build.0 = Release|Win32
		{E8343177-FECA-1BAD-8565-D33D2FA5BE4F}.Debug.ActiveCfg = Debug|Win32
		{E8343177-FECA-1BAD-8565-D33D2FA5BE4F}.Debug.Build.0 = Debug|Win32
		{E8343177-FECA-1BAD-8565-D33D2FA5BE4F}.Release.ActiveCfg = Release|Win32
		{E8343177-FECA-1BAD-8565-D33D2FA5BE4F}.Release.Build.0 = Release|Win32
		{20D7D517-FECA-1BAD-8565-D33D2FA5BE4F}.Debug.ActiveCfg = Debug|Win32
		{20D7D517-FECA-1BAD-8565-D33D2FA5BE4F}.Debug.Build.0 = Debug|Win32
		{20D7D517-FECA-1BAD-8565-D33D2FA5BE4F}.Release.ActiveCfg = Release|Win32
		{20D7D517-FECA-1BAD-8565-D33D2FA5BE4F}.Release.Build.0 = Release|Win32
		{7AFD9B04-FECA-1BAD-A714-C62301F137B3}.Debug.ActiveCfg = Debug|Win32
		{7AFD9B04-FECA-1BAD-A714-C62301F137B3}.Debug.Build.0 = Debug|Win32
		{7AFD9B04-FECA-1BAD-A714-C62301F137B3}.Release.ActiveCfg = Release|Win32
		{7AFD9B04-FECA-1BAD-A714-C62301F137B3}.Release.Build.0 = Release|Win32
		{BDA5F6E6-FECA-1BAD-A714-C62301F137B3}.Debug.ActiveCfg = Debug|Win32
		{BDA5F6E6-FECA-1BAD-A714-C62301F137B3}.Debug.Build.0 = Debug|Win32
		{BDA5F6E6-FECA-1BAD-A714-C62301F137B3}.Release.ActiveCfg = Release|Win32
		{BDA5F6E6-FECA-1BAD-A714-C62301F137B3}.Release.Build.0 = Release|Win32
		{231C4D33-FECA-1BAD-A714-C62301F137B3}.Debug.ActiveCfg = Debug|Win32
		{231C4D33-FECA-1BAD-A714-C62301F137B3}.Debug.Build.0 = Debug|Win32
		{231C4D33-FECA-1BAD-A714-C62301F137B3}.Release.ActiveCfg = Release|Win32
		{231C4D33-FECA-1BAD-A714-C62301F137B3}.Release.Build.0 = Release|Win32
		{9E017CB0-FECA-1BAD-A714-C62301F137B3}.Debug.ActiveCfg = Debug|Win32
		{9E017CB0-FECA-1BAD-A714-C62301F137B3}.Debug.Build.0 = Debug|Win32
		{9E017CB0-FECA-1BAD-A714-C62301F137B3}.Release.ActiveCfg = Release|Win32
		{9E017CB0-FECA-1BAD-A714-C62301F137B3}.Release.Build.0 = Release|Win32
		{FE11F68B-FECA-1BAD-A714-C62301F137B3}.Debug.ActiveCfg = Debug|Win32
		{FE11F68B-FECA-1BAD-A714-C62301F137B3}.Debug.Build.0 = Debug|Win32
		{FE11F68B-FECA-1BAD-A714-C62301F137B3}.Release.ActiveCfg = Release|Win32
		{FE11F68B-FECA-1BAD-A714-C62301F137B3}.Release.Build.0 = Release|Win32
		{CD45E436-FECA-1BAD-A714-C62301F137B3}.Debug.ActiveCfg = Debug|Win32
		{CD45E436-FECA-1BAD-A714-C62301F137B3}.Debug.Build.0 = Debug|Win32
		{CD45E436-FECA-1BAD-A714-C62301F137B3}.Release.ActiveCfg = Release|Win32
		{CD45E436-FECA-1BAD-A714-C62301F137B3}.Release.Build.0 = Release|Win32
		{2D1D6034-FECA-1BAD-A714-C62301F137B3}.Debug.ActiveCfg = Debug|Win32
		{2D1D6034-FECA-1BAD-A714-C62301F137B3}.Debug.Build.0 = Debug|Win32
		{2D1D6034-FECA-1BAD-A714-C62301F137B3}.Release.ActiveCfg = Release|Win32
		{2D1D6034-FECA-1BAD-A714-C62301F137B3}.Release.Build.0 = Release|Win32
		{1AED113F-FECA-1BAD-A714-C62301F137B3}.Debug.ActiveCfg = Debug|Win32
		{1AED113F-FECA-1BAD-A714-C62301F137B3}.Debug.Build.0 = Debug|Win32
		{1AED113F-FECA-1BAD-A714-C62301F137B3}.Release.ActiveCfg = Release|Win32
		{1AED113F-FECA-1BAD-A714-C62301F137B3}.Release.Build.0 = Release|Win32
		{ED169E47-FECA-1BAD-A742-DAEFF5C116D0}.Debug.ActiveCfg = Debug|Win32
		{ED169E47-FECA-1BAD-A742-DAEFF5C116D0}.Debug.Build.0 = Debug|Win32
		{ED169E47-FECA-1BAD-A742-DAEFF5C116D0}.Release.ActiveCfg = Release|Win32
		{ED169E47-FECA-1BAD-A742-DAEFF5C116D0}.Release.Build.0 = Release|Win32
		{8D06147C-FECA-1BAD-A742-DAEFF5C116D0}.Debug.ActiveCfg = Debug|Win32
		{8D06147C-FECA-1BAD-A742-DAEFF5C116D0}.Debug.Build.0 = Debug|Win32
		{8D06147C-FECA-1BAD-A742-DAEFF5C116D0}.Release.ActiveCfg = Release|Win32
		{8D06147C-FECA-1BAD-A742-DAEFF5C116D0}.Release.Build.0 = Release|Win32
		{B0169E45-FECA-1BAD-A742-DAEFF5C116D0}.Debug.ActiveCfg = Debug|Win32
		{B0169E45-FECA-1BAD-A742-DAEFF5C116D0}.Debug.Build.0 = Debug|Win32
		{B0169E45-FECA-1BAD-A742-DAEFF5C116D0}.Release.ActiveCfg = Release|Win32
		{B0169E45-FECA-1BAD-A742-DAEFF5C116D0}.Release.Build.0 = Release|Win32
		{D006147E-FECA-1BAD-A742-DAEFF5C116D0}.Debug.ActiveCfg = Debug|Win32
		{D006147E-FECA-1BAD-A742-DAEFF5C116D0}.Debug.Build.0 = Debug|Win32
		{D006147E-FECA-1BAD-A742-DAEFF5C116D0}.Release.ActiveCfg = Release|Win32
		{D006147E-FECA-1BAD-A742-DAEFF5C116D0}.Release.Build.0 = Release|Win32
		{467BAFFD-FECA-1BAD-A742-DAEFF5C116D0}.Debug.ActiveCfg = Debug|Win32
		{467BAFFD-FECA-1BAD-A742-DAEFF5C116D0}.Debug.Build.0 = Debug|Win32
		{467BAFFD-FECA-1BAD-A742-DAEFF5C116D0}.Release.ActiveCfg = Release|Win32
		{467BAFFD-FECA-1BAD-A742-DAEFF5C116D0}.Release.Build.0 = Release|Win32
		{266B25C6-FECA-1BAD-A742-DAEFF5C116D0}.Debug.ActiveCfg = Debug|Win32
		{266B25C6-FECA-1BAD-A742-DAEFF5C116D0}.Debug.Build.0 = Debug|Win32
		{266B25C6-FECA-1BAD-A742-DAEFF5C116D0}.Release.ActiveCfg = Release|Win32
		{266B25C6-FECA-1BAD-A742-DAEFF5C116D0}.Release.Build.0 = Release|Win32
		{D0169E42-FECA-1BAD-A742-DAEFF5C116D0}.Debug.ActiveCfg = Debug|Win32
		{D0169E42-FECA-1BAD-A742-DAEFF5C116D0}.Debug.Build.0 = Debug|Win32
		{D0169E42-FECA-1BAD-A742-DAEFF5C116D0}.Release.ActiveCfg = Release|Win32
		{D0169E42-FECA-1BAD-A742-DAEFF5C116D0}.Release.Build.0 = Release|Win32
		{B0061479-FECA-1BAD-A742-DAEFF5C116D0}.Debug.ActiveCfg = Debug|Win32
		{B0061479-FECA-1BAD-A742-DAEFF5C116D0}.Debug.Build.0 = Debug|Win32
		{B0061479-FECA-1BAD-A742-DAEFF5C116D0}.Release.ActiveCfg = Release|Win32
		{B0061479-FECA-1BAD-A742-DAEFF5C116D0}.Release.Build.0 = Release|Win32
		{33752B75-FECA-1BAD-A712-C62301F137B5}.Debug.ActiveCfg = Debug|Win32
		{33752B75-FECA-1BAD-A712-C62301F137B5}.Debug.Build.0 = Debug|Win32
		{33752B75-FECA-1BAD-A712-C62301F137B5}.Release.ActiveCfg = Release|Win32
		{33752B75-FECA-1BAD-A712-C62301F137B5}.Release.Build.0 = Release|Win32
		{03752B75-FECA-1BAD-A712-C62301F137B5}.Debug.ActiveCfg = Debug|Win32
		{03752B75-FECA-1BAD-A712-C62301F137B5}.Debug.Build.0 = Debug|Win32
		{03752B75-FECA-1BAD-A712-C62301F137B5}.Release.ActiveCfg = Release|Win32
		{03752B75-FECA-1BAD-A712-C62301F137B5}.Release.Build.0 = Release|Win32
		{13752B75-FECA-1BAD-A712-C62301F137B5}.Debug.ActiveCfg = Debug|Win32
		{13752B75-FECA-1BAD-A712-C62301F137B5}.Debug.Build.0 = Debug|Win32
		{13752B75-FECA-1BAD-A712-C62301F137B5}.Release.ActiveCfg = Release|Win32
		{13752B75-FECA-1BAD-A712-C62301F137B5}.Release.Build.0 = Release|Win32
	EndGlobalSection
	GlobalSection(ExtensibilityGlobals) = postSolution
	EndGlobalSection
	GlobalSection(ExtensibilityAddIns) = postSolution
	EndGlobalSection
EndGlobal
