Microsoft Visual Studio Solution File, Format Version 8.00
#
# VC71WorkspaceCreator.pm,v 1.4 2004/03/15 16:04:13 elliott_c Exp
#
# This file was generated by MPC.  Any changes made directly to
# this file will be lost the next time it is generated.
#
# MPC Command:
# bin/mwc.pl -include /tmp/ACE_wrappers_stage-3315/ACE_wrappers/MPC/config -include /tmp/ACE_wrappers_stage-3315/ACE_wrappers/MPC/templates -type vc71 -recurse -hierarchy -relative ACE_ROOT=/tmp/ACE_wrappers_stage-3315/ACE_wrappers -exclude TAO/TAOACE.mwc,TAO/CIAO/CIAOTAO.mwc
Project("{8BC9CEB8-8B4A-11D0-8D11-00A0C91BC942}") = "Reactor_Dgram", "Dgram\Reactor_Dgram.vcproj", "{D17A17A9-FECA-1BAD-333D-0D8552FF3829}"
	ProjectSection(ProjectDependencies) = postProject
	EndProjectSection
EndProject
Project("{8BC9CEB8-8B4A-11D0-8D11-00A0C91BC942}") = "Reactor_Dgram_CO", "Dgram\Reactor_Dgram_CO.vcproj", "{3F374EAA-FECA-1BAD-333D-0D8552FF3829}"
	ProjectSection(ProjectDependencies) = postProject
	EndProjectSection
EndProject
Project("{8BC9CEB8-8B4A-11D0-8D11-00A0C91BC942}") = "Reactor_FIFO_Client", "FIFO\Reactor_FIFO_Client.vcproj", "{3799A5CD-FECA-1BAD-6E59-A21D452FFEEA}"
	ProjectSection(ProjectDependencies) = postProject
	EndProjectSection
EndProject
Project("{8BC9CEB8-8B4A-11D0-8D11-00A0C91BC942}") = "Reactor_FIFO_Server", "FIFO\Reactor_FIFO_Server.vcproj", "{57892FF6-FECA-1BAD-6E59-A21D452FFEEA}"
	ProjectSection(ProjectDependencies) = postProject
	EndProjectSection
EndProject
Project("{8BC9CEB8-8B4A-11D0-8D11-00A0C91BC942}") = "Reactor_Misc_Demuxing", "Misc\Reactor_Misc_Demuxing.vcproj", "{C340A740-FECA-1BAD-FD25-A21D452F6D96}"
	ProjectSection(ProjectDependencies) = postProject
	EndProjectSection
EndProject
Project("{8BC9CEB8-8B4A-11D0-8D11-00A0C91BC942}") = "Reactor_Misc_Early_Timeouts", "Misc\Reactor_Misc_Early_Timeouts.vcproj", "{996456F8-FECA-1BAD-FD25-A21D452F6D96}"
	ProjectSection(ProjectDependencies) = postProject
	EndProjectSection
EndProject
Project("{8BC9CEB8-8B4A-11D0-8D11-00A0C91BC942}") = "Reactor_Misc_Notification", "Misc\Reactor_Misc_Notification.vcproj", "{C4D3869F-FECA-1BAD-FD25-A21D452F6D96}"
	ProjectSection(ProjectDependencies) = postProject
	EndProjectSection
EndProject
Project("{8BC9CEB8-8B4A-11D0-8D11-00A0C91BC942}") = "Reactor_Misc_Reactors", "Misc\Reactor_Misc_Reactors.vcproj", "{954DCB3D-FECA-1BAD-FD25-A21D452F6D96}"
	ProjectSection(ProjectDependencies) = postProject
	EndProjectSection
EndProject
Project("{8BC9CEB8-8B4A-11D0-8D11-00A0C91BC942}") = "Reactor_Misc_Signals_1", "Misc\Reactor_Misc_Signals_1.vcproj", "{E1F3DDDE-FECA-1BAD-FD25-A21D452F6D96}"
	ProjectSection(ProjectDependencies) = postProject
	EndProjectSection
EndProject
Project("{8BC9CEB8-8B4A-11D0-8D11-00A0C91BC942}") = "Reactor_Misc_Signals_2", "Misc\Reactor_Misc_Signals_2.vcproj", "{D1F3DDDE-FECA-1BAD-FD25-A21D452F6D96}"
	ProjectSection(ProjectDependencies) = postProject
	EndProjectSection
EndProject
Project("{8BC9CEB8-8B4A-11D0-8D11-00A0C91BC942}") = "Reactor_Misc_Timer_Queue", "Misc\Reactor_Misc_Timer_Queue.vcproj", "{24AC3F11-FECA-1BAD-FD25-A21D452F6D96}"
	ProjectSection(ProjectDependencies) = postProject
	EndProjectSection
EndProject
Project("{8BC9CEB8-8B4A-11D0-8D11-00A0C91BC942}") = "Reactor_Multicast_Client", "Multicast\Reactor_Multicast_Client.vcproj", "{C6BDB672-FECA-1BAD-D1A8-860E077B04B3}"
	ProjectSection(ProjectDependencies) = postProject
	EndProjectSection
EndProject
Project("{8BC9CEB8-8B4A-11D0-8D11-00A0C91BC942}") = "Reactor_Multicast_Server", "Multicast\Reactor_Multicast_Server.vcproj", "{A6AD3C49-FECA-1BAD-D1A8-860E077B04B3}"
	ProjectSection(ProjectDependencies) = postProject
	EndProjectSection
EndProject
Project("{8BC9CEB8-8B4A-11D0-8D11-00A0C91BC942}") = "Reactor_Ntalker", "Ntalker\Reactor_Ntalker.vcproj", "{77D57A60-FECA-1BAD-EFA7-6773F41BF970}"
	ProjectSection(ProjectDependencies) = postProject
	EndProjectSection
EndProject
Project("{8BC9CEB8-8B4A-11D0-8D11-00A0C91BC942}") = "Proactor_Cancel", "Proactor\Proactor_Cancel.vcproj", "{6BC59B8B-FECA-1BAD-4285-FEF4A75207AC}"
	ProjectSection(ProjectDependencies) = postProject
	EndProjectSection
EndProject
Project("{8BC9CEB8-8B4A-11D0-8D11-00A0C91BC942}") = "Proactor_End_Event_Loops", "Proactor\Proactor_End_Event_Loops.vcproj", "{0C6EB215-FECA-1BAD-4285-FEF4A75207AC}"
	ProjectSection(ProjectDependencies) = postProject
	EndProjectSection
EndProject
Project("{8BC9CEB8-8B4A-11D0-8D11-00A0C91BC942}") = "Proactor_Multiple_Loops", "Proactor\Proactor_Multiple_Loops.vcproj", "{F1C17171-FECA-1BAD-4285-FEF4A75207AC}"
	ProjectSection(ProjectDependencies) = postProject
	EndProjectSection
EndProject
Project("{8BC9CEB8-8B4A-11D0-8D11-00A0C91BC942}") = "Proactor_Post_Completions", "Proactor\Proactor_Post_Completions.vcproj", "{6DB502D8-FECA-1BAD-4285-FEF4A75207AC}"
	ProjectSection(ProjectDependencies) = postProject
	EndProjectSection
EndProject
Project("{8BC9CEB8-8B4A-11D0-8D11-00A0C91BC942}") = "Proactor_Proactor", "Proactor\Proactor_Proactor.vcproj", "{DADA4230-FECA-1BAD-4285-FEF4A75207AC}"
	ProjectSection(ProjectDependencies) = postProject
	EndProjectSection
EndProject
Project("{8BC9CEB8-8B4A-11D0-8D11-00A0C91BC942}") = "Proactor_Timeout", "Proactor\Proactor_Timeout.vcproj", "{4462B330-FECA-1BAD-4285-FEF4A75207AC}"
	ProjectSection(ProjectDependencies) = postProject
	EndProjectSection
EndProject
Project("{8BC9CEB8-8B4A-11D0-8D11-00A0C91BC942}") = "Proactor_Udp_Proactor", "Proactor\Proactor_Udp_Proactor.vcproj", "{ECCFD710-FECA-1BAD-4285-FEF4A75207AC}"
	ProjectSection(ProjectDependencies) = postProject
	EndProjectSection
EndProject
Project("{8BC9CEB8-8B4A-11D0-8D11-00A0C91BC942}") = "WFMO_Reactor_APC", "WFMO_Reactor\WFMO_Reactor_APC.vcproj", "{3E05A59D-FECA-1BAD-701A-2E51E119A3DD}"
	ProjectSection(ProjectDependencies) = postProject
	EndProjectSection
EndProject
Project("{8BC9CEB8-8B4A-11D0-8D11-00A0C91BC942}") = "WFMO_Reactor_Abandoned", "WFMO_Reactor\WFMO_Reactor_Abandoned.vcproj", "{5E5B5CC8-FECA-1BAD-701A-2E51E119A3DD}"
	ProjectSection(ProjectDependencies) = postProject
	EndProjectSection
EndProject
Project("{8BC9CEB8-8B4A-11D0-8D11-00A0C91BC942}") = "WFMO_Reactor_Console_Input", "WFMO_Reactor\WFMO_Reactor_Console_Input.vcproj", "{F2DE975A-FECA-1BAD-701A-2E51E119A3DD}"
	ProjectSection(ProjectDependencies) = postProject
	EndProjectSection
EndProject
Project("{8BC9CEB8-8B4A-11D0-8D11-00A0C91BC942}") = "WFMO_Reactor_Directory_Changes", "WFMO_Reactor\WFMO_Reactor_Directory_Changes.vcproj", "{BF3E4FDC-FECA-1BAD-701A-2E51E119A3DD}"
	ProjectSection(ProjectDependencies) = postProject
	EndProjectSection
EndProject
Project("{8BC9CEB8-8B4A-11D0-8D11-00A0C91BC942}") = "WFMO_Reactor_Exceptions", "WFMO_Reactor\WFMO_Reactor_Exceptions.vcproj", "{CE534615-FECA-1BAD-701A-2E51E119A3DD}"
	ProjectSection(ProjectDependencies) = postProject
	EndProjectSection
EndProject
Project("{8BC9CEB8-8B4A-11D0-8D11-00A0C91BC942}") = "WFMO_Reactor_Handle_Close", "WFMO_Reactor\WFMO_Reactor_Handle_Close.vcproj", "{23123455-FECA-1BAD-701A-2E51E119A3DD}"
	ProjectSection(ProjectDependencies) = postProject
	EndProjectSection
EndProject
Project("{8BC9CEB8-8B4A-11D0-8D11-00A0C91BC942}") = "WFMO_Reactor_Multithreading", "WFMO_Reactor\WFMO_Reactor_Multithreading.vcproj", "{6B590F3C-FECA-1BAD-701A-2E51E119A3DD}"
	ProjectSection(ProjectDependencies) = postProject
	EndProjectSection
EndProject
Project("{8BC9CEB8-8B4A-11D0-8D11-00A0C91BC942}") = "WFMO_Reactor_Network_Events", "WFMO_Reactor\WFMO_Reactor_Network_Events.vcproj", "{4AAA6661-FECA-1BAD-701A-2E51E119A3DD}"
	ProjectSection(ProjectDependencies) = postProject
	EndProjectSection
EndProject
Project("{8BC9CEB8-8B4A-11D0-8D11-00A0C91BC942}") = "WFMO_Reactor_Prerun_State_Changes", "WFMO_Reactor\WFMO_Reactor_Prerun_State_Changes.vcproj", "{31FD4D9A-FECA-1BAD-701A-2E51E119A3DD}"
	ProjectSection(ProjectDependencies) = postProject
	EndProjectSection
EndProject
Project("{8BC9CEB8-8B4A-11D0-8D11-00A0C91BC942}") = "WFMO_Reactor_Registration", "WFMO_Reactor\WFMO_Reactor_Registration.vcproj", "{5D2D1660-FECA-1BAD-701A-2E51E119A3DD}"
	ProjectSection(ProjectDependencies) = postProject
	EndProjectSection
EndProject
Project("{8BC9CEB8-8B4A-11D0-8D11-00A0C91BC942}") = "WFMO_Reactor_Registry_Changes", "WFMO_Reactor\WFMO_Reactor_Registry_Changes.vcproj", "{D25998A0-FECA-1BAD-701A-2E51E119A3DD}"
	ProjectSection(ProjectDependencies) = postProject
	EndProjectSection
EndProject
Project("{8BC9CEB8-8B4A-11D0-8D11-00A0C91BC942}") = "WFMO_Reactor_Removals", "WFMO_Reactor\WFMO_Reactor_Removals.vcproj", "{190D84FC-FECA-1BAD-701A-2E51E119A3DD}"
	ProjectSection(ProjectDependencies) = postProject
	EndProjectSection
EndProject
Project("{8BC9CEB8-8B4A-11D0-8D11-00A0C91BC942}") = "WFMO_Reactor_Suspended_Removals", "WFMO_Reactor\WFMO_Reactor_Suspended_Removals.vcproj", "{AB2C6BD0-FECA-1BAD-701A-2E51E119A3DD}"
	ProjectSection(ProjectDependencies) = postProject
	EndProjectSection
EndProject
Project("{8BC9CEB8-8B4A-11D0-8D11-00A0C91BC942}") = "WFMO_Reactor_Talker", "WFMO_Reactor\WFMO_Reactor_Talker.vcproj", "{14023C38-FECA-1BAD-701A-2E51E119A3DD}"
	ProjectSection(ProjectDependencies) = postProject
	EndProjectSection
EndProject
Project("{8BC9CEB8-8B4A-11D0-8D11-00A0C91BC942}") = "WFMO_Reactor_Timeouts", "WFMO_Reactor\WFMO_Reactor_Timeouts.vcproj", "{1FCD3CA4-FECA-1BAD-701A-2E51E119A3DD}"
	ProjectSection(ProjectDependencies) = postProject
	EndProjectSection
EndProject
Project("{8BC9CEB8-8B4A-11D0-8D11-00A0C91BC942}") = "WFMO_Reactor_Window_Messages", "WFMO_Reactor\WFMO_Reactor_Window_Messages.vcproj", "{727C860B-FECA-1BAD-701A-2E51E119A3DD}"
	ProjectSection(ProjectDependencies) = postProject
	EndProjectSection
EndProject
Global
	GlobalSection(SolutionConfiguration) = preSolution
		Debug = Debug
		Release = Release
	EndGlobalSection
	GlobalSection(ProjectConfiguration) = postSolution
		{D17A17A9-FECA-1BAD-333D-0D8552FF3829}.Debug.ActiveCfg = Debug|Win32
		{D17A17A9-FECA-1BAD-333D-0D8552FF3829}.Debug.Build.0 = Debug|Win32
		{D17A17A9-FECA-1BAD-333D-0D8552FF3829}.Release.ActiveCfg = Release|Win32
		{D17A17A9-FECA-1BAD-333D-0D8552FF3829}.Release.Build.0 = Release|Win32
		{3F374EAA-FECA-1BAD-333D-0D8552FF3829}.Debug.ActiveCfg = Debug|Win32
		{3F374EAA-FECA-1BAD-333D-0D8552FF3829}.Debug.Build.0 = Debug|Win32
		{3F374EAA-FECA-1BAD-333D-0D8552FF3829}.Release.ActiveCfg = Release|Win32
		{3F374EAA-FECA-1BAD-333D-0D8552FF3829}.Release.Build.0 = Release|Win32
		{3799A5CD-FECA-1BAD-6E59-A21D452FFEEA}.Debug.ActiveCfg = Debug|Win32
		{3799A5CD-FECA-1BAD-6E59-A21D452FFEEA}.Debug.Build.0 = Debug|Win32
		{3799A5CD-FECA-1BAD-6E59-A21D452FFEEA}.Release.ActiveCfg = Release|Win32
		{3799A5CD-FECA-1BAD-6E59-A21D452FFEEA}.Release.Build.0 = Release|Win32
		{57892FF6-FECA-1BAD-6E59-A21D452FFEEA}.Debug.ActiveCfg = Debug|Win32
		{57892FF6-FECA-1BAD-6E59-A21D452FFEEA}.Debug.Build.0 = Debug|Win32
		{57892FF6-FECA-1BAD-6E59-A21D452FFEEA}.Release.ActiveCfg = Release|Win32
		{57892FF6-FECA-1BAD-6E59-A21D452FFEEA}.Release.Build.0 = Release|Win32
		{C340A740-FECA-1BAD-FD25-A21D452F6D96}.Debug.ActiveCfg = Debug|Win32
		{C340A740-FECA-1BAD-FD25-A21D452F6D96}.Debug.Build.0 = Debug|Win32
		{C340A740-FECA-1BAD-FD25-A21D452F6D96}.Release.ActiveCfg = Release|Win32
		{C340A740-FECA-1BAD-FD25-A21D452F6D96}.Release.Build.0 = Release|Win32
		{996456F8-FECA-1BAD-FD25-A21D452F6D96}.Debug.ActiveCfg = Debug|Win32
		{996456F8-FECA-1BAD-FD25-A21D452F6D96}.Debug.Build.0 = Debug|Win32
		{996456F8-FECA-1BAD-FD25-A21D452F6D96}.Release.ActiveCfg = Release|Win32
		{996456F8-FECA-1BAD-FD25-A21D452F6D96}.Release.Build.0 = Release|Win32
		{C4D3869F-FECA-1BAD-FD25-A21D452F6D96}.Debug.ActiveCfg = Debug|Win32
		{C4D3869F-FECA-1BAD-FD25-A21D452F6D96}.Debug.Build.0 = Debug|Win32
		{C4D3869F-FECA-1BAD-FD25-A21D452F6D96}.Release.ActiveCfg = Release|Win32
		{C4D3869F-FECA-1BAD-FD25-A21D452F6D96}.Release.Build.0 = Release|Win32
		{954DCB3D-FECA-1BAD-FD25-A21D452F6D96}.Debug.ActiveCfg = Debug|Win32
		{954DCB3D-FECA-1BAD-FD25-A21D452F6D96}.Debug.Build.0 = Debug|Win32
		{954DCB3D-FECA-1BAD-FD25-A21D452F6D96}.Release.ActiveCfg = Release|Win32
		{954DCB3D-FECA-1BAD-FD25-A21D452F6D96}.Release.Build.0 = Release|Win32
		{E1F3DDDE-FECA-1BAD-FD25-A21D452F6D96}.Debug.ActiveCfg = Debug|Win32
		{E1F3DDDE-FECA-1BAD-FD25-A21D452F6D96}.Debug.Build.0 = Debug|Win32
		{E1F3DDDE-FECA-1BAD-FD25-A21D452F6D96}.Release.ActiveCfg = Release|Win32
		{E1F3DDDE-FECA-1BAD-FD25-A21D452F6D96}.Release.Build.0 = Release|Win32
		{D1F3DDDE-FECA-1BAD-FD25-A21D452F6D96}.Debug.ActiveCfg = Debug|Win32
		{D1F3DDDE-FECA-1BAD-FD25-A21D452F6D96}.Debug.Build.0 = Debug|Win32
		{D1F3DDDE-FECA-1BAD-FD25-A21D452F6D96}.Release.ActiveCfg = Release|Win32
		{D1F3DDDE-FECA-1BAD-FD25-A21D452F6D96}.Release.Build.0 = Release|Win32
		{24AC3F11-FECA-1BAD-FD25-A21D452F6D96}.Debug.ActiveCfg = Debug|Win32
		{24AC3F11-FECA-1BAD-FD25-A21D452F6D96}.Debug.Build.0 = Debug|Win32
		{24AC3F11-FECA-1BAD-FD25-A21D452F6D96}.Release.ActiveCfg = Release|Win32
		{24AC3F11-FECA-1BAD-FD25-A21D452F6D96}.Release.Build.0 = Release|Win32
		{C6BDB672-FECA-1BAD-D1A8-860E077B04B3}.Debug.ActiveCfg = Debug|Win32
		{C6BDB672-FECA-1BAD-D1A8-860E077B04B3}.Debug.Build.0 = Debug|Win32
		{C6BDB672-FECA-1BAD-D1A8-860E077B04B3}.Release.ActiveCfg = Release|Win32
		{C6BDB672-FECA-1BAD-D1A8-860E077B04B3}.Release.Build.0 = Release|Win32
		{A6AD3C49-FECA-1BAD-D1A8-860E077B04B3}.Debug.ActiveCfg = Debug|Win32
		{A6AD3C49-FECA-1BAD-D1A8-860E077B04B3}.Debug.Build.0 = Debug|Win32
		{A6AD3C49-FECA-1BAD-D1A8-860E077B04B3}.Release.ActiveCfg = Release|Win32
		{A6AD3C49-FECA-1BAD-D1A8-860E077B04B3}.Release.Build.0 = Release|Win32
		{77D57A60-FECA-1BAD-EFA7-6773F41BF970}.Debug.ActiveCfg = Debug|Win32
		{77D57A60-FECA-1BAD-EFA7-6773F41BF970}.Debug.Build.0 = Debug|Win32
		{77D57A60-FECA-1BAD-EFA7-6773F41BF970}.Release.ActiveCfg = Release|Win32
		{77D57A60-FECA-1BAD-EFA7-6773F41BF970}.Release.Build.0 = Release|Win32
		{6BC59B8B-FECA-1BAD-4285-FEF4A75207AC}.Debug.ActiveCfg = Debug|Win32
		{6BC59B8B-FECA-1BAD-4285-FEF4A75207AC}.Debug.Build.0 = Debug|Win32
		{6BC59B8B-FECA-1BAD-4285-FEF4A75207AC}.Release.ActiveCfg = Release|Win32
		{6BC59B8B-FECA-1BAD-4285-FEF4A75207AC}.Release.Build.0 = Release|Win32
		{0C6EB215-FECA-1BAD-4285-FEF4A75207AC}.Debug.ActiveCfg = Debug|Win32
		{0C6EB215-FECA-1BAD-4285-FEF4A75207AC}.Debug.Build.0 = Debug|Win32
		{0C6EB215-FECA-1BAD-4285-FEF4A75207AC}.Release.ActiveCfg = Release|Win32
		{0C6EB215-FECA-1BAD-4285-FEF4A75207AC}.Release.Build.0 = Release|Win32
		{F1C17171-FECA-1BAD-4285-FEF4A75207AC}.Debug.ActiveCfg = Debug|Win32
		{F1C17171-FECA-1BAD-4285-FEF4A75207AC}.Debug.Build.0 = Debug|Win32
		{F1C17171-FECA-1BAD-4285-FEF4A75207AC}.Release.ActiveCfg = Release|Win32
		{F1C17171-FECA-1BAD-4285-FEF4A75207AC}.Release.Build.0 = Release|Win32
		{6DB502D8-FECA-1BAD-4285-FEF4A75207AC}.Debug.ActiveCfg = Debug|Win32
		{6DB502D8-FECA-1BAD-4285-FEF4A75207AC}.Debug.Build.0 = Debug|Win32
		{6DB502D8-FECA-1BAD-4285-FEF4A75207AC}.Release.ActiveCfg = Release|Win32
		{6DB502D8-FECA-1BAD-4285-FEF4A75207AC}.Release.Build.0 = Release|Win32
		{DADA4230-FECA-1BAD-4285-FEF4A75207AC}.Debug.ActiveCfg = Debug|Win32
		{DADA4230-FECA-1BAD-4285-FEF4A75207AC}.Debug.Build.0 = Debug|Win32
		{DADA4230-FECA-1BAD-4285-FEF4A75207AC}.Release.ActiveCfg = Release|Win32
		{DADA4230-FECA-1BAD-4285-FEF4A75207AC}.Release.Build.0 = Release|Win32
		{4462B330-FECA-1BAD-4285-FEF4A75207AC}.Debug.ActiveCfg = Debug|Win32
		{4462B330-FECA-1BAD-4285-FEF4A75207AC}.Debug.Build.0 = Debug|Win32
		{4462B330-FECA-1BAD-4285-FEF4A75207AC}.Release.ActiveCfg = Release|Win32
		{4462B330-FECA-1BAD-4285-FEF4A75207AC}.Release.Build.0 = Release|Win32
		{ECCFD710-FECA-1BAD-4285-FEF4A75207AC}.Debug.ActiveCfg = Debug|Win32
		{ECCFD710-FECA-1BAD-4285-FEF4A75207AC}.Debug.Build.0 = Debug|Win32
		{ECCFD710-FECA-1BAD-4285-FEF4A75207AC}.Release.ActiveCfg = Release|Win32
		{ECCFD710-FECA-1BAD-4285-FEF4A75207AC}.Release.Build.0 = Release|Win32
		{3E05A59D-FECA-1BAD-701A-2E51E119A3DD}.Debug.ActiveCfg = Debug|Win32
		{3E05A59D-FECA-1BAD-701A-2E51E119A3DD}.Debug.Build.0 = Debug|Win32
		{3E05A59D-FECA-1BAD-701A-2E51E119A3DD}.Release.ActiveCfg = Release|Win32
		{3E05A59D-FECA-1BAD-701A-2E51E119A3DD}.Release.Build.0 = Release|Win32
		{5E5B5CC8-FECA-1BAD-701A-2E51E119A3DD}.Debug.ActiveCfg = Debug|Win32
		{5E5B5CC8-FECA-1BAD-701A-2E51E119A3DD}.Debug.Build.0 = Debug|Win32
		{5E5B5CC8-FECA-1BAD-701A-2E51E119A3DD}.Release.ActiveCfg = Release|Win32
		{5E5B5CC8-FECA-1BAD-701A-2E51E119A3DD}.Release.Build.0 = Release|Win32
		{F2DE975A-FECA-1BAD-701A-2E51E119A3DD}.Debug.ActiveCfg = Debug|Win32
		{F2DE975A-FECA-1BAD-701A-2E51E119A3DD}.Debug.Build.0 = Debug|Win32
		{F2DE975A-FECA-1BAD-701A-2E51E119A3DD}.Release.ActiveCfg = Release|Win32
		{F2DE975A-FECA-1BAD-701A-2E51E119A3DD}.Release.Build.0 = Release|Win32
		{BF3E4FDC-FECA-1BAD-701A-2E51E119A3DD}.Debug.ActiveCfg = Debug|Win32
		{BF3E4FDC-FECA-1BAD-701A-2E51E119A3DD}.Debug.Build.0 = Debug|Win32
		{BF3E4FDC-FECA-1BAD-701A-2E51E119A3DD}.Release.ActiveCfg = Release|Win32
		{BF3E4FDC-FECA-1BAD-701A-2E51E119A3DD}.Release.Build.0 = Release|Win32
		{CE534615-FECA-1BAD-701A-2E51E119A3DD}.Debug.ActiveCfg = Debug|Win32
		{CE534615-FECA-1BAD-701A-2E51E119A3DD}.Debug.Build.0 = Debug|Win32
		{CE534615-FECA-1BAD-701A-2E51E119A3DD}.Release.ActiveCfg = Release|Win32
		{CE534615-FECA-1BAD-701A-2E51E119A3DD}.Release.Build.0 = Release|Win32
		{23123455-FECA-1BAD-701A-2E51E119A3DD}.Debug.ActiveCfg = Debug|Win32
		{23123455-FECA-1BAD-701A-2E51E119A3DD}.Debug.Build.0 = Debug|Win32
		{23123455-FECA-1BAD-701A-2E51E119A3DD}.Release.ActiveCfg = Release|Win32
		{23123455-FECA-1BAD-701A-2E51E119A3DD}.Release.Build.0 = Release|Win32
		{6B590F3C-FECA-1BAD-701A-2E51E119A3DD}.Debug.ActiveCfg = Debug|Win32
		{6B590F3C-FECA-1BAD-701A-2E51E119A3DD}.Debug.Build.0 = Debug|Win32
		{6B590F3C-FECA-1BAD-701A-2E51E119A3DD}.Release.ActiveCfg = Release|Win32
		{6B590F3C-FECA-1BAD-701A-2E51E119A3DD}.Release.Build.0 = Release|Win32
		{4AAA6661-FECA-1BAD-701A-2E51E119A3DD}.Debug.ActiveCfg = Debug|Win32
		{4AAA6661-FECA-1BAD-701A-2E51E119A3DD}.Debug.Build.0 = Debug|Win32
		{4AAA6661-FECA-1BAD-701A-2E51E119A3DD}.Release.ActiveCfg = Release|Win32
		{4AAA6661-FECA-1BAD-701A-2E51E119A3DD}.Release.Build.0 = Release|Win32
		{31FD4D9A-FECA-1BAD-701A-2E51E119A3DD}.Debug.ActiveCfg = Debug|Win32
		{31FD4D9A-FECA-1BAD-701A-2E51E119A3DD}.Debug.Build.0 = Debug|Win32
		{31FD4D9A-FECA-1BAD-701A-2E51E119A3DD}.Release.ActiveCfg = Release|Win32
		{31FD4D9A-FECA-1BAD-701A-2E51E119A3DD}.Release.Build.0 = Release|Win32
		{5D2D1660-FECA-1BAD-701A-2E51E119A3DD}.Debug.ActiveCfg = Debug|Win32
		{5D2D1660-FECA-1BAD-701A-2E51E119A3DD}.Debug.Build.0 = Debug|Win32
		{5D2D1660-FECA-1BAD-701A-2E51E119A3DD}.Release.ActiveCfg = Release|Win32
		{5D2D1660-FECA-1BAD-701A-2E51E119A3DD}.Release.Build.0 = Release|Win32
		{D25998A0-FECA-1BAD-701A-2E51E119A3DD}.Debug.ActiveCfg = Debug|Win32
		{D25998A0-FECA-1BAD-701A-2E51E119A3DD}.Debug.Build.0 = Debug|Win32
		{D25998A0-FECA-1BAD-701A-2E51E119A3DD}.Release.ActiveCfg = Release|Win32
		{D25998A0-FECA-1BAD-701A-2E51E119A3DD}.Release.Build.0 = Release|Win32
		{190D84FC-FECA-1BAD-701A-2E51E119A3DD}.Debug.ActiveCfg = Debug|Win32
		{190D84FC-FECA-1BAD-701A-2E51E119A3DD}.Debug.Build.0 = Debug|Win32
		{190D84FC-FECA-1BAD-701A-2E51E119A3DD}.Release.ActiveCfg = Release|Win32
		{190D84FC-FECA-1BAD-701A-2E51E119A3DD}.Release.Build.0 = Release|Win32
		{AB2C6BD0-FECA-1BAD-701A-2E51E119A3DD}.Debug.ActiveCfg = Debug|Win32
		{AB2C6BD0-FECA-1BAD-701A-2E51E119A3DD}.Debug.Build.0 = Debug|Win32
		{AB2C6BD0-FECA-1BAD-701A-2E51E119A3DD}.Release.ActiveCfg = Release|Win32
		{AB2C6BD0-FECA-1BAD-701A-2E51E119A3DD}.Release.Build.0 = Release|Win32
		{14023C38-FECA-1BAD-701A-2E51E119A3DD}.Debug.ActiveCfg = Debug|Win32
		{14023C38-FECA-1BAD-701A-2E51E119A3DD}.Debug.Build.0 = Debug|Win32
		{14023C38-FECA-1BAD-701A-2E51E119A3DD}.Release.ActiveCfg = Release|Win32
		{14023C38-FECA-1BAD-701A-2E51E119A3DD}.Release.Build.0 = Release|Win32
		{1FCD3CA4-FECA-1BAD-701A-2E51E119A3DD}.Debug.ActiveCfg = Debug|Win32
		{1FCD3CA4-FECA-1BAD-701A-2E51E119A3DD}.Debug.Build.0 = Debug|Win32
		{1FCD3CA4-FECA-1BAD-701A-2E51E119A3DD}.Release.ActiveCfg = Release|Win32
		{1FCD3CA4-FECA-1BAD-701A-2E51E119A3DD}.Release.Build.0 = Release|Win32
		{727C860B-FECA-1BAD-701A-2E51E119A3DD}.Debug.ActiveCfg = Debug|Win32
		{727C860B-FECA-1BAD-701A-2E51E119A3DD}.Debug.Build.0 = Debug|Win32
		{727C860B-FECA-1BAD-701A-2E51E119A3DD}.Release.ActiveCfg = Release|Win32
		{727C860B-FECA-1BAD-701A-2E51E119A3DD}.Release.Build.0 = Release|Win32
	EndGlobalSection
	GlobalSection(ExtensibilityGlobals) = postSolution
	EndGlobalSection
	GlobalSection(ExtensibilityAddIns) = postSolution
	EndGlobalSection
EndGlobal
