Microsoft Visual Studio Solution File, Format Version 8.00
#
# VC71WorkspaceCreator.pm,v 1.4 2004/03/15 16:04:13 elliott_c Exp
#
# This file was generated by MPC.  Any changes made directly to
# this file will be lost the next time it is generated.
#
# MPC Command:
# bin/mwc.pl -include /tmp/ACE_wrappers_stage-3315/ACE_wrappers/MPC/config -include /tmp/ACE_wrappers_stage-3315/ACE_wrappers/MPC/templates -type vc71 -recurse -hierarchy -relative ACE_ROOT=/tmp/ACE_wrappers_stage-3315/ACE_wrappers -exclude TAO/TAOACE.mwc,TAO/CIAO/CIAOTAO.mwc
Project("{8BC9CEB8-8B4A-11D0-8D11-00A0C91BC942}") = "Atomic_Op", "Atomic_Op.vcproj", "{4B9F8226-FECA-1BAD-2D78-F933A5BC405F}"
	ProjectSection(ProjectDependencies) = postProject
	EndProjectSection
EndProject
Project("{8BC9CEB8-8B4A-11D0-8D11-00A0C91BC942}") = "Barrier", "Barrier.vcproj", "{0D422068-FECA-1BAD-2D78-F933A5BC405F}"
	ProjectSection(ProjectDependencies) = postProject
	EndProjectSection
EndProject
Project("{8BC9CEB8-8B4A-11D0-8D11-00A0C91BC942}") = "Mutex", "Mutex.vcproj", "{A900D6B8-FECA-1BAD-2D78-F933A5BC405F}"
	ProjectSection(ProjectDependencies) = postProject
	EndProjectSection
EndProject
Project("{8BC9CEB8-8B4A-11D0-8D11-00A0C91BC942}") = "RW_Lock", "RW_Lock.vcproj", "{9C76CE0F-FECA-1BAD-2D78-F933A5BC405F}"
	ProjectSection(ProjectDependencies) = postProject
	EndProjectSection
EndProject
Project("{8BC9CEB8-8B4A-11D0-8D11-00A0C91BC942}") = "Semaphore", "Semaphore.vcproj", "{2AB21A1B-FECA-1BAD-2D78-F933A5BC405F}"
	ProjectSection(ProjectDependencies) = postProject
	EndProjectSection
EndProject
Project("{8BC9CEB8-8B4A-11D0-8D11-00A0C91BC942}") = "TSS", "TSS.vcproj", "{1904718C-FECA-1BAD-2D78-F933A5BC405F}"
	ProjectSection(ProjectDependencies) = postProject
	EndProjectSection
EndProject
Project("{8BC9CEB8-8B4A-11D0-8D11-00A0C91BC942}") = "Tokens", "Tokens.vcproj", "{1956E9A3-FECA-1BAD-2D78-F933A5BC405F}"
	ProjectSection(ProjectDependencies) = postProject
	EndProjectSection
EndProject
Project("{8BC9CEB8-8B4A-11D0-8D11-00A0C91BC942}") = "Tokens_Deadlock", "Tokens_Deadlock.vcproj", "{2E1A8D99-FECA-1BAD-2D78-F933A5BC405F}"
	ProjectSection(ProjectDependencies) = postProject
	EndProjectSection
EndProject
Global
	GlobalSection(SolutionConfiguration) = preSolution
		Debug = Debug
		Release = Release
	EndGlobalSection
	GlobalSection(ProjectConfiguration) = postSolution
		{4B9F8226-FECA-1BAD-2D78-F933A5BC405F}.Debug.ActiveCfg = Debug|Win32
		{4B9F8226-FECA-1BAD-2D78-F933A5BC405F}.Debug.Build.0 = Debug|Win32
		{4B9F8226-FECA-1BAD-2D78-F933A5BC405F}.Release.ActiveCfg = Release|Win32
		{4B9F8226-FECA-1BAD-2D78-F933A5BC405F}.Release.Build.0 = Release|Win32
		{0D422068-FECA-1BAD-2D78-F933A5BC405F}.Debug.ActiveCfg = Debug|Win32
		{0D422068-FECA-1BAD-2D78-F933A5BC405F}.Debug.Build.0 = Debug|Win32
		{0D422068-FECA-1BAD-2D78-F933A5BC405F}.Release.ActiveCfg = Release|Win32
		{0D422068-FECA-1BAD-2D78-F933A5BC405F}.Release.Build.0 = Release|Win32
		{A900D6B8-FECA-1BAD-2D78-F933A5BC405F}.Debug.ActiveCfg = Debug|Win32
		{A900D6B8-FECA-1BAD-2D78-F933A5BC405F}.Debug.Build.0 = Debug|Win32
		{A900D6B8-FECA-1BAD-2D78-F933A5BC405F}.Release.ActiveCfg = Release|Win32
		{A900D6B8-FECA-1BAD-2D78-F933A5BC405F}.Release.Build.0 = Release|Win32
		{9C76CE0F-FECA-1BAD-2D78-F933A5BC405F}.Debug.ActiveCfg = Debug|Win32
		{9C76CE0F-FECA-1BAD-2D78-F933A5BC405F}.Debug.Build.0 = Debug|Win32
		{9C76CE0F-FECA-1BAD-2D78-F933A5BC405F}.Release.ActiveCfg = Release|Win32
		{9C76CE0F-FECA-1BAD-2D78-F933A5BC405F}.Release.Build.0 = Release|Win32
		{2AB21A1B-FECA-1BAD-2D78-F933A5BC405F}.Debug.ActiveCfg = Debug|Win32
		{2AB21A1B-FECA-1BAD-2D78-F933A5BC405F}.Debug.Build.0 = Debug|Win32
		{2AB21A1B-FECA-1BAD-2D78-F933A5BC405F}.Release.ActiveCfg = Release|Win32
		{2AB21A1B-FECA-1BAD-2D78-F933A5BC405F}.Release.Build.0 = Release|Win32
		{1904718C-FECA-1BAD-2D78-F933A5BC405F}.Debug.ActiveCfg = Debug|Win32
		{1904718C-FECA-1BAD-2D78-F933A5BC405F}.Debug.Build.0 = Debug|Win32
		{1904718C-FECA-1BAD-2D78-F933A5BC405F}.Release.ActiveCfg = Release|Win32
		{1904718C-FECA-1BAD-2D78-F933A5BC405F}.Release.Build.0 = Release|Win32
		{1956E9A3-FECA-1BAD-2D78-F933A5BC405F}.Debug.ActiveCfg = Debug|Win32
		{1956E9A3-FECA-1BAD-2D78-F933A5BC405F}.Debug.Build.0 = Debug|Win32
		{1956E9A3-FECA-1BAD-2D78-F933A5BC405F}.Release.ActiveCfg = Release|Win32
		{1956E9A3-FECA-1BAD-2D78-F933A5BC405F}.Release.Build.0 = Release|Win32
		{2E1A8D99-FECA-1BAD-2D78-F933A5BC405F}.Debug.ActiveCfg = Debug|Win32
		{2E1A8D99-FECA-1BAD-2D78-F933A5BC405F}.Debug.Build.0 = Debug|Win32
		{2E1A8D99-FECA-1BAD-2D78-F933A5BC405F}.Release.ActiveCfg = Release|Win32
		{2E1A8D99-FECA-1BAD-2D78-F933A5BC405F}.Release.Build.0 = Release|Win32
	EndGlobalSection
	GlobalSection(ExtensibilityGlobals) = postSolution
	EndGlobalSection
	GlobalSection(ExtensibilityAddIns) = postSolution
	EndGlobalSection
EndGlobal
