Microsoft Visual Studio Solution File, Format Version 8.00
#
# VC71WorkspaceCreator.pm,v 1.4 2004/03/15 16:04:13 elliott_c Exp
#
# This file was generated by MPC.  Any changes made directly to
# this file will be lost the next time it is generated.
#
# MPC Command:
# bin/mwc.pl -include /tmp/ACE_wrappers_stage-3315/ACE_wrappers/MPC/config -include /tmp/ACE_wrappers_stage-3315/ACE_wrappers/MPC/templates -type vc71 -static -name_modifier *_Static -apply_project -exclude TAO/CIAO,TAO/TAOACE.mwc -recurse -hierarchy -relative ACE_ROOT=/tmp/ACE_wrappers_stage-3315/ACE_wrappers
Project("{8BC9CEB8-8B4A-11D0-8D11-00A0C91BC942}") = "adainset_Static", "adainset_Static.vcproj", "{3ED22D20-FECA-1BAD-2431-8A11E482C8A2}"
	ProjectSection(ProjectDependencies) = postProject
	EndProjectSection
EndProject
Project("{8BC9CEB8-8B4A-11D0-8D11-00A0C91BC942}") = "cinset_Static", "cinset_Static.vcproj", "{38A60D20-FECA-1BAD-2431-8A11E482C8A2}"
	ProjectSection(ProjectDependencies) = postProject
	EndProjectSection
EndProject
Project("{8BC9CEB8-8B4A-11D0-8D11-00A0C91BC942}") = "cppinset_Static", "cppinset_Static.vcproj", "{3EE73D20-FECA-1BAD-2431-8A11E482C8A2}"
	ProjectSection(ProjectDependencies) = postProject
	EndProjectSection
EndProject
Project("{8BC9CEB8-8B4A-11D0-8D11-00A0C91BC942}") = "iinset2_Static", "iinset2_Static.vcproj", "{6ECFABE7-FECA-1BAD-2431-8A11E482C8A2}"
	ProjectSection(ProjectDependencies) = postProject
	EndProjectSection
EndProject
Project("{8BC9CEB8-8B4A-11D0-8D11-00A0C91BC942}") = "iinset_Static", "iinset_Static.vcproj", "{38A6AD20-FECA-1BAD-2431-8A11E482C8A2}"
	ProjectSection(ProjectDependencies) = postProject
	EndProjectSection
EndProject
Project("{8BC9CEB8-8B4A-11D0-8D11-00A0C91BC942}") = "m3inset_Static", "m3inset_Static.vcproj", "{38CE0D20-FECA-1BAD-2431-8A11E482C8A2}"
	ProjectSection(ProjectDependencies) = postProject
	EndProjectSection
EndProject
Project("{8BC9CEB8-8B4A-11D0-8D11-00A0C91BC942}") = "pinset_Static", "pinset_Static.vcproj", "{38A73D20-FECA-1BAD-2431-8A11E482C8A2}"
	ProjectSection(ProjectDependencies) = postProject
	EndProjectSection
EndProject
Project("{8BC9CEB8-8B4A-11D0-8D11-00A0C91BC942}") = "preinset_Static", "preinset_Static.vcproj", "{3FD46D20-FECA-1BAD-2431-8A11E482C8A2}"
	ProjectSection(ProjectDependencies) = postProject
	EndProjectSection
EndProject
Project("{8BC9CEB8-8B4A-11D0-8D11-00A0C91BC942}") = "taoinset_Static", "taoinset_Static.vcproj", "{3F87CD20-FECA-1BAD-2431-8A11E482C8A2}"
	ProjectSection(ProjectDependencies) = postProject
	EndProjectSection
EndProject
Project("{8BC9CEB8-8B4A-11D0-8D11-00A0C91BC942}") = "tinset_Static", "tinset_Static.vcproj", "{38A77D20-FECA-1BAD-2431-8A11E482C8A2}"
	ProjectSection(ProjectDependencies) = postProject
	EndProjectSection
EndProject
Global
	GlobalSection(SolutionConfiguration) = preSolution
		Debug = Debug
		Release = Release
	EndGlobalSection
	GlobalSection(ProjectConfiguration) = postSolution
		{3ED22D20-FECA-1BAD-2431-8A11E482C8A2}.Debug.ActiveCfg = Debug|Win32
		{3ED22D20-FECA-1BAD-2431-8A11E482C8A2}.Debug.Build.0 = Debug|Win32
		{3ED22D20-FECA-1BAD-2431-8A11E482C8A2}.Release.ActiveCfg = Release|Win32
		{3ED22D20-FECA-1BAD-2431-8A11E482C8A2}.Release.Build.0 = Release|Win32
		{38A60D20-FECA-1BAD-2431-8A11E482C8A2}.Debug.ActiveCfg = Debug|Win32
		{38A60D20-FECA-1BAD-2431-8A11E482C8A2}.Debug.Build.0 = Debug|Win32
		{38A60D20-FECA-1BAD-2431-8A11E482C8A2}.Release.ActiveCfg = Release|Win32
		{38A60D20-FECA-1BAD-2431-8A11E482C8A2}.Release.Build.0 = Release|Win32
		{3EE73D20-FECA-1BAD-2431-8A11E482C8A2}.Debug.ActiveCfg = Debug|Win32
		{3EE73D20-FECA-1BAD-2431-8A11E482C8A2}.Debug.Build.0 = Debug|Win32
		{3EE73D20-FECA-1BAD-2431-8A11E482C8A2}.Release.ActiveCfg = Release|Win32
		{3EE73D20-FECA-1BAD-2431-8A11E482C8A2}.Release.Build.0 = Release|Win32
		{6ECFABE7-FECA-1BAD-2431-8A11E482C8A2}.Debug.ActiveCfg = Debug|Win32
		{6ECFABE7-FECA-1BAD-2431-8A11E482C8A2}.Debug.Build.0 = Debug|Win32
		{6ECFABE7-FECA-1BAD-2431-8A11E482C8A2}.Release.ActiveCfg = Release|Win32
		{6ECFABE7-FECA-1BAD-2431-8A11E482C8A2}.Release.Build.0 = Release|Win32
		{38A6AD20-FECA-1BAD-2431-8A11E482C8A2}.Debug.ActiveCfg = Debug|Win32
		{38A6AD20-FECA-1BAD-2431-8A11E482C8A2}.Debug.Build.0 = Debug|Win32
		{38A6AD20-FECA-1BAD-2431-8A11E482C8A2}.Release.ActiveCfg = Release|Win32
		{38A6AD20-FECA-1BAD-2431-8A11E482C8A2}.Release.Build.0 = Release|Win32
		{38CE0D20-FECA-1BAD-2431-8A11E482C8A2}.Debug.ActiveCfg = Debug|Win32
		{38CE0D20-FECA-1BAD-2431-8A11E482C8A2}.Debug.Build.0 = Debug|Win32
		{38CE0D20-FECA-1BAD-2431-8A11E482C8A2}.Release.ActiveCfg = Release|Win32
		{38CE0D20-FECA-1BAD-2431-8A11E482C8A2}.Release.Build.0 = Release|Win32
		{38A73D20-FECA-1BAD-2431-8A11E482C8A2}.Debug.ActiveCfg = Debug|Win32
		{38A73D20-FECA-1BAD-2431-8A11E482C8A2}.Debug.Build.0 = Debug|Win32
		{38A73D20-FECA-1BAD-2431-8A11E482C8A2}.Release.ActiveCfg = Release|Win32
		{38A73D20-FECA-1BAD-2431-8A11E482C8A2}.Release.Build.0 = Release|Win32
		{3FD46D20-FECA-1BAD-2431-8A11E482C8A2}.Debug.ActiveCfg = Debug|Win32
		{3FD46D20-FECA-1BAD-2431-8A11E482C8A2}.Debug.Build.0 = Debug|Win32
		{3FD46D20-FECA-1BAD-2431-8A11E482C8A2}.Release.ActiveCfg = Release|Win32
		{3FD46D20-FECA-1BAD-2431-8A11E482C8A2}.Release.Build.0 = Release|Win32
		{3F87CD20-FECA-1BAD-2431-8A11E482C8A2}.Debug.ActiveCfg = Debug|Win32
		{3F87CD20-FECA-1BAD-2431-8A11E482C8A2}.Debug.Build.0 = Debug|Win32
		{3F87CD20-FECA-1BAD-2431-8A11E482C8A2}.Release.ActiveCfg = Release|Win32
		{3F87CD20-FECA-1BAD-2431-8A11E482C8A2}.Release.Build.0 = Release|Win32
		{38A77D20-FECA-1BAD-2431-8A11E482C8A2}.Debug.ActiveCfg = Debug|Win32
		{38A77D20-FECA-1BAD-2431-8A11E482C8A2}.Debug.Build.0 = Debug|Win32
		{38A77D20-FECA-1BAD-2431-8A11E482C8A2}.Release.ActiveCfg = Release|Win32
		{38A77D20-FECA-1BAD-2431-8A11E482C8A2}.Release.Build.0 = Release|Win32
	EndGlobalSection
	GlobalSection(ExtensibilityGlobals) = postSolution
	EndGlobalSection
	GlobalSection(ExtensibilityAddIns) = postSolution
	EndGlobalSection
EndGlobal
