Microsoft Visual Studio Solution File, Format Version 8.00
Project("{8BC9CEB8-8B4A-11D0-8D11-00A0C91BC942}") = "libAR", "libAR\SRC\AR\libAR.vcproj", "{191F78D2-7A53-4EAF-94E9-433DF5496E6E}"
	ProjectSection(ProjectDependencies) = postProject
	EndProjectSection
EndProject
Project("{8BC9CEB8-8B4A-11D0-8D11-00A0C91BC942}") = "libARgsub", "libAR\SRC\Gl\libARgsub.vcproj", "{1CB7F08A-A8E5-457B-A589-9878F126601D}"
	ProjectSection(ProjectDependencies) = postProject
	EndProjectSection
EndProject
Project("{8BC9CEB8-8B4A-11D0-8D11-00A0C91BC942}") = "libARvideo", "libAR\SRC\VideoWin32DirectShow\libARvideo.vcproj", "{89E3CB14-46DF-46BB-B87F-CC653045B14C}"
	ProjectSection(ProjectDependencies) = postProject
	EndProjectSection
EndProject
Project("{8BC9CEB8-8B4A-11D0-8D11-00A0C91BC942}") = "simpleTest", "examples\simple\simpleTest.vcproj", "{89E3CB14-46DF-46BB-B87F-CC653045B14C}"
	ProjectSection(ProjectDependencies) = postProject
	EndProjectSection
EndProject
Project("{8BC9CEB8-8B4A-11D0-8D11-00A0C91BC942}") = "mk_patt", "util\mk_patt\mk_patt.vcproj", "{89E3CB14-46DF-46BB-B87F-CC653045B14C}"
	ProjectSection(ProjectDependencies) = postProject
	EndProjectSection
EndProject
Global
	GlobalSection(SolutionConfiguration) = preSolution
		Debug = Debug
		Release = Release
		Release (Intel) = Release (Intel)
	EndGlobalSection
	GlobalSection(ProjectConfiguration) = postSolution
		{191F78D2-7A53-4EAF-94E9-433DF5496E6E}.Debug.ActiveCfg = Debug|Win32
		{191F78D2-7A53-4EAF-94E9-433DF5496E6E}.Debug.Build.0 = Debug|Win32
		{191F78D2-7A53-4EAF-94E9-433DF5496E6E}.Release.ActiveCfg = Release|Win32
		{191F78D2-7A53-4EAF-94E9-433DF5496E6E}.Release.Build.0 = Release|Win32
		{191F78D2-7A53-4EAF-94E9-433DF5496E6E}.Release (Intel).ActiveCfg = Release (Intel)|Win32
		{191F78D2-7A53-4EAF-94E9-433DF5496E6E}.Release (Intel).Build.0 = Release (Intel)|Win32
		{1CB7F08A-A8E5-457B-A589-9878F126601D}.Debug.ActiveCfg = Debug|Win32
		{1CB7F08A-A8E5-457B-A589-9878F126601D}.Debug.Build.0 = Debug|Win32
		{1CB7F08A-A8E5-457B-A589-9878F126601D}.Release.ActiveCfg = Release|Win32
		{1CB7F08A-A8E5-457B-A589-9878F126601D}.Release.Build.0 = Release|Win32
		{1CB7F08A-A8E5-457B-A589-9878F126601D}.Release (Intel).ActiveCfg = Release (Intel)|Win32
		{1CB7F08A-A8E5-457B-A589-9878F126601D}.Release (Intel).Build.0 = Release (Intel)|Win32
		{89E3CB14-46DF-46BB-B87F-CC653045B14C}.Debug.ActiveCfg = Debug|Win32
		{89E3CB14-46DF-46BB-B87F-CC653045B14C}.Debug.Build.0 = Debug|Win32
		{89E3CB14-46DF-46BB-B87F-CC653045B14C}.Release.ActiveCfg = Release|Win32
		{89E3CB14-46DF-46BB-B87F-CC653045B14C}.Release.Build.0 = Release|Win32
		{89E3CB14-46DF-46BB-B87F-CC653045B14C}.Release (Intel).ActiveCfg = Release (Intel)|Win32
		{89E3CB14-46DF-46BB-B87F-CC653045B14C}.Release (Intel).Build.0 = Release (Intel)|Win32
		{89E3CB14-46DF-46BB-B87F-CC653045B14C}.Debug.ActiveCfg = Debug|Win32
		{89E3CB14-46DF-46BB-B87F-CC653045B14C}.Debug.Build.0 = Debug|Win32
		{89E3CB14-46DF-46BB-B87F-CC653045B14C}.Release.ActiveCfg = Release (Intel)|Win32
		{89E3CB14-46DF-46BB-B87F-CC653045B14C}.Release.Build.0 = Release (Intel)|Win32
		{89E3CB14-46DF-46BB-B87F-CC653045B14C}.Release (Intel).ActiveCfg = Release (Intel)|Win32
		{89E3CB14-46DF-46BB-B87F-CC653045B14C}.Release (Intel).Build.0 = Release (Intel)|Win32
		{89E3CB14-46DF-46BB-B87F-CC653045B14C}.Debug.ActiveCfg = Debug|Win32
		{89E3CB14-46DF-46BB-B87F-CC653045B14C}.Debug.Build.0 = Debug|Win32
		{89E3CB14-46DF-46BB-B87F-CC653045B14C}.Release.ActiveCfg = Release (Intel)|Win32
		{89E3CB14-46DF-46BB-B87F-CC653045B14C}.Release.Build.0 = Release (Intel)|Win32
		{89E3CB14-46DF-46BB-B87F-CC653045B14C}.Release (Intel).ActiveCfg = Release (Intel)|Win32
		{89E3CB14-46DF-46BB-B87F-CC653045B14C}.Release (Intel).Build.0 = Release (Intel)|Win32
	EndGlobalSection
	GlobalSection(ExtensibilityGlobals) = postSolution
	EndGlobalSection
	GlobalSection(ExtensibilityAddIns) = postSolution
	EndGlobalSection
EndGlobal
