Microsoft Visual Studio Solution File, Format Version 8.00
#
# VC71WorkspaceCreator.pm,v 1.4 2004/03/15 16:04:13 elliott_c Exp
#
# This file was generated by MPC.  Any changes made directly to
# this file will be lost the next time it is generated.
#
# MPC Command:
# bin/mwc.pl -include /tmp/ACE_wrappers_stage-3315/ACE_wrappers/MPC/config -include /tmp/ACE_wrappers_stage-3315/ACE_wrappers/MPC/templates -type vc71 -recurse -hierarchy -relative ACE_ROOT=/tmp/ACE_wrappers_stage-3315/ACE_wrappers -exclude TAO/TAOACE.mwc,TAO/CIAO/CIAOTAO.mwc
Project("{8BC9CEB8-8B4A-11D0-8D11-00A0C91BC942}") = "ASX_CCM_App_Client", "CCM_App\ASX_CCM_App_Client.vcproj", "{7106A351-FECA-1BAD-F21F-3D1BA1AAEB11}"
	ProjectSection(ProjectDependencies) = postProject
		{1116296A-FECA-1BAD-F21F-3D1BA1AAEB11} = {1116296A-FECA-1BAD-F21F-3D1BA1AAEB11}
	EndProjectSection
EndProject
Project("{8BC9CEB8-8B4A-11D0-8D11-00A0C91BC942}") = "ASX_CCM_App_Lib", "CCM_App\ASX_CCM_App_Lib.vcproj", "{8625F442-FECA-1BAD-F21F-3D1BA1AAEB11}"
	ProjectSection(ProjectDependencies) = postProject
	EndProjectSection
EndProject
Project("{8BC9CEB8-8B4A-11D0-8D11-00A0C91BC942}") = "ASX_CCM_App_Server", "CCM_App\ASX_CCM_App_Server.vcproj", "{1116296A-FECA-1BAD-F21F-3D1BA1AAEB11}"
	ProjectSection(ProjectDependencies) = postProject
		{8625F442-FECA-1BAD-F21F-3D1BA1AAEB11} = {8625F442-FECA-1BAD-F21F-3D1BA1AAEB11}
	EndProjectSection
EndProject
Project("{8BC9CEB8-8B4A-11D0-8D11-00A0C91BC942}") = "Event_Server", "Event_Server\Event_Server\Event_Server.vcproj", "{98A1139B-FECA-1BAD-0000-0000C995B49A}"
	ProjectSection(ProjectDependencies) = postProject
	EndProjectSection
EndProject
Project("{8BC9CEB8-8B4A-11D0-8D11-00A0C91BC942}") = "Transceiver", "Event_Server\Transceiver\Transceiver.vcproj", "{70514FAC-FECA-1BAD-0000-0000886F8F2D}"
	ProjectSection(ProjectDependencies) = postProject
	EndProjectSection
EndProject
Project("{8BC9CEB8-8B4A-11D0-8D11-00A0C91BC942}") = "ASX_Message_Queue_Bounded_Buffer", "Message_Queue\ASX_Message_Queue_Bounded_Buffer.vcproj", "{1B78DA0C-FECA-1BAD-1624-F77E710BC43F}"
	ProjectSection(ProjectDependencies) = postProject
	EndProjectSection
EndProject
Project("{8BC9CEB8-8B4A-11D0-8D11-00A0C91BC942}") = "ASX_Message_Queue_Buffer_Stream", "Message_Queue\ASX_Message_Queue_Buffer_Stream.vcproj", "{BC9CC27C-FECA-1BAD-1624-F77E710BC43F}"
	ProjectSection(ProjectDependencies) = postProject
	EndProjectSection
EndProject
Project("{8BC9CEB8-8B4A-11D0-8D11-00A0C91BC942}") = "ASX_Message_Queue_Priority_Buffer", "Message_Queue\ASX_Message_Queue_Priority_Buffer.vcproj", "{08146DB4-FECA-1BAD-1624-F77E710BC43F}"
	ProjectSection(ProjectDependencies) = postProject
	EndProjectSection
EndProject
Project("{8BC9CEB8-8B4A-11D0-8D11-00A0C91BC942}") = "UPIPE_Event_Server", "UPIPE_Event_Server\UPIPE_Event_Server.vcproj", "{D4E1E3CB-FECA-1BAD-0000-0000FB8F6B72}"
	ProjectSection(ProjectDependencies) = postProject
	EndProjectSection
EndProject
Global
	GlobalSection(SolutionConfiguration) = preSolution
		Debug = Debug
		Release = Release
	EndGlobalSection
	GlobalSection(ProjectConfiguration) = postSolution
		{7106A351-FECA-1BAD-F21F-3D1BA1AAEB11}.Debug.ActiveCfg = Debug|Win32
		{7106A351-FECA-1BAD-F21F-3D1BA1AAEB11}.Debug.Build.0 = Debug|Win32
		{7106A351-FECA-1BAD-F21F-3D1BA1AAEB11}.Release.ActiveCfg = Release|Win32
		{7106A351-FECA-1BAD-F21F-3D1BA1AAEB11}.Release.Build.0 = Release|Win32
		{8625F442-FECA-1BAD-F21F-3D1BA1AAEB11}.Debug.ActiveCfg = Debug|Win32
		{8625F442-FECA-1BAD-F21F-3D1BA1AAEB11}.Debug.Build.0 = Debug|Win32
		{8625F442-FECA-1BAD-F21F-3D1BA1AAEB11}.Release.ActiveCfg = Release|Win32
		{8625F442-FECA-1BAD-F21F-3D1BA1AAEB11}.Release.Build.0 = Release|Win32
		{1116296A-FECA-1BAD-F21F-3D1BA1AAEB11}.Debug.ActiveCfg = Debug|Win32
		{1116296A-FECA-1BAD-F21F-3D1BA1AAEB11}.Debug.Build.0 = Debug|Win32
		{1116296A-FECA-1BAD-F21F-3D1BA1AAEB11}.Release.ActiveCfg = Release|Win32
		{1116296A-FECA-1BAD-F21F-3D1BA1AAEB11}.Release.Build.0 = Release|Win32
		{98A1139B-FECA-1BAD-0000-0000C995B49A}.Debug.ActiveCfg = Debug|Win32
		{98A1139B-FECA-1BAD-0000-0000C995B49A}.Debug.Build.0 = Debug|Win32
		{98A1139B-FECA-1BAD-0000-0000C995B49A}.Release.ActiveCfg = Release|Win32
		{98A1139B-FECA-1BAD-0000-0000C995B49A}.Release.Build.0 = Release|Win32
		{70514FAC-FECA-1BAD-0000-0000886F8F2D}.Debug.ActiveCfg = Debug|Win32
		{70514FAC-FECA-1BAD-0000-0000886F8F2D}.Debug.Build.0 = Debug|Win32
		{70514FAC-FECA-1BAD-0000-0000886F8F2D}.Release.ActiveCfg = Release|Win32
		{70514FAC-FECA-1BAD-0000-0000886F8F2D}.Release.Build.0 = Release|Win32
		{1B78DA0C-FECA-1BAD-1624-F77E710BC43F}.Debug.ActiveCfg = Debug|Win32
		{1B78DA0C-FECA-1BAD-1624-F77E710BC43F}.Debug.Build.0 = Debug|Win32
		{1B78DA0C-FECA-1BAD-1624-F77E710BC43F}.Release.ActiveCfg = Release|Win32
		{1B78DA0C-FECA-1BAD-1624-F77E710BC43F}.Release.Build.0 = Release|Win32
		{BC9CC27C-FECA-1BAD-1624-F77E710BC43F}.Debug.ActiveCfg = Debug|Win32
		{BC9CC27C-FECA-1BAD-1624-F77E710BC43F}.Debug.Build.0 = Debug|Win32
		{BC9CC27C-FECA-1BAD-1624-F77E710BC43F}.Release.ActiveCfg = Release|Win32
		{BC9CC27C-FECA-1BAD-1624-F77E710BC43F}.Release.Build.0 = Release|Win32
		{08146DB4-FECA-1BAD-1624-F77E710BC43F}.Debug.ActiveCfg = Debug|Win32
		{08146DB4-FECA-1BAD-1624-F77E710BC43F}.Debug.Build.0 = Debug|Win32
		{08146DB4-FECA-1BAD-1624-F77E710BC43F}.Release.ActiveCfg = Release|Win32
		{08146DB4-FECA-1BAD-1624-F77E710BC43F}.Release.Build.0 = Release|Win32
		{D4E1E3CB-FECA-1BAD-0000-0000FB8F6B72}.Debug.ActiveCfg = Debug|Win32
		{D4E1E3CB-FECA-1BAD-0000-0000FB8F6B72}.Debug.Build.0 = Debug|Win32
		{D4E1E3CB-FECA-1BAD-0000-0000FB8F6B72}.Release.ActiveCfg = Release|Win32
		{D4E1E3CB-FECA-1BAD-0000-0000FB8F6B72}.Release.Build.0 = Release|Win32
	EndGlobalSection
	GlobalSection(ExtensibilityGlobals) = postSolution
	EndGlobalSection
	GlobalSection(ExtensibilityAddIns) = postSolution
	EndGlobalSection
EndGlobal
