Microsoft Visual Studio Solution File, Format Version 8.00
#
# VC71WorkspaceCreator.pm,v 1.4 2004/03/15 16:04:13 elliott_c Exp
#
# This file was generated by MPC.  Any changes made directly to
# this file will be lost the next time it is generated.
#
# MPC Command:
# bin/mwc.pl -include /tmp/ACE_wrappers_stage-3315/ACE_wrappers/MPC/config -include /tmp/ACE_wrappers_stage-3315/ACE_wrappers/MPC/templates -type vc71 -static -name_modifier *_Static -apply_project -exclude TAO/CIAO,TAO/TAOACE.mwc -recurse -hierarchy -relative ACE_ROOT=/tmp/ACE_wrappers_stage-3315/ACE_wrappers
Project("{8BC9CEB8-8B4A-11D0-8D11-00A0C91BC942}") = "WFMO_Reactor_APC_Static", "WFMO_Reactor_APC_Static.vcproj", "{6DD04FA5-FECA-1BAD-701A-2E51E119A3DD}"
	ProjectSection(ProjectDependencies) = postProject
	EndProjectSection
EndProject
Project("{8BC9CEB8-8B4A-11D0-8D11-00A0C91BC942}") = "WFMO_Reactor_Abandoned_Static", "WFMO_Reactor_Abandoned_Static.vcproj", "{3BD5A030-FECA-1BAD-701A-2E51E119A3DD}"
	ProjectSection(ProjectDependencies) = postProject
	EndProjectSection
EndProject
Project("{8BC9CEB8-8B4A-11D0-8D11-00A0C91BC942}") = "WFMO_Reactor_Console_Input_Static", "WFMO_Reactor_Console_Input_Static.vcproj", "{111DFC89-FECA-1BAD-701A-2E51E119A3DD}"
	ProjectSection(ProjectDependencies) = postProject
	EndProjectSection
EndProject
Project("{8BC9CEB8-8B4A-11D0-8D11-00A0C91BC942}") = "WFMO_Reactor_Directory_Changes_Static", "WFMO_Reactor_Directory_Changes_Static.vcproj", "{75C3F101-FECA-1BAD-701A-2E51E119A3DD}"
	ProjectSection(ProjectDependencies) = postProject
	EndProjectSection
EndProject
Project("{8BC9CEB8-8B4A-11D0-8D11-00A0C91BC942}") = "WFMO_Reactor_Exceptions_Static", "WFMO_Reactor_Exceptions_Static.vcproj", "{E2D5219D-FECA-1BAD-701A-2E51E119A3DD}"
	ProjectSection(ProjectDependencies) = postProject
	EndProjectSection
EndProject
Project("{8BC9CEB8-8B4A-11D0-8D11-00A0C91BC942}") = "WFMO_Reactor_Handle_Close_Static", "WFMO_Reactor_Handle_Close_Static.vcproj", "{EC0136B9-FECA-1BAD-701A-2E51E119A3DD}"
	ProjectSection(ProjectDependencies) = postProject
	EndProjectSection
EndProject
Project("{8BC9CEB8-8B4A-11D0-8D11-00A0C91BC942}") = "WFMO_Reactor_Multithreading_Static", "WFMO_Reactor_Multithreading_Static.vcproj", "{7885850F-FECA-1BAD-701A-2E51E119A3DD}"
	ProjectSection(ProjectDependencies) = postProject
	EndProjectSection
EndProject
Project("{8BC9CEB8-8B4A-11D0-8D11-00A0C91BC942}") = "WFMO_Reactor_Network_Events_Static", "WFMO_Reactor_Network_Events_Static.vcproj", "{AA9AB39A-FECA-1BAD-701A-2E51E119A3DD}"
	ProjectSection(ProjectDependencies) = postProject
	EndProjectSection
EndProject
Project("{8BC9CEB8-8B4A-11D0-8D11-00A0C91BC942}") = "WFMO_Reactor_Prerun_State_Changes_Static", "WFMO_Reactor_Prerun_State_Changes_Static.vcproj", "{1D2FC125-FECA-1BAD-701A-2E51E119A3DD}"
	ProjectSection(ProjectDependencies) = postProject
	EndProjectSection
EndProject
Project("{8BC9CEB8-8B4A-11D0-8D11-00A0C91BC942}") = "WFMO_Reactor_Registration_Static", "WFMO_Reactor_Registration_Static.vcproj", "{BBE2C49A-FECA-1BAD-701A-2E51E119A3DD}"
	ProjectSection(ProjectDependencies) = postProject
	EndProjectSection
EndProject
Project("{8BC9CEB8-8B4A-11D0-8D11-00A0C91BC942}") = "WFMO_Reactor_Registry_Changes_Static", "WFMO_Reactor_Registry_Changes_Static.vcproj", "{B3158C76-FECA-1BAD-701A-2E51E119A3DD}"
	ProjectSection(ProjectDependencies) = postProject
	EndProjectSection
EndProject
Project("{8BC9CEB8-8B4A-11D0-8D11-00A0C91BC942}") = "WFMO_Reactor_Removals_Static", "WFMO_Reactor_Removals_Static.vcproj", "{7FA0CDB3-FECA-1BAD-701A-2E51E119A3DD}"
	ProjectSection(ProjectDependencies) = postProject
	EndProjectSection
EndProject
Project("{8BC9CEB8-8B4A-11D0-8D11-00A0C91BC942}") = "WFMO_Reactor_Suspended_Removals_Static", "WFMO_Reactor_Suspended_Removals_Static.vcproj", "{B482D341-FECA-1BAD-701A-2E51E119A3DD}"
	ProjectSection(ProjectDependencies) = postProject
	EndProjectSection
EndProject
Project("{8BC9CEB8-8B4A-11D0-8D11-00A0C91BC942}") = "WFMO_Reactor_Talker_Static", "WFMO_Reactor_Talker_Static.vcproj", "{3F70363F-FECA-1BAD-701A-2E51E119A3DD}"
	ProjectSection(ProjectDependencies) = postProject
	EndProjectSection
EndProject
Project("{8BC9CEB8-8B4A-11D0-8D11-00A0C91BC942}") = "WFMO_Reactor_Timeouts_Static", "WFMO_Reactor_Timeouts_Static.vcproj", "{FFCCC636-FECA-1BAD-701A-2E51E119A3DD}"
	ProjectSection(ProjectDependencies) = postProject
	EndProjectSection
EndProject
Project("{8BC9CEB8-8B4A-11D0-8D11-00A0C91BC942}") = "WFMO_Reactor_Window_Messages_Static", "WFMO_Reactor_Window_Messages_Static.vcproj", "{0917DD9C-FECA-1BAD-701A-2E51E119A3DD}"
	ProjectSection(ProjectDependencies) = postProject
	EndProjectSection
EndProject
Global
	GlobalSection(SolutionConfiguration) = preSolution
		Debug = Debug
		Release = Release
	EndGlobalSection
	GlobalSection(ProjectConfiguration) = postSolution
		{6DD04FA5-FECA-1BAD-701A-2E51E119A3DD}.Debug.ActiveCfg = Debug|Win32
		{6DD04FA5-FECA-1BAD-701A-2E51E119A3DD}.Debug.Build.0 = Debug|Win32
		{6DD04FA5-FECA-1BAD-701A-2E51E119A3DD}.Release.ActiveCfg = Release|Win32
		{6DD04FA5-FECA-1BAD-701A-2E51E119A3DD}.Release.Build.0 = Release|Win32
		{3BD5A030-FECA-1BAD-701A-2E51E119A3DD}.Debug.ActiveCfg = Debug|Win32
		{3BD5A030-FECA-1BAD-701A-2E51E119A3DD}.Debug.Build.0 = Debug|Win32
		{3BD5A030-FECA-1BAD-701A-2E51E119A3DD}.Release.ActiveCfg = Release|Win32
		{3BD5A030-FECA-1BAD-701A-2E51E119A3DD}.Release.Build.0 = Release|Win32
		{111DFC89-FECA-1BAD-701A-2E51E119A3DD}.Debug.ActiveCfg = Debug|Win32
		{111DFC89-FECA-1BAD-701A-2E51E119A3DD}.Debug.Build.0 = Debug|Win32
		{111DFC89-FECA-1BAD-701A-2E51E119A3DD}.Release.ActiveCfg = Release|Win32
		{111DFC89-FECA-1BAD-701A-2E51E119A3DD}.Release.Build.0 = Release|Win32
		{75C3F101-FECA-1BAD-701A-2E51E119A3DD}.Debug.ActiveCfg = Debug|Win32
		{75C3F101-FECA-1BAD-701A-2E51E119A3DD}.Debug.Build.0 = Debug|Win32
		{75C3F101-FECA-1BAD-701A-2E51E119A3DD}.Release.ActiveCfg = Release|Win32
		{75C3F101-FECA-1BAD-701A-2E51E119A3DD}.Release.Build.0 = Release|Win32
		{E2D5219D-FECA-1BAD-701A-2E51E119A3DD}.Debug.ActiveCfg = Debug|Win32
		{E2D5219D-FECA-1BAD-701A-2E51E119A3DD}.Debug.Build.0 = Debug|Win32
		{E2D5219D-FECA-1BAD-701A-2E51E119A3DD}.Release.ActiveCfg = Release|Win32
		{E2D5219D-FECA-1BAD-701A-2E51E119A3DD}.Release.Build.0 = Release|Win32
		{EC0136B9-FECA-1BAD-701A-2E51E119A3DD}.Debug.ActiveCfg = Debug|Win32
		{EC0136B9-FECA-1BAD-701A-2E51E119A3DD}.Debug.Build.0 = Debug|Win32
		{EC0136B9-FECA-1BAD-701A-2E51E119A3DD}.Release.ActiveCfg = Release|Win32
		{EC0136B9-FECA-1BAD-701A-2E51E119A3DD}.Release.Build.0 = Release|Win32
		{7885850F-FECA-1BAD-701A-2E51E119A3DD}.Debug.ActiveCfg = Debug|Win32
		{7885850F-FECA-1BAD-701A-2E51E119A3DD}.Debug.Build.0 = Debug|Win32
		{7885850F-FECA-1BAD-701A-2E51E119A3DD}.Release.ActiveCfg = Release|Win32
		{7885850F-FECA-1BAD-701A-2E51E119A3DD}.Release.Build.0 = Release|Win32
		{AA9AB39A-FECA-1BAD-701A-2E51E119A3DD}.Debug.ActiveCfg = Debug|Win32
		{AA9AB39A-FECA-1BAD-701A-2E51E119A3DD}.Debug.Build.0 = Debug|Win32
		{AA9AB39A-FECA-1BAD-701A-2E51E119A3DD}.Release.ActiveCfg = Release|Win32
		{AA9AB39A-FECA-1BAD-701A-2E51E119A3DD}.Release.Build.0 = Release|Win32
		{1D2FC125-FECA-1BAD-701A-2E51E119A3DD}.Debug.ActiveCfg = Debug|Win32
		{1D2FC125-FECA-1BAD-701A-2E51E119A3DD}.Debug.Build.0 = Debug|Win32
		{1D2FC125-FECA-1BAD-701A-2E51E119A3DD}.Release.ActiveCfg = Release|Win32
		{1D2FC125-FECA-1BAD-701A-2E51E119A3DD}.Release.Build.0 = Release|Win32
		{BBE2C49A-FECA-1BAD-701A-2E51E119A3DD}.Debug.ActiveCfg = Debug|Win32
		{BBE2C49A-FECA-1BAD-701A-2E51E119A3DD}.Debug.Build.0 = Debug|Win32
		{BBE2C49A-FECA-1BAD-701A-2E51E119A3DD}.Release.ActiveCfg = Release|Win32
		{BBE2C49A-FECA-1BAD-701A-2E51E119A3DD}.Release.Build.0 = Release|Win32
		{B3158C76-FECA-1BAD-701A-2E51E119A3DD}.Debug.ActiveCfg = Debug|Win32
		{B3158C76-FECA-1BAD-701A-2E51E119A3DD}.Debug.Build.0 = Debug|Win32
		{B3158C76-FECA-1BAD-701A-2E51E119A3DD}.Release.ActiveCfg = Release|Win32
		{B3158C76-FECA-1BAD-701A-2E51E119A3DD}.Release.Build.0 = Release|Win32
		{7FA0CDB3-FECA-1BAD-701A-2E51E119A3DD}.Debug.ActiveCfg = Debug|Win32
		{7FA0CDB3-FECA-1BAD-701A-2E51E119A3DD}.Debug.Build.0 = Debug|Win32
		{7FA0CDB3-FECA-1BAD-701A-2E51E119A3DD}.Release.ActiveCfg = Release|Win32
		{7FA0CDB3-FECA-1BAD-701A-2E51E119A3DD}.Release.Build.0 = Release|Win32
		{B482D341-FECA-1BAD-701A-2E51E119A3DD}.Debug.ActiveCfg = Debug|Win32
		{B482D341-FECA-1BAD-701A-2E51E119A3DD}.Debug.Build.0 = Debug|Win32
		{B482D341-FECA-1BAD-701A-2E51E119A3DD}.Release.ActiveCfg = Release|Win32
		{B482D341-FECA-1BAD-701A-2E51E119A3DD}.Release.Build.0 = Release|Win32
		{3F70363F-FECA-1BAD-701A-2E51E119A3DD}.Debug.ActiveCfg = Debug|Win32
		{3F70363F-FECA-1BAD-701A-2E51E119A3DD}.Debug.Build.0 = Debug|Win32
		{3F70363F-FECA-1BAD-701A-2E51E119A3DD}.Release.ActiveCfg = Release|Win32
		{3F70363F-FECA-1BAD-701A-2E51E119A3DD}.Release.Build.0 = Release|Win32
		{FFCCC636-FECA-1BAD-701A-2E51E119A3DD}.Debug.ActiveCfg = Debug|Win32
		{FFCCC636-FECA-1BAD-701A-2E51E119A3DD}.Debug.Build.0 = Debug|Win32
		{FFCCC636-FECA-1BAD-701A-2E51E119A3DD}.Release.ActiveCfg = Release|Win32
		{FFCCC636-FECA-1BAD-701A-2E51E119A3DD}.Release.Build.0 = Release|Win32
		{0917DD9C-FECA-1BAD-701A-2E51E119A3DD}.Debug.ActiveCfg = Debug|Win32
		{0917DD9C-FECA-1BAD-701A-2E51E119A3DD}.Debug.Build.0 = Debug|Win32
		{0917DD9C-FECA-1BAD-701A-2E51E119A3DD}.Release.ActiveCfg = Release|Win32
		{0917DD9C-FECA-1BAD-701A-2E51E119A3DD}.Release.Build.0 = Release|Win32
	EndGlobalSection
	GlobalSection(ExtensibilityGlobals) = postSolution
	EndGlobalSection
	GlobalSection(ExtensibilityAddIns) = postSolution
	EndGlobalSection
EndGlobal
