Microsoft Visual Studio Solution File, Format Version 8.00
#
# VC71WorkspaceCreator.pm,v 1.4 2004/03/15 16:04:13 elliott_c Exp
#
# This file was generated by MPC.  Any changes made directly to
# this file will be lost the next time it is generated.
#
# MPC Command:
# bin/mwc.pl -include /tmp/ACE_wrappers_stage-3315/ACE_wrappers/MPC/config -include /tmp/ACE_wrappers_stage-3315/ACE_wrappers/MPC/templates -type vc71 -recurse -hierarchy -relative ACE_ROOT=/tmp/ACE_wrappers_stage-3315/ACE_wrappers -exclude TAO/TAOACE.mwc,TAO/CIAO/CIAOTAO.mwc
Project("{8BC9CEB8-8B4A-11D0-8D11-00A0C91BC942}") = "Change_Instance_Default", "Change_Instance_Default.vcproj", "{D9ED2D34-FECA-1BAD-1F85-E0F2AC4342C9}"
	ProjectSection(ProjectDependencies) = postProject
	EndProjectSection
EndProject
Project("{8BC9CEB8-8B4A-11D0-8D11-00A0C91BC942}") = "Change_Mask", "Change_Mask.vcproj", "{E114CBA1-FECA-1BAD-1F85-E0F2AC4342C9}"
	ProjectSection(ProjectDependencies) = postProject
	EndProjectSection
EndProject
Project("{8BC9CEB8-8B4A-11D0-8D11-00A0C91BC942}") = "Howto_Syslog", "Howto_Syslog.vcproj", "{73A0DFB3-FECA-1BAD-1F85-E0F2AC4342C9}"
	ProjectSection(ProjectDependencies) = postProject
	EndProjectSection
EndProject
Project("{8BC9CEB8-8B4A-11D0-8D11-00A0C91BC942}") = "Simple1", "Simple1.vcproj", "{3C5BD23C-FECA-1BAD-1F85-E0F2AC4342C9}"
	ProjectSection(ProjectDependencies) = postProject
	EndProjectSection
EndProject
Project("{8BC9CEB8-8B4A-11D0-8D11-00A0C91BC942}") = "Simple2", "Simple2.vcproj", "{0C5BD23C-FECA-1BAD-1F85-E0F2AC4342C9}"
	ProjectSection(ProjectDependencies) = postProject
	EndProjectSection
EndProject
Project("{8BC9CEB8-8B4A-11D0-8D11-00A0C91BC942}") = "Trace_Return", "Trace_Return.vcproj", "{99A004F9-FECA-1BAD-1F85-E0F2AC4342C9}"
	ProjectSection(ProjectDependencies) = postProject
	EndProjectSection
EndProject
Project("{8BC9CEB8-8B4A-11D0-8D11-00A0C91BC942}") = "Use_Callback", "Use_Callback.vcproj", "{2C7E82BF-FECA-1BAD-1F85-E0F2AC4342C9}"
	ProjectSection(ProjectDependencies) = postProject
	EndProjectSection
EndProject
Project("{8BC9CEB8-8B4A-11D0-8D11-00A0C91BC942}") = "Use_Callback2", "Use_Callback2.vcproj", "{5EAB16C9-FECA-1BAD-1F85-E0F2AC4342C9}"
	ProjectSection(ProjectDependencies) = postProject
	EndProjectSection
EndProject
Project("{8BC9CEB8-8B4A-11D0-8D11-00A0C91BC942}") = "Use_LogManager", "Use_LogManager.vcproj", "{9AE1A332-FECA-1BAD-1F85-E0F2AC4342C9}"
	ProjectSection(ProjectDependencies) = postProject
	EndProjectSection
EndProject
Project("{8BC9CEB8-8B4A-11D0-8D11-00A0C91BC942}") = "Use_Logger", "Use_Logger.vcproj", "{59BEE5DA-FECA-1BAD-1F85-E0F2AC4342C9}"
	ProjectSection(ProjectDependencies) = postProject
	EndProjectSection
EndProject
Project("{8BC9CEB8-8B4A-11D0-8D11-00A0C91BC942}") = "Use_Logging_Server", "Use_Logging_Server.vcproj", "{DB1BC0D5-FECA-1BAD-1F85-E0F2AC4342C9}"
	ProjectSection(ProjectDependencies) = postProject
	EndProjectSection
EndProject
Project("{8BC9CEB8-8B4A-11D0-8D11-00A0C91BC942}") = "Use_Logging_Strategy", "Use_Logging_Strategy.vcproj", "{A7A15B78-FECA-1BAD-1F85-E0F2AC4342C9}"
	ProjectSection(ProjectDependencies) = postProject
	EndProjectSection
EndProject
Project("{8BC9CEB8-8B4A-11D0-8D11-00A0C91BC942}") = "Use_Multiple_Sinks", "Use_Multiple_Sinks.vcproj", "{23B4106A-FECA-1BAD-1F85-E0F2AC4342C9}"
	ProjectSection(ProjectDependencies) = postProject
	EndProjectSection
EndProject
Project("{8BC9CEB8-8B4A-11D0-8D11-00A0C91BC942}") = "Use_Ostream", "Use_Ostream.vcproj", "{F2804588-FECA-1BAD-1F85-E0F2AC4342C9}"
	ProjectSection(ProjectDependencies) = postProject
	EndProjectSection
EndProject
Project("{8BC9CEB8-8B4A-11D0-8D11-00A0C91BC942}") = "Use_Stderr", "Use_Stderr.vcproj", "{59A056ED-FECA-1BAD-1F85-E0F2AC4342C9}"
	ProjectSection(ProjectDependencies) = postProject
	EndProjectSection
EndProject
Project("{8BC9CEB8-8B4A-11D0-8D11-00A0C91BC942}") = "Use_Syslog", "Use_Syslog.vcproj", "{09A09161-FECA-1BAD-1F85-E0F2AC4342C9}"
	ProjectSection(ProjectDependencies) = postProject
	EndProjectSection
EndProject
Project("{8BC9CEB8-8B4A-11D0-8D11-00A0C91BC942}") = "Wrap_Macros", "Wrap_Macros.vcproj", "{7CBF05D6-FECA-1BAD-1F85-E0F2AC4342C9}"
	ProjectSection(ProjectDependencies) = postProject
	EndProjectSection
EndProject
Project("{8BC9CEB8-8B4A-11D0-8D11-00A0C91BC942}") = "Wrap_Macros_Alt", "Wrap_Macros_Alt.vcproj", "{18487A5A-FECA-1BAD-1F85-E0F2AC4342C9}"
	ProjectSection(ProjectDependencies) = postProject
	EndProjectSection
EndProject
Global
	GlobalSection(SolutionConfiguration) = preSolution
		Debug = Debug
		Release = Release
	EndGlobalSection
	GlobalSection(ProjectConfiguration) = postSolution
		{D9ED2D34-FECA-1BAD-1F85-E0F2AC4342C9}.Debug.ActiveCfg = Debug|Win32
		{D9ED2D34-FECA-1BAD-1F85-E0F2AC4342C9}.Debug.Build.0 = Debug|Win32
		{D9ED2D34-FECA-1BAD-1F85-E0F2AC4342C9}.Release.ActiveCfg = Release|Win32
		{D9ED2D34-FECA-1BAD-1F85-E0F2AC4342C9}.Release.Build.0 = Release|Win32
		{E114CBA1-FECA-1BAD-1F85-E0F2AC4342C9}.Debug.ActiveCfg = Debug|Win32
		{E114CBA1-FECA-1BAD-1F85-E0F2AC4342C9}.Debug.Build.0 = Debug|Win32
		{E114CBA1-FECA-1BAD-1F85-E0F2AC4342C9}.Release.ActiveCfg = Release|Win32
		{E114CBA1-FECA-1BAD-1F85-E0F2AC4342C9}.Release.Build.0 = Release|Win32
		{73A0DFB3-FECA-1BAD-1F85-E0F2AC4342C9}.Debug.ActiveCfg = Debug|Win32
		{73A0DFB3-FECA-1BAD-1F85-E0F2AC4342C9}.Debug.Build.0 = Debug|Win32
		{73A0DFB3-FECA-1BAD-1F85-E0F2AC4342C9}.Release.ActiveCfg = Release|Win32
		{73A0DFB3-FECA-1BAD-1F85-E0F2AC4342C9}.Release.Build.0 = Release|Win32
		{3C5BD23C-FECA-1BAD-1F85-E0F2AC4342C9}.Debug.ActiveCfg = Debug|Win32
		{3C5BD23C-FECA-1BAD-1F85-E0F2AC4342C9}.Debug.Build.0 = Debug|Win32
		{3C5BD23C-FECA-1BAD-1F85-E0F2AC4342C9}.Release.ActiveCfg = Release|Win32
		{3C5BD23C-FECA-1BAD-1F85-E0F2AC4342C9}.Release.Build.0 = Release|Win32
		{0C5BD23C-FECA-1BAD-1F85-E0F2AC4342C9}.Debug.ActiveCfg = Debug|Win32
		{0C5BD23C-FECA-1BAD-1F85-E0F2AC4342C9}.Debug.Build.0 = Debug|Win32
		{0C5BD23C-FECA-1BAD-1F85-E0F2AC4342C9}.Release.ActiveCfg = Release|Win32
		{0C5BD23C-FECA-1BAD-1F85-E0F2AC4342C9}.Release.Build.0 = Release|Win32
		{99A004F9-FECA-1BAD-1F85-E0F2AC4342C9}.Debug.ActiveCfg = Debug|Win32
		{99A004F9-FECA-1BAD-1F85-E0F2AC4342C9}.Debug.Build.0 = Debug|Win32
		{99A004F9-FECA-1BAD-1F85-E0F2AC4342C9}.Release.ActiveCfg = Release|Win32
		{99A004F9-FECA-1BAD-1F85-E0F2AC4342C9}.Release.Build.0 = Release|Win32
		{2C7E82BF-FECA-1BAD-1F85-E0F2AC4342C9}.Debug.ActiveCfg = Debug|Win32
		{2C7E82BF-FECA-1BAD-1F85-E0F2AC4342C9}.Debug.Build.0 = Debug|Win32
		{2C7E82BF-FECA-1BAD-1F85-E0F2AC4342C9}.Release.ActiveCfg = Release|Win32
		{2C7E82BF-FECA-1BAD-1F85-E0F2AC4342C9}.Release.Build.0 = Release|Win32
		{5EAB16C9-FECA-1BAD-1F85-E0F2AC4342C9}.Debug.ActiveCfg = Debug|Win32
		{5EAB16C9-FECA-1BAD-1F85-E0F2AC4342C9}.Debug.Build.0 = Debug|Win32
		{5EAB16C9-FECA-1BAD-1F85-E0F2AC4342C9}.Release.ActiveCfg = Release|Win32
		{5EAB16C9-FECA-1BAD-1F85-E0F2AC4342C9}.Release.Build.0 = Release|Win32
		{9AE1A332-FECA-1BAD-1F85-E0F2AC4342C9}.Debug.ActiveCfg = Debug|Win32
		{9AE1A332-FECA-1BAD-1F85-E0F2AC4342C9}.Debug.Build.0 = Debug|Win32
		{9AE1A332-FECA-1BAD-1F85-E0F2AC4342C9}.Release.ActiveCfg = Release|Win32
		{9AE1A332-FECA-1BAD-1F85-E0F2AC4342C9}.Release.Build.0 = Release|Win32
		{59BEE5DA-FECA-1BAD-1F85-E0F2AC4342C9}.Debug.ActiveCfg = Debug|Win32
		{59BEE5DA-FECA-1BAD-1F85-E0F2AC4342C9}.Debug.Build.0 = Debug|Win32
		{59BEE5DA-FECA-1BAD-1F85-E0F2AC4342C9}.Release.ActiveCfg = Release|Win32
		{59BEE5DA-FECA-1BAD-1F85-E0F2AC4342C9}.Release.Build.0 = Release|Win32
		{DB1BC0D5-FECA-1BAD-1F85-E0F2AC4342C9}.Debug.ActiveCfg = Debug|Win32
		{DB1BC0D5-FECA-1BAD-1F85-E0F2AC4342C9}.Debug.Build.0 = Debug|Win32
		{DB1BC0D5-FECA-1BAD-1F85-E0F2AC4342C9}.Release.ActiveCfg = Release|Win32
		{DB1BC0D5-FECA-1BAD-1F85-E0F2AC4342C9}.Release.Build.0 = Release|Win32
		{A7A15B78-FECA-1BAD-1F85-E0F2AC4342C9}.Debug.ActiveCfg = Debug|Win32
		{A7A15B78-FECA-1BAD-1F85-E0F2AC4342C9}.Debug.Build.0 = Debug|Win32
		{A7A15B78-FECA-1BAD-1F85-E0F2AC4342C9}.Release.ActiveCfg = Release|Win32
		{A7A15B78-FECA-1BAD-1F85-E0F2AC4342C9}.Release.Build.0 = Release|Win32
		{23B4106A-FECA-1BAD-1F85-E0F2AC4342C9}.Debug.ActiveCfg = Debug|Win32
		{23B4106A-FECA-1BAD-1F85-E0F2AC4342C9}.Debug.Build.0 = Debug|Win32
		{23B4106A-FECA-1BAD-1F85-E0F2AC4342C9}.Release.ActiveCfg = Release|Win32
		{23B4106A-FECA-1BAD-1F85-E0F2AC4342C9}.Release.Build.0 = Release|Win32
		{F2804588-FECA-1BAD-1F85-E0F2AC4342C9}.Debug.ActiveCfg = Debug|Win32
		{F2804588-FECA-1BAD-1F85-E0F2AC4342C9}.Debug.Build.0 = Debug|Win32
		{F2804588-FECA-1BAD-1F85-E0F2AC4342C9}.Release.ActiveCfg = Release|Win32
		{F2804588-FECA-1BAD-1F85-E0F2AC4342C9}.Release.Build.0 = Release|Win32
		{59A056ED-FECA-1BAD-1F85-E0F2AC4342C9}.Debug.ActiveCfg = Debug|Win32
		{59A056ED-FECA-1BAD-1F85-E0F2AC4342C9}.Debug.Build.0 = Debug|Win32
		{59A056ED-FECA-1BAD-1F85-E0F2AC4342C9}.Release.ActiveCfg = Release|Win32
		{59A056ED-FECA-1BAD-1F85-E0F2AC4342C9}.Release.Build.0 = Release|Win32
		{09A09161-FECA-1BAD-1F85-E0F2AC4342C9}.Debug.ActiveCfg = Debug|Win32
		{09A09161-FECA-1BAD-1F85-E0F2AC4342C9}.Debug.Build.0 = Debug|Win32
		{09A09161-FECA-1BAD-1F85-E0F2AC4342C9}.Release.ActiveCfg = Release|Win32
		{09A09161-FECA-1BAD-1F85-E0F2AC4342C9}.Release.Build.0 = Release|Win32
		{7CBF05D6-FECA-1BAD-1F85-E0F2AC4342C9}.Debug.ActiveCfg = Debug|Win32
		{7CBF05D6-FECA-1BAD-1F85-E0F2AC4342C9}.Debug.Build.0 = Debug|Win32
		{7CBF05D6-FECA-1BAD-1F85-E0F2AC4342C9}.Release.ActiveCfg = Release|Win32
		{7CBF05D6-FECA-1BAD-1F85-E0F2AC4342C9}.Release.Build.0 = Release|Win32
		{18487A5A-FECA-1BAD-1F85-E0F2AC4342C9}.Debug.ActiveCfg = Debug|Win32
		{18487A5A-FECA-1BAD-1F85-E0F2AC4342C9}.Debug.Build.0 = Debug|Win32
		{18487A5A-FECA-1BAD-1F85-E0F2AC4342C9}.Release.ActiveCfg = Release|Win32
		{18487A5A-FECA-1BAD-1F85-E0F2AC4342C9}.Release.Build.0 = Release|Win32
	EndGlobalSection
	GlobalSection(ExtensibilityGlobals) = postSolution
	EndGlobalSection
	GlobalSection(ExtensibilityAddIns) = postSolution
	EndGlobalSection
EndGlobal
