Microsoft Visual Studio Solution File, Format Version 8.00
#
# VC71WorkspaceCreator.pm,v 1.4 2004/03/15 16:04:13 elliott_c Exp
#
# This file was generated by MPC.  Any changes made directly to
# this file will be lost the next time it is generated.
#
# MPC Command:
# bin/mwc.pl -include /tmp/ACE_wrappers_stage-3315/ACE_wrappers/MPC/config -include /tmp/ACE_wrappers_stage-3315/ACE_wrappers/MPC/templates -type vc71 -recurse -hierarchy -relative ACE_ROOT=/tmp/ACE_wrappers_stage-3315/ACE_wrappers -exclude TAO/TAOACE.mwc,TAO/CIAO/CIAOTAO.mwc
Project("{8BC9CEB8-8B4A-11D0-8D11-00A0C91BC942}") = "blobby", "clients\Blobby\blobby.vcproj", "{B960DDDF-FECA-1BAD-945B-8C29A210A57B}"
	ProjectSection(ProjectDependencies) = postProject
	EndProjectSection
EndProject
Project("{8BC9CEB8-8B4A-11D0-8D11-00A0C91BC942}") = "http_client", "clients\Caching\http_client.vcproj", "{5C91DD50-FECA-1BAD-EF85-EF1620D6FDAD}"
	ProjectSection(ProjectDependencies) = postProject
	EndProjectSection
EndProject
Project("{8BC9CEB8-8B4A-11D0-8D11-00A0C91BC942}") = "JAWS", "server\JAWS.vcproj", "{19043AD8-FECA-1BAD-5020-8D31B8529293}"
	ProjectSection(ProjectDependencies) = postProject
	EndProjectSection
EndProject
Project("{8BC9CEB8-8B4A-11D0-8D11-00A0C91BC942}") = "JAWS_server", "server\JAWS_server.vcproj", "{2F81557C-FECA-1BAD-5020-8D31B8529293}"
	ProjectSection(ProjectDependencies) = postProject
		{19043AD8-FECA-1BAD-5020-8D31B8529293} = {19043AD8-FECA-1BAD-5020-8D31B8529293}
	EndProjectSection
EndProject
Global
	GlobalSection(SolutionConfiguration) = preSolution
		Debug = Debug
		Release = Release
	EndGlobalSection
	GlobalSection(ProjectConfiguration) = postSolution
		{B960DDDF-FECA-1BAD-945B-8C29A210A57B}.Debug.ActiveCfg = Debug|Win32
		{B960DDDF-FECA-1BAD-945B-8C29A210A57B}.Debug.Build.0 = Debug|Win32
		{B960DDDF-FECA-1BAD-945B-8C29A210A57B}.Release.ActiveCfg = Release|Win32
		{B960DDDF-FECA-1BAD-945B-8C29A210A57B}.Release.Build.0 = Release|Win32
		{5C91DD50-FECA-1BAD-EF85-EF1620D6FDAD}.Debug.ActiveCfg = Debug|Win32
		{5C91DD50-FECA-1BAD-EF85-EF1620D6FDAD}.Debug.Build.0 = Debug|Win32
		{5C91DD50-FECA-1BAD-EF85-EF1620D6FDAD}.Release.ActiveCfg = Release|Win32
		{5C91DD50-FECA-1BAD-EF85-EF1620D6FDAD}.Release.Build.0 = Release|Win32
		{19043AD8-FECA-1BAD-5020-8D31B8529293}.Debug.ActiveCfg = Debug|Win32
		{19043AD8-FECA-1BAD-5020-8D31B8529293}.Debug.Build.0 = Debug|Win32
		{19043AD8-FECA-1BAD-5020-8D31B8529293}.Release.ActiveCfg = Release|Win32
		{19043AD8-FECA-1BAD-5020-8D31B8529293}.Release.Build.0 = Release|Win32
		{2F81557C-FECA-1BAD-5020-8D31B8529293}.Debug.ActiveCfg = Debug|Win32
		{2F81557C-FECA-1BAD-5020-8D31B8529293}.Debug.Build.0 = Debug|Win32
		{2F81557C-FECA-1BAD-5020-8D31B8529293}.Release.ActiveCfg = Release|Win32
		{2F81557C-FECA-1BAD-5020-8D31B8529293}.Release.Build.0 = Release|Win32
	EndGlobalSection
	GlobalSection(ExtensibilityGlobals) = postSolution
	EndGlobalSection
	GlobalSection(ExtensibilityAddIns) = postSolution
	EndGlobalSection
EndGlobal
