Microsoft Visual Studio Solution File, Format Version 8.00
#
# VC71WorkspaceCreator.pm,v 1.4 2004/03/15 16:04:13 elliott_c Exp
#
# This file was generated by MPC.  Any changes made directly to
# this file will be lost the next time it is generated.
#
# MPC Command:
# bin/mwc.pl -include /tmp/ACE_wrappers_stage-3315/ACE_wrappers/MPC/config -include /tmp/ACE_wrappers_stage-3315/ACE_wrappers/MPC/templates -type vc71 -recurse -hierarchy -relative ACE_ROOT=/tmp/ACE_wrappers_stage-3315/ACE_wrappers -exclude TAO/TAOACE.mwc,TAO/CIAO/CIAOTAO.mwc
Project("{8BC9CEB8-8B4A-11D0-8D11-00A0C91BC942}") = "Client", "Client.vcproj", "{6941DBA3-FECA-1BAD-4280-FE54B2E51FCC}"
	ProjectSection(ProjectDependencies) = postProject
	EndProjectSection
EndProject
Project("{8BC9CEB8-8B4A-11D0-8D11-00A0C91BC942}") = "HAStatus", "HAStatus.vcproj", "{554052A8-FECA-1BAD-4280-FE54B2E51FCC}"
	ProjectSection(ProjectDependencies) = postProject
	EndProjectSection
EndProject
Project("{8BC9CEB8-8B4A-11D0-8D11-00A0C91BC942}") = "HAStatus_AC", "HAStatus_AC.vcproj", "{5B6756EB-FECA-1BAD-4280-FE54B2E51FCC}"
	ProjectSection(ProjectDependencies) = postProject
	EndProjectSection
EndProject
Project("{8BC9CEB8-8B4A-11D0-8D11-00A0C91BC942}") = "Reactor_Timers", "Reactor_Timers.vcproj", "{9EF2B8FD-FECA-1BAD-4280-FE54B2E51FCC}"
	ProjectSection(ProjectDependencies) = postProject
	EndProjectSection
EndProject
Project("{8BC9CEB8-8B4A-11D0-8D11-00A0C91BC942}") = "Reschedule", "Reschedule.vcproj", "{5C5A47F4-FECA-1BAD-4280-FE54B2E51FCC}"
	ProjectSection(ProjectDependencies) = postProject
	EndProjectSection
EndProject
Project("{8BC9CEB8-8B4A-11D0-8D11-00A0C91BC942}") = "Schedule_Timers", "Schedule_Timers.vcproj", "{BCF36C8C-FECA-1BAD-4280-FE54B2E51FCC}"
	ProjectSection(ProjectDependencies) = postProject
	EndProjectSection
EndProject
Project("{8BC9CEB8-8B4A-11D0-8D11-00A0C91BC942}") = "Timer_Cancel", "Timer_Cancel.vcproj", "{CEB15E32-FECA-1BAD-4280-FE54B2E51FCC}"
	ProjectSection(ProjectDependencies) = postProject
	EndProjectSection
EndProject
Project("{8BC9CEB8-8B4A-11D0-8D11-00A0C91BC942}") = "Timer_State_Data", "Timer_State_Data.vcproj", "{4DDFE15C-FECA-1BAD-4280-FE54B2E51FCC}"
	ProjectSection(ProjectDependencies) = postProject
	EndProjectSection
EndProject
Global
	GlobalSection(SolutionConfiguration) = preSolution
		Debug = Debug
		Release = Release
	EndGlobalSection
	GlobalSection(ProjectConfiguration) = postSolution
		{6941DBA3-FECA-1BAD-4280-FE54B2E51FCC}.Debug.ActiveCfg = Debug|Win32
		{6941DBA3-FECA-1BAD-4280-FE54B2E51FCC}.Debug.Build.0 = Debug|Win32
		{6941DBA3-FECA-1BAD-4280-FE54B2E51FCC}.Release.ActiveCfg = Release|Win32
		{6941DBA3-FECA-1BAD-4280-FE54B2E51FCC}.Release.Build.0 = Release|Win32
		{554052A8-FECA-1BAD-4280-FE54B2E51FCC}.Debug.ActiveCfg = Debug|Win32
		{554052A8-FECA-1BAD-4280-FE54B2E51FCC}.Debug.Build.0 = Debug|Win32
		{554052A8-FECA-1BAD-4280-FE54B2E51FCC}.Release.ActiveCfg = Release|Win32
		{554052A8-FECA-1BAD-4280-FE54B2E51FCC}.Release.Build.0 = Release|Win32
		{5B6756EB-FECA-1BAD-4280-FE54B2E51FCC}.Debug.ActiveCfg = Debug|Win32
		{5B6756EB-FECA-1BAD-4280-FE54B2E51FCC}.Debug.Build.0 = Debug|Win32
		{5B6756EB-FECA-1BAD-4280-FE54B2E51FCC}.Release.ActiveCfg = Release|Win32
		{5B6756EB-FECA-1BAD-4280-FE54B2E51FCC}.Release.Build.0 = Release|Win32
		{9EF2B8FD-FECA-1BAD-4280-FE54B2E51FCC}.Debug.ActiveCfg = Debug|Win32
		{9EF2B8FD-FECA-1BAD-4280-FE54B2E51FCC}.Debug.Build.0 = Debug|Win32
		{9EF2B8FD-FECA-1BAD-4280-FE54B2E51FCC}.Release.ActiveCfg = Release|Win32
		{9EF2B8FD-FECA-1BAD-4280-FE54B2E51FCC}.Release.Build.0 = Release|Win32
		{5C5A47F4-FECA-1BAD-4280-FE54B2E51FCC}.Debug.ActiveCfg = Debug|Win32
		{5C5A47F4-FECA-1BAD-4280-FE54B2E51FCC}.Debug.Build.0 = Debug|Win32
		{5C5A47F4-FECA-1BAD-4280-FE54B2E51FCC}.Release.ActiveCfg = Release|Win32
		{5C5A47F4-FECA-1BAD-4280-FE54B2E51FCC}.Release.Build.0 = Release|Win32
		{BCF36C8C-FECA-1BAD-4280-FE54B2E51FCC}.Debug.ActiveCfg = Debug|Win32
		{BCF36C8C-FECA-1BAD-4280-FE54B2E51FCC}.Debug.Build.0 = Debug|Win32
		{BCF36C8C-FECA-1BAD-4280-FE54B2E51FCC}.Release.ActiveCfg = Release|Win32
		{BCF36C8C-FECA-1BAD-4280-FE54B2E51FCC}.Release.Build.0 = Release|Win32
		{CEB15E32-FECA-1BAD-4280-FE54B2E51FCC}.Debug.ActiveCfg = Debug|Win32
		{CEB15E32-FECA-1BAD-4280-FE54B2E51FCC}.Debug.Build.0 = Debug|Win32
		{CEB15E32-FECA-1BAD-4280-FE54B2E51FCC}.Release.ActiveCfg = Release|Win32
		{CEB15E32-FECA-1BAD-4280-FE54B2E51FCC}.Release.Build.0 = Release|Win32
		{4DDFE15C-FECA-1BAD-4280-FE54B2E51FCC}.Debug.ActiveCfg = Debug|Win32
		{4DDFE15C-FECA-1BAD-4280-FE54B2E51FCC}.Debug.Build.0 = Debug|Win32
		{4DDFE15C-FECA-1BAD-4280-FE54B2E51FCC}.Release.ActiveCfg = Release|Win32
		{4DDFE15C-FECA-1BAD-4280-FE54B2E51FCC}.Release.Build.0 = Release|Win32
	EndGlobalSection
	GlobalSection(ExtensibilityGlobals) = postSolution
	EndGlobalSection
	GlobalSection(ExtensibilityAddIns) = postSolution
	EndGlobalSection
EndGlobal
