Microsoft Visual Studio Solution File, Format Version 8.00
#
# VC71WorkspaceCreator.pm,v 1.4 2004/03/15 16:04:13 elliott_c Exp
#
# This file was generated by MPC.  Any changes made directly to
# this file will be lost the next time it is generated.
#
# MPC Command:
# bin/mwc.pl -include /tmp/ACE_wrappers_stage-3315/ACE_wrappers/MPC/config -include /tmp/ACE_wrappers_stage-3315/ACE_wrappers/MPC/templates -type vc71 -recurse -hierarchy -relative ACE_ROOT=/tmp/ACE_wrappers_stage-3315/ACE_wrappers -exclude TAO/TAOACE.mwc,TAO/CIAO/CIAOTAO.mwc
Project("{8BC9CEB8-8B4A-11D0-8D11-00A0C91BC942}") = "Svc_Cfg_IPC_Client_Bcast", "client\Svc_Cfg_IPC_Client_Bcast.vcproj", "{B85F3153-FECA-1BAD-DD12-8A695DFF4FCA}"
	ProjectSection(ProjectDependencies) = postProject
	EndProjectSection
EndProject
Project("{8BC9CEB8-8B4A-11D0-8D11-00A0C91BC942}") = "Svc_Cfg_IPC_Client_Loc_Dgram", "client\Svc_Cfg_IPC_Client_Loc_Dgram.vcproj", "{50C28586-FECA-1BAD-DD12-8A695DFF4FCA}"
	ProjectSection(ProjectDependencies) = postProject
	EndProjectSection
EndProject
Project("{8BC9CEB8-8B4A-11D0-8D11-00A0C91BC942}") = "Svc_Cfg_IPC_Client_Loc_Fifo", "client\Svc_Cfg_IPC_Client_Loc_Fifo.vcproj", "{6398197F-FECA-1BAD-DD12-8A695DFF4FCA}"
	ProjectSection(ProjectDependencies) = postProject
	EndProjectSection
EndProject
Project("{8BC9CEB8-8B4A-11D0-8D11-00A0C91BC942}") = "Svc_Cfg_IPC_Client_Loc_Pipe", "client\Svc_Cfg_IPC_Client_Loc_Pipe.vcproj", "{C3980F69-FECA-1BAD-DD12-8A695DFF4FCA}"
	ProjectSection(ProjectDependencies) = postProject
	EndProjectSection
EndProject
Project("{8BC9CEB8-8B4A-11D0-8D11-00A0C91BC942}") = "Svc_Cfg_IPC_Client_Loc_Spipe", "client\Svc_Cfg_IPC_Client_Loc_Spipe.vcproj", "{D0C3E327-FECA-1BAD-DD12-8A695DFF4FCA}"
	ProjectSection(ProjectDependencies) = postProject
	EndProjectSection
EndProject
Project("{8BC9CEB8-8B4A-11D0-8D11-00A0C91BC942}") = "Svc_Cfg_IPC_Client_Loc_Stream", "client\Svc_Cfg_IPC_Client_Loc_Stream.vcproj", "{657D5517-FECA-1BAD-DD12-8A695DFF4FCA}"
	ProjectSection(ProjectDependencies) = postProject
	EndProjectSection
EndProject
Project("{8BC9CEB8-8B4A-11D0-8D11-00A0C91BC942}") = "Svc_Cfg_IPC_Client_Rem_Dgram", "client\Svc_Cfg_IPC_Client_Rem_Dgram.vcproj", "{BA228587-FECA-1BAD-DD12-8A695DFF4FCA}"
	ProjectSection(ProjectDependencies) = postProject
	EndProjectSection
EndProject
Project("{8BC9CEB8-8B4A-11D0-8D11-00A0C91BC942}") = "Svc_Cfg_IPC_Client_Rem_Stream", "client\Svc_Cfg_IPC_Client_Rem_Stream.vcproj", "{CB7D5509-FECA-1BAD-DD12-8A695DFF4FCA}"
	ProjectSection(ProjectDependencies) = postProject
	EndProjectSection
EndProject
Project("{8BC9CEB8-8B4A-11D0-8D11-00A0C91BC942}") = "Svc_Cfg_IPC_Client_Rem_Svc_Dir", "client\Svc_Cfg_IPC_Client_Rem_Svc_Dir.vcproj", "{2E9545F7-FECA-1BAD-DD12-8A695DFF4FCA}"
	ProjectSection(ProjectDependencies) = postProject
	EndProjectSection
EndProject
Project("{8BC9CEB8-8B4A-11D0-8D11-00A0C91BC942}") = "Svc_Cfg_IPC_Client_Rem_Thr_Stream", "client\Svc_Cfg_IPC_Client_Rem_Thr_Stream.vcproj", "{1B0472D2-FECA-1BAD-DD12-8A695DFF4FCA}"
	ProjectSection(ProjectDependencies) = postProject
	EndProjectSection
EndProject
Project("{8BC9CEB8-8B4A-11D0-8D11-00A0C91BC942}") = "Svc_Cfg_IPC_Server_Lib", "server\Svc_Cfg_IPC_Server_Lib.vcproj", "{2EEE4F25-FECA-1BAD-7EA4-8B615CF7EC7C}"
	ProjectSection(ProjectDependencies) = postProject
	EndProjectSection
EndProject
Project("{8BC9CEB8-8B4A-11D0-8D11-00A0C91BC942}") = "Svc_Cfg_IPC_Server_Test", "server\Svc_Cfg_IPC_Server_Test.vcproj", "{17A7D7BC-FECA-1BAD-7EA4-8B615CF7EC7C}"
	ProjectSection(ProjectDependencies) = postProject
		{2EEE4F25-FECA-1BAD-7EA4-8B615CF7EC7C} = {2EEE4F25-FECA-1BAD-7EA4-8B615CF7EC7C}
	EndProjectSection
EndProject
Global
	GlobalSection(SolutionConfiguration) = preSolution
		Debug = Debug
		Release = Release
	EndGlobalSection
	GlobalSection(ProjectConfiguration) = postSolution
		{B85F3153-FECA-1BAD-DD12-8A695DFF4FCA}.Debug.ActiveCfg = Debug|Win32
		{B85F3153-FECA-1BAD-DD12-8A695DFF4FCA}.Debug.Build.0 = Debug|Win32
		{B85F3153-FECA-1BAD-DD12-8A695DFF4FCA}.Release.ActiveCfg = Release|Win32
		{B85F3153-FECA-1BAD-DD12-8A695DFF4FCA}.Release.Build.0 = Release|Win32
		{50C28586-FECA-1BAD-DD12-8A695DFF4FCA}.Debug.ActiveCfg = Debug|Win32
		{50C28586-FECA-1BAD-DD12-8A695DFF4FCA}.Debug.Build.0 = Debug|Win32
		{50C28586-FECA-1BAD-DD12-8A695DFF4FCA}.Release.ActiveCfg = Release|Win32
		{50C28586-FECA-1BAD-DD12-8A695DFF4FCA}.Release.Build.0 = Release|Win32
		{6398197F-FECA-1BAD-DD12-8A695DFF4FCA}.Debug.ActiveCfg = Debug|Win32
		{6398197F-FECA-1BAD-DD12-8A695DFF4FCA}.Debug.Build.0 = Debug|Win32
		{6398197F-FECA-1BAD-DD12-8A695DFF4FCA}.Release.ActiveCfg = Release|Win32
		{6398197F-FECA-1BAD-DD12-8A695DFF4FCA}.Release.Build.0 = Release|Win32
		{C3980F69-FECA-1BAD-DD12-8A695DFF4FCA}.Debug.ActiveCfg = Debug|Win32
		{C3980F69-FECA-1BAD-DD12-8A695DFF4FCA}.Debug.Build.0 = Debug|Win32
		{C3980F69-FECA-1BAD-DD12-8A695DFF4FCA}.Release.ActiveCfg = Release|Win32
		{C3980F69-FECA-1BAD-DD12-8A695DFF4FCA}.Release.Build.0 = Release|Win32
		{D0C3E327-FECA-1BAD-DD12-8A695DFF4FCA}.Debug.ActiveCfg = Debug|Win32
		{D0C3E327-FECA-1BAD-DD12-8A695DFF4FCA}.Debug.Build.0 = Debug|Win32
		{D0C3E327-FECA-1BAD-DD12-8A695DFF4FCA}.Release.ActiveCfg = Release|Win32
		{D0C3E327-FECA-1BAD-DD12-8A695DFF4FCA}.Release.Build.0 = Release|Win32
		{657D5517-FECA-1BAD-DD12-8A695DFF4FCA}.Debug.ActiveCfg = Debug|Win32
		{657D5517-FECA-1BAD-DD12-8A695DFF4FCA}.Debug.Build.0 = Debug|Win32
		{657D5517-FECA-1BAD-DD12-8A695DFF4FCA}.Release.ActiveCfg = Release|Win32
		{657D5517-FECA-1BAD-DD12-8A695DFF4FCA}.Release.Build.0 = Release|Win32
		{BA228587-FECA-1BAD-DD12-8A695DFF4FCA}.Debug.ActiveCfg = Debug|Win32
		{BA228587-FECA-1BAD-DD12-8A695DFF4FCA}.Debug.Build.0 = Debug|Win32
		{BA228587-FECA-1BAD-DD12-8A695DFF4FCA}.Release.ActiveCfg = Release|Win32
		{BA228587-FECA-1BAD-DD12-8A695DFF4FCA}.Release.Build.0 = Release|Win32
		{CB7D5509-FECA-1BAD-DD12-8A695DFF4FCA}.Debug.ActiveCfg = Debug|Win32
		{CB7D5509-FECA-1BAD-DD12-8A695DFF4FCA}.Debug.Build.0 = Debug|Win32
		{CB7D5509-FECA-1BAD-DD12-8A695DFF4FCA}.Release.ActiveCfg = Release|Win32
		{CB7D5509-FECA-1BAD-DD12-8A695DFF4FCA}.Release.Build.0 = Release|Win32
		{2E9545F7-FECA-1BAD-DD12-8A695DFF4FCA}.Debug.ActiveCfg = Debug|Win32
		{2E9545F7-FECA-1BAD-DD12-8A695DFF4FCA}.Debug.Build.0 = Debug|Win32
		{2E9545F7-FECA-1BAD-DD12-8A695DFF4FCA}.Release.ActiveCfg = Release|Win32
		{2E9545F7-FECA-1BAD-DD12-8A695DFF4FCA}.Release.Build.0 = Release|Win32
		{1B0472D2-FECA-1BAD-DD12-8A695DFF4FCA}.Debug.ActiveCfg = Debug|Win32
		{1B0472D2-FECA-1BAD-DD12-8A695DFF4FCA}.Debug.Build.0 = Debug|Win32
		{1B0472D2-FECA-1BAD-DD12-8A695DFF4FCA}.Release.ActiveCfg = Release|Win32
		{1B0472D2-FECA-1BAD-DD12-8A695DFF4FCA}.Release.Build.0 = Release|Win32
		{2EEE4F25-FECA-1BAD-7EA4-8B615CF7EC7C}.Debug.ActiveCfg = Debug|Win32
		{2EEE4F25-FECA-1BAD-7EA4-8B615CF7EC7C}.Debug.Build.0 = Debug|Win32
		{2EEE4F25-FECA-1BAD-7EA4-8B615CF7EC7C}.Release.ActiveCfg = Release|Win32
		{2EEE4F25-FECA-1BAD-7EA4-8B615CF7EC7C}.Release.Build.0 = Release|Win32
		{17A7D7BC-FECA-1BAD-7EA4-8B615CF7EC7C}.Debug.ActiveCfg = Debug|Win32
		{17A7D7BC-FECA-1BAD-7EA4-8B615CF7EC7C}.Debug.Build.0 = Debug|Win32
		{17A7D7BC-FECA-1BAD-7EA4-8B615CF7EC7C}.Release.ActiveCfg = Release|Win32
		{17A7D7BC-FECA-1BAD-7EA4-8B615CF7EC7C}.Release.Build.0 = Release|Win32
	EndGlobalSection
	GlobalSection(ExtensibilityGlobals) = postSolution
	EndGlobalSection
	GlobalSection(ExtensibilityAddIns) = postSolution
	EndGlobalSection
EndGlobal
