Microsoft Visual Studio Solution File, Format Version 8.00
#
# VC71WorkspaceCreator.pm,v 1.4 2004/03/15 16:04:13 elliott_c Exp
#
# This file was generated by MPC.  Any changes made directly to
# this file will be lost the next time it is generated.
#
# MPC Command:
# bin/mwc.pl -include /tmp/ACE_wrappers_stage-3315/ACE_wrappers/MPC/config -include /tmp/ACE_wrappers_stage-3315/ACE_wrappers/MPC/templates -type vc71 -static -name_modifier *_Static -apply_project -exclude TAO/CIAO,TAO/TAOACE.mwc -recurse -hierarchy -relative ACE_ROOT=/tmp/ACE_wrappers_stage-3315/ACE_wrappers
Project("{8BC9CEB8-8B4A-11D0-8D11-00A0C91BC942}") = "Gateway_Static", "Gateway\Gateway\Gateway_Static.vcproj", "{75E13094-FECA-1BAD-216B-EB017CF3A002}"
	ProjectSection(ProjectDependencies) = postProject
	EndProjectSection
EndProject
Project("{8BC9CEB8-8B4A-11D0-8D11-00A0C91BC942}") = "gatewayd_Static", "Gateway\Gateway\gatewayd_Static.vcproj", "{EEB670A3-FECA-1BAD-216B-EB017CF3A002}"
	ProjectSection(ProjectDependencies) = postProject
	EndProjectSection
EndProject
Project("{8BC9CEB8-8B4A-11D0-8D11-00A0C91BC942}") = "blobby_Static", "JAWS\clients\Blobby\blobby_Static.vcproj", "{45A61821-FECA-1BAD-945B-8C29A210A57B}"
	ProjectSection(ProjectDependencies) = postProject
	EndProjectSection
EndProject
Project("{8BC9CEB8-8B4A-11D0-8D11-00A0C91BC942}") = "http_client_Static", "JAWS\clients\Caching\http_client_Static.vcproj", "{BBF90829-FECA-1BAD-EF85-EF1620D6FDAD}"
	ProjectSection(ProjectDependencies) = postProject
	EndProjectSection
EndProject
Project("{8BC9CEB8-8B4A-11D0-8D11-00A0C91BC942}") = "JAWS_Static", "JAWS\server\JAWS_Static.vcproj", "{3FA05651-FECA-1BAD-5020-8D31B8529293}"
	ProjectSection(ProjectDependencies) = postProject
	EndProjectSection
EndProject
Project("{8BC9CEB8-8B4A-11D0-8D11-00A0C91BC942}") = "JAWS_server_Static", "JAWS\server\JAWS_server_Static.vcproj", "{7CC800AB-FECA-1BAD-5020-8D31B8529293}"
	ProjectSection(ProjectDependencies) = postProject
	EndProjectSection
EndProject
Project("{8BC9CEB8-8B4A-11D0-8D11-00A0C91BC942}") = "JAWS3_Static", "JAWS3\jaws3\JAWS3_Static.vcproj", "{1FA01CF7-FECA-1BAD-6001-8A0FA19CA2B2}"
	ProjectSection(ProjectDependencies) = postProject
	EndProjectSection
EndProject
Project("{8BC9CEB8-8B4A-11D0-8D11-00A0C91BC942}") = "JAWS3_server_Static", "JAWS3\jaws3\JAWS3_server_Static.vcproj", "{1EC80401-FECA-1BAD-6001-8A0FA19CA2B2}"
	ProjectSection(ProjectDependencies) = postProject
	EndProjectSection
EndProject
Project("{8BC9CEB8-8B4A-11D0-8D11-00A0C91BC942}") = "gperf_Static", "gperf\src\gperf_Static.vcproj", "{5AA032D7-FECA-1BAD-6244-8A0391E484AF}"
	ProjectSection(ProjectDependencies) = postProject
	EndProjectSection
EndProject
Project("{8BC9CEB8-8B4A-11D0-8D11-00A0C91BC942}") = "adainset_Static", "gperf\tests\adainset_Static.vcproj", "{3ED22D20-FECA-1BAD-2431-8A11E482C8A2}"
	ProjectSection(ProjectDependencies) = postProject
	EndProjectSection
EndProject
Project("{8BC9CEB8-8B4A-11D0-8D11-00A0C91BC942}") = "cinset_Static", "gperf\tests\cinset_Static.vcproj", "{38A60D20-FECA-1BAD-2431-8A11E482C8A2}"
	ProjectSection(ProjectDependencies) = postProject
	EndProjectSection
EndProject
Project("{8BC9CEB8-8B4A-11D0-8D11-00A0C91BC942}") = "cppinset_Static", "gperf\tests\cppinset_Static.vcproj", "{3EE73D20-FECA-1BAD-2431-8A11E482C8A2}"
	ProjectSection(ProjectDependencies) = postProject
	EndProjectSection
EndProject
Project("{8BC9CEB8-8B4A-11D0-8D11-00A0C91BC942}") = "iinset2_Static", "gperf\tests\iinset2_Static.vcproj", "{6ECFABE7-FECA-1BAD-2431-8A11E482C8A2}"
	ProjectSection(ProjectDependencies) = postProject
	EndProjectSection
EndProject
Project("{8BC9CEB8-8B4A-11D0-8D11-00A0C91BC942}") = "iinset_Static", "gperf\tests\iinset_Static.vcproj", "{38A6AD20-FECA-1BAD-2431-8A11E482C8A2}"
	ProjectSection(ProjectDependencies) = postProject
	EndProjectSection
EndProject
Project("{8BC9CEB8-8B4A-11D0-8D11-00A0C91BC942}") = "m3inset_Static", "gperf\tests\m3inset_Static.vcproj", "{38CE0D20-FECA-1BAD-2431-8A11E482C8A2}"
	ProjectSection(ProjectDependencies) = postProject
	EndProjectSection
EndProject
Project("{8BC9CEB8-8B4A-11D0-8D11-00A0C91BC942}") = "pinset_Static", "gperf\tests\pinset_Static.vcproj", "{38A73D20-FECA-1BAD-2431-8A11E482C8A2}"
	ProjectSection(ProjectDependencies) = postProject
	EndProjectSection
EndProject
Project("{8BC9CEB8-8B4A-11D0-8D11-00A0C91BC942}") = "preinset_Static", "gperf\tests\preinset_Static.vcproj", "{3FD46D20-FECA-1BAD-2431-8A11E482C8A2}"
	ProjectSection(ProjectDependencies) = postProject
	EndProjectSection
EndProject
Project("{8BC9CEB8-8B4A-11D0-8D11-00A0C91BC942}") = "taoinset_Static", "gperf\tests\taoinset_Static.vcproj", "{3F87CD20-FECA-1BAD-2431-8A11E482C8A2}"
	ProjectSection(ProjectDependencies) = postProject
	EndProjectSection
EndProject
Project("{8BC9CEB8-8B4A-11D0-8D11-00A0C91BC942}") = "tinset_Static", "gperf\tests\tinset_Static.vcproj", "{38A77D20-FECA-1BAD-2431-8A11E482C8A2}"
	ProjectSection(ProjectDependencies) = postProject
	EndProjectSection
EndProject
Project("{8BC9CEB8-8B4A-11D0-8D11-00A0C91BC942}") = "mkcsregdb_Static", "mkcsregdb\mkcsregdb_Static.vcproj", "{55741684-FECA-1BAD-314B-5E2727E431C5}"
	ProjectSection(ProjectDependencies) = postProject
	EndProjectSection
EndProject
Project("{8BC9CEB8-8B4A-11D0-8D11-00A0C91BC942}") = "soreduce_Static", "soreduce\soreduce_Static.vcproj", "{4EF81186-FECA-1BAD-3350-D2209779335A}"
	ProjectSection(ProjectDependencies) = postProject
	EndProjectSection
EndProject
Global
	GlobalSection(SolutionConfiguration) = preSolution
		Debug = Debug
		Release = Release
	EndGlobalSection
	GlobalSection(ProjectConfiguration) = postSolution
		{75E13094-FECA-1BAD-216B-EB017CF3A002}.Debug.ActiveCfg = Debug|Win32
		{75E13094-FECA-1BAD-216B-EB017CF3A002}.Debug.Build.0 = Debug|Win32
		{75E13094-FECA-1BAD-216B-EB017CF3A002}.Release.ActiveCfg = Release|Win32
		{75E13094-FECA-1BAD-216B-EB017CF3A002}.Release.Build.0 = Release|Win32
		{EEB670A3-FECA-1BAD-216B-EB017CF3A002}.Debug.ActiveCfg = Debug|Win32
		{EEB670A3-FECA-1BAD-216B-EB017CF3A002}.Debug.Build.0 = Debug|Win32
		{EEB670A3-FECA-1BAD-216B-EB017CF3A002}.Release.ActiveCfg = Release|Win32
		{EEB670A3-FECA-1BAD-216B-EB017CF3A002}.Release.Build.0 = Release|Win32
		{45A61821-FECA-1BAD-945B-8C29A210A57B}.Debug.ActiveCfg = Debug|Win32
		{45A61821-FECA-1BAD-945B-8C29A210A57B}.Debug.Build.0 = Debug|Win32
		{45A61821-FECA-1BAD-945B-8C29A210A57B}.Release.ActiveCfg = Release|Win32
		{45A61821-FECA-1BAD-945B-8C29A210A57B}.Release.Build.0 = Release|Win32
		{BBF90829-FECA-1BAD-EF85-EF1620D6FDAD}.Debug.ActiveCfg = Debug|Win32
		{BBF90829-FECA-1BAD-EF85-EF1620D6FDAD}.Debug.Build.0 = Debug|Win32
		{BBF90829-FECA-1BAD-EF85-EF1620D6FDAD}.Release.ActiveCfg = Release|Win32
		{BBF90829-FECA-1BAD-EF85-EF1620D6FDAD}.Release.Build.0 = Release|Win32
		{3FA05651-FECA-1BAD-5020-8D31B8529293}.Debug.ActiveCfg = Debug|Win32
		{3FA05651-FECA-1BAD-5020-8D31B8529293}.Debug.Build.0 = Debug|Win32
		{3FA05651-FECA-1BAD-5020-8D31B8529293}.Release.ActiveCfg = Release|Win32
		{3FA05651-FECA-1BAD-5020-8D31B8529293}.Release.Build.0 = Release|Win32
		{7CC800AB-FECA-1BAD-5020-8D31B8529293}.Debug.ActiveCfg = Debug|Win32
		{7CC800AB-FECA-1BAD-5020-8D31B8529293}.Debug.Build.0 = Debug|Win32
		{7CC800AB-FECA-1BAD-5020-8D31B8529293}.Release.ActiveCfg = Release|Win32
		{7CC800AB-FECA-1BAD-5020-8D31B8529293}.Release.Build.0 = Release|Win32
		{1FA01CF7-FECA-1BAD-6001-8A0FA19CA2B2}.Debug.ActiveCfg = Debug|Win32
		{1FA01CF7-FECA-1BAD-6001-8A0FA19CA2B2}.Debug.Build.0 = Debug|Win32
		{1FA01CF7-FECA-1BAD-6001-8A0FA19CA2B2}.Release.ActiveCfg = Release|Win32
		{1FA01CF7-FECA-1BAD-6001-8A0FA19CA2B2}.Release.Build.0 = Release|Win32
		{1EC80401-FECA-1BAD-6001-8A0FA19CA2B2}.Debug.ActiveCfg = Debug|Win32
		{1EC80401-FECA-1BAD-6001-8A0FA19CA2B2}.Debug.Build.0 = Debug|Win32
		{1EC80401-FECA-1BAD-6001-8A0FA19CA2B2}.Release.ActiveCfg = Release|Win32
		{1EC80401-FECA-1BAD-6001-8A0FA19CA2B2}.Release.Build.0 = Release|Win32
		{5AA032D7-FECA-1BAD-6244-8A0391E484AF}.Debug.ActiveCfg = Debug|Win32
		{5AA032D7-FECA-1BAD-6244-8A0391E484AF}.Debug.Build.0 = Debug|Win32
		{5AA032D7-FECA-1BAD-6244-8A0391E484AF}.Release.ActiveCfg = Release|Win32
		{5AA032D7-FECA-1BAD-6244-8A0391E484AF}.Release.Build.0 = Release|Win32
		{3ED22D20-FECA-1BAD-2431-8A11E482C8A2}.Debug.ActiveCfg = Debug|Win32
		{3ED22D20-FECA-1BAD-2431-8A11E482C8A2}.Debug.Build.0 = Debug|Win32
		{3ED22D20-FECA-1BAD-2431-8A11E482C8A2}.Release.ActiveCfg = Release|Win32
		{3ED22D20-FECA-1BAD-2431-8A11E482C8A2}.Release.Build.0 = Release|Win32
		{38A60D20-FECA-1BAD-2431-8A11E482C8A2}.Debug.ActiveCfg = Debug|Win32
		{38A60D20-FECA-1BAD-2431-8A11E482C8A2}.Debug.Build.0 = Debug|Win32
		{38A60D20-FECA-1BAD-2431-8A11E482C8A2}.Release.ActiveCfg = Release|Win32
		{38A60D20-FECA-1BAD-2431-8A11E482C8A2}.Release.Build.0 = Release|Win32
		{3EE73D20-FECA-1BAD-2431-8A11E482C8A2}.Debug.ActiveCfg = Debug|Win32
		{3EE73D20-FECA-1BAD-2431-8A11E482C8A2}.Debug.Build.0 = Debug|Win32
		{3EE73D20-FECA-1BAD-2431-8A11E482C8A2}.Release.ActiveCfg = Release|Win32
		{3EE73D20-FECA-1BAD-2431-8A11E482C8A2}.Release.Build.0 = Release|Win32
		{6ECFABE7-FECA-1BAD-2431-8A11E482C8A2}.Debug.ActiveCfg = Debug|Win32
		{6ECFABE7-FECA-1BAD-2431-8A11E482C8A2}.Debug.Build.0 = Debug|Win32
		{6ECFABE7-FECA-1BAD-2431-8A11E482C8A2}.Release.ActiveCfg = Release|Win32
		{6ECFABE7-FECA-1BAD-2431-8A11E482C8A2}.Release.Build.0 = Release|Win32
		{38A6AD20-FECA-1BAD-2431-8A11E482C8A2}.Debug.ActiveCfg = Debug|Win32
		{38A6AD20-FECA-1BAD-2431-8A11E482C8A2}.Debug.Build.0 = Debug|Win32
		{38A6AD20-FECA-1BAD-2431-8A11E482C8A2}.Release.ActiveCfg = Release|Win32
		{38A6AD20-FECA-1BAD-2431-8A11E482C8A2}.Release.Build.0 = Release|Win32
		{38CE0D20-FECA-1BAD-2431-8A11E482C8A2}.Debug.ActiveCfg = Debug|Win32
		{38CE0D20-FECA-1BAD-2431-8A11E482C8A2}.Debug.Build.0 = Debug|Win32
		{38CE0D20-FECA-1BAD-2431-8A11E482C8A2}.Release.ActiveCfg = Release|Win32
		{38CE0D20-FECA-1BAD-2431-8A11E482C8A2}.Release.Build.0 = Release|Win32
		{38A73D20-FECA-1BAD-2431-8A11E482C8A2}.Debug.ActiveCfg = Debug|Win32
		{38A73D20-FECA-1BAD-2431-8A11E482C8A2}.Debug.Build.0 = Debug|Win32
		{38A73D20-FECA-1BAD-2431-8A11E482C8A2}.Release.ActiveCfg = Release|Win32
		{38A73D20-FECA-1BAD-2431-8A11E482C8A2}.Release.Build.0 = Release|Win32
		{3FD46D20-FECA-1BAD-2431-8A11E482C8A2}.Debug.ActiveCfg = Debug|Win32
		{3FD46D20-FECA-1BAD-2431-8A11E482C8A2}.Debug.Build.0 = Debug|Win32
		{3FD46D20-FECA-1BAD-2431-8A11E482C8A2}.Release.ActiveCfg = Release|Win32
		{3FD46D20-FECA-1BAD-2431-8A11E482C8A2}.Release.Build.0 = Release|Win32
		{3F87CD20-FECA-1BAD-2431-8A11E482C8A2}.Debug.ActiveCfg = Debug|Win32
		{3F87CD20-FECA-1BAD-2431-8A11E482C8A2}.Debug.Build.0 = Debug|Win32
		{3F87CD20-FECA-1BAD-2431-8A11E482C8A2}.Release.ActiveCfg = Release|Win32
		{3F87CD20-FECA-1BAD-2431-8A11E482C8A2}.Release.Build.0 = Release|Win32
		{38A77D20-FECA-1BAD-2431-8A11E482C8A2}.Debug.ActiveCfg = Debug|Win32
		{38A77D20-FECA-1BAD-2431-8A11E482C8A2}.Debug.Build.0 = Debug|Win32
		{38A77D20-FECA-1BAD-2431-8A11E482C8A2}.Release.ActiveCfg = Release|Win32
		{38A77D20-FECA-1BAD-2431-8A11E482C8A2}.Release.Build.0 = Release|Win32
		{55741684-FECA-1BAD-314B-5E2727E431C5}.Debug.ActiveCfg = Debug|Win32
		{55741684-FECA-1BAD-314B-5E2727E431C5}.Debug.Build.0 = Debug|Win32
		{55741684-FECA-1BAD-314B-5E2727E431C5}.Release.ActiveCfg = Release|Win32
		{55741684-FECA-1BAD-314B-5E2727E431C5}.Release.Build.0 = Release|Win32
		{4EF81186-FECA-1BAD-3350-D2209779335A}.Debug.ActiveCfg = Debug|Win32
		{4EF81186-FECA-1BAD-3350-D2209779335A}.Debug.Build.0 = Debug|Win32
		{4EF81186-FECA-1BAD-3350-D2209779335A}.Release.ActiveCfg = Release|Win32
		{4EF81186-FECA-1BAD-3350-D2209779335A}.Release.Build.0 = Release|Win32
	EndGlobalSection
	GlobalSection(ExtensibilityGlobals) = postSolution
	EndGlobalSection
	GlobalSection(ExtensibilityAddIns) = postSolution
	EndGlobalSection
EndGlobal
