Microsoft Visual Studio Solution File, Format Version 8.00
#
# VC71WorkspaceCreator.pm,v 1.4 2004/03/15 16:04:13 elliott_c Exp
#
# This file was generated by MPC.  Any changes made directly to
# this file will be lost the next time it is generated.
#
# MPC Command:
# bin/mwc.pl -include /tmp/ACE_wrappers_stage-3315/ACE_wrappers/MPC/config -include /tmp/ACE_wrappers_stage-3315/ACE_wrappers/MPC/templates -type vc71 -recurse -hierarchy -relative ACE_ROOT=/tmp/ACE_wrappers_stage-3315/ACE_wrappers -exclude TAO/TAOACE.mwc,TAO/CIAO/CIAOTAO.mwc
Project("{8BC9CEB8-8B4A-11D0-8D11-00A0C91BC942}") = "Export_Lib", "Export_Lib.vcproj", "{FF816F77-FECA-1BAD-6856-8E4C25BFD939}"
	ProjectSection(ProjectDependencies) = postProject
	EndProjectSection
EndProject
Project("{8BC9CEB8-8B4A-11D0-8D11-00A0C91BC942}") = "Export_Test", "Export_Test.vcproj", "{0155D291-FECA-1BAD-6856-8E4C25BFD939}"
	ProjectSection(ProjectDependencies) = postProject
		{FF816F77-FECA-1BAD-6856-8E4C25BFD939} = {FF816F77-FECA-1BAD-6856-8E4C25BFD939}
	EndProjectSection
EndProject
Global
	GlobalSection(SolutionConfiguration) = preSolution
		Debug = Debug
		Release = Release
	EndGlobalSection
	GlobalSection(ProjectConfiguration) = postSolution
		{FF816F77-FECA-1BAD-6856-8E4C25BFD939}.Debug.ActiveCfg = Debug|Win32
		{FF816F77-FECA-1BAD-6856-8E4C25BFD939}.Debug.Build.0 = Debug|Win32
		{FF816F77-FECA-1BAD-6856-8E4C25BFD939}.Release.ActiveCfg = Release|Win32
		{FF816F77-FECA-1BAD-6856-8E4C25BFD939}.Release.Build.0 = Release|Win32
		{0155D291-FECA-1BAD-6856-8E4C25BFD939}.Debug.ActiveCfg = Debug|Win32
		{0155D291-FECA-1BAD-6856-8E4C25BFD939}.Debug.Build.0 = Debug|Win32
		{0155D291-FECA-1BAD-6856-8E4C25BFD939}.Release.ActiveCfg = Release|Win32
		{0155D291-FECA-1BAD-6856-8E4C25BFD939}.Release.Build.0 = Release|Win32
	EndGlobalSection
	GlobalSection(ExtensibilityGlobals) = postSolution
	EndGlobalSection
	GlobalSection(ExtensibilityAddIns) = postSolution
	EndGlobalSection
EndGlobal
